{
  "format_version": "1.2",
  "terraform_version": "1.14.4",
  "variables": {
    "admin_ip": {
      "value": "0.0.0.0/0"
    },
    "app_instance_count": {
      "value": 2
    },
    "instance_type": {
      "value": "t2.micro"
    },
    "region": {
      "value": "us-east-1"
    },
    "vpc_cidr": {
      "value": "10.1.0.0/16"
    },
    "vpc_name": {
      "value": "coalfire-vpc"
    }
  },
  "planned_values": {
    "outputs": {
      "apache_url": {
        "sensitive": false
      },
      "docker_2048_url": {
        "sensitive": false
      }
    },
    "root_module": {
      "resources": [
        {
          "address": "aws_key_pair.deployer_key",
          "mode": "managed",
          "type": "aws_key_pair",
          "name": "deployer_key",
          "provider_name": "registry.terraform.io/hashicorp/aws",
          "schema_version": 1,
          "values": {
            "tags": null
          },
          "sensitive_values": {
            "tags_all": {}
          }
        },
        {
          "address": "aws_lb_target_group_attachment.app[0]",
          "mode": "managed",
          "type": "aws_lb_target_group_attachment",
          "name": "app",
          "index": 0,
          "provider_name": "registry.terraform.io/hashicorp/aws",
          "schema_version": 0,
          "values": {
            "availability_zone": null,
            "port": 80
          },
          "sensitive_values": {}
        },
        {
          "address": "aws_lb_target_group_attachment.app[1]",
          "mode": "managed",
          "type": "aws_lb_target_group_attachment",
          "name": "app",
          "index": 1,
          "provider_name": "registry.terraform.io/hashicorp/aws",
          "schema_version": 0,
          "values": {
            "availability_zone": null,
            "port": 80
          },
          "sensitive_values": {}
        },
        {
          "address": "aws_lb_target_group_attachment.docker[0]",
          "mode": "managed",
          "type": "aws_lb_target_group_attachment",
          "name": "docker",
          "index": 0,
          "provider_name": "registry.terraform.io/hashicorp/aws",
          "schema_version": 0,
          "values": {
            "availability_zone": null,
            "port": 8080
          },
          "sensitive_values": {}
        },
        {
          "address": "aws_lb_target_group_attachment.docker[1]",
          "mode": "managed",
          "type": "aws_lb_target_group_attachment",
          "name": "docker",
          "index": 1,
          "provider_name": "registry.terraform.io/hashicorp/aws",
          "schema_version": 0,
          "values": {
            "availability_zone": null,
            "port": 8080
          },
          "sensitive_values": {}
        },
        {
          "address": "local_file.private_key_pem",
          "mode": "managed",
          "type": "local_file",
          "name": "private_key_pem",
          "provider_name": "registry.terraform.io/hashicorp/local",
          "schema_version": 0,
          "values": {
            "content_base64": null,
            "directory_permission": "0777",
            "file_permission": "0600",
            "filename": "./ian-key.pem",
            "sensitive_content": null,
            "source": null
          },
          "sensitive_values": {
            "content": true,
            "sensitive_content": true
          }
        },
        {
          "address": "tls_private_key.generated_key",
          "mode": "managed",
          "type": "tls_private_key",
          "name": "generated_key",
          "provider_name": "registry.terraform.io/hashicorp/tls",
          "schema_version": 1,
          "values": {
            "algorithm": "RSA",
            "ecdsa_curve": "P224",
            "rsa_bits": 4096
          },
          "sensitive_values": {
            "private_key_openssh": true,
            "private_key_pem": true,
            "private_key_pem_pkcs8": true
          }
        }
      ],
      "child_modules": [
        {
          "resources": [
            {
              "address": "module.app_alb.aws_lb.this[0]",
              "mode": "managed",
              "type": "aws_lb",
              "name": "this",
              "index": 0,
              "provider_name": "registry.terraform.io/hashicorp/aws",
              "schema_version": 0,
              "values": {
                "access_logs": [],
                "client_keep_alive": 3600,
                "connection_logs": [],
                "customer_owned_ipv4_pool": null,
                "desync_mitigation_mode": "defensive",
                "dns_record_client_routing_policy": null,
                "drop_invalid_header_fields": true,
                "enable_cross_zone_load_balancing": null,
                "enable_deletion_protection": true,
                "enable_http2": true,
                "enable_tls_version_and_cipher_suite_headers": false,
                "enable_waf_fail_open": false,
                "enable_xff_client_port": false,
                "enable_zonal_shift": false,
                "idle_timeout": 60,
                "ipam_pools": [],
                "load_balancer_type": "application",
                "minimum_load_balancer_capacity": [],
                "name": "coalfire-vpc-alb",
                "preserve_host_header": false,
                "tags": {
                  "terraform-aws-modules": "alb"
                },
                "tags_all": {
                  "terraform-aws-modules": "alb"
                },
                "timeouts": {
                  "create": null,
                  "delete": null,
                  "update": null
                },
                "xff_header_processing_mode": "append"
              },
              "sensitive_values": {
                "access_logs": [],
                "connection_logs": [],
                "ipam_pools": [],
                "minimum_load_balancer_capacity": [],
                "security_groups": [],
                "subnet_mapping": [],
                "subnets": [],
                "tags": {},
                "tags_all": {},
                "timeouts": {}
              }
            },
            {
              "address": "module.app_alb.aws_lb_listener.this[\"http\"]",
              "mode": "managed",
              "type": "aws_lb_listener",
              "name": "this",
              "index": "http",
              "provider_name": "registry.terraform.io/hashicorp/aws",
              "schema_version": 0,
              "values": {
                "alpn_policy": null,
                "certificate_arn": null,
                "default_action": [
                  {
                    "authenticate_cognito": [],
                    "authenticate_oidc": [],
                    "fixed_response": [],
                    "forward": [],
                    "redirect": [],
                    "type": "forward"
                  }
                ],
                "port": 80,
                "protocol": "HTTP",
                "tags": {
                  "terraform-aws-modules": "alb"
                },
                "tags_all": {
                  "terraform-aws-modules": "alb"
                },
                "timeouts": null
              },
              "sensitive_values": {
                "default_action": [
                  {
                    "authenticate_cognito": [],
                    "authenticate_oidc": [],
                    "fixed_response": [],
                    "forward": [],
                    "redirect": []
                  }
                ],
                "mutual_authentication": [],
                "tags": {},
                "tags_all": {}
              }
            },
            {
              "address": "module.app_alb.aws_lb_listener.this[\"http_8080\"]",
              "mode": "managed",
              "type": "aws_lb_listener",
              "name": "this",
              "index": "http_8080",
              "provider_name": "registry.terraform.io/hashicorp/aws",
              "schema_version": 0,
              "values": {
                "alpn_policy": null,
                "certificate_arn": null,
                "default_action": [
                  {
                    "authenticate_cognito": [],
                    "authenticate_oidc": [],
                    "fixed_response": [],
                    "forward": [],
                    "redirect": [],
                    "type": "forward"
                  }
                ],
                "port": 8080,
                "protocol": "HTTP",
                "tags": {
                  "terraform-aws-modules": "alb"
                },
                "tags_all": {
                  "terraform-aws-modules": "alb"
                },
                "timeouts": null
              },
              "sensitive_values": {
                "default_action": [
                  {
                    "authenticate_cognito": [],
                    "authenticate_oidc": [],
                    "fixed_response": [],
                    "forward": [],
                    "redirect": []
                  }
                ],
                "mutual_authentication": [],
                "tags": {},
                "tags_all": {}
              }
            },
            {
              "address": "module.app_alb.aws_lb_target_group.this[\"app-tg\"]",
              "mode": "managed",
              "type": "aws_lb_target_group",
              "name": "this",
              "index": "app-tg",
              "provider_name": "registry.terraform.io/hashicorp/aws",
              "schema_version": 0,
              "values": {
                "deregistration_delay": "300",
                "health_check": [
                  {
                    "enabled": true,
                    "healthy_threshold": 3,
                    "interval": 30,
                    "matcher": "200-403",
                    "path": "/",
                    "port": "traffic-port",
                    "protocol": "HTTP",
                    "unhealthy_threshold": 3
                  }
                ],
                "lambda_multi_value_headers_enabled": false,
                "name_prefix": "app-",
                "port": 80,
                "protocol": "HTTP",
                "proxy_protocol_v2": false,
                "slow_start": 0,
                "tags": {
                  "terraform-aws-modules": "alb"
                },
                "tags_all": {
                  "terraform-aws-modules": "alb"
                },
                "target_type": "instance"
              },
              "sensitive_values": {
                "health_check": [
                  {}
                ],
                "load_balancer_arns": [],
                "stickiness": [],
                "tags": {},
                "tags_all": {},
                "target_failover": [],
                "target_group_health": [],
                "target_health_state": []
              }
            },
            {
              "address": "module.app_alb.aws_lb_target_group.this[\"docker-tg\"]",
              "mode": "managed",
              "type": "aws_lb_target_group",
              "name": "this",
              "index": "docker-tg",
              "provider_name": "registry.terraform.io/hashicorp/aws",
              "schema_version": 0,
              "values": {
                "deregistration_delay": "300",
                "health_check": [
                  {
                    "enabled": true,
                    "healthy_threshold": 3,
                    "interval": 30,
                    "matcher": "200-399",
                    "path": "/",
                    "port": "8080",
                    "protocol": "HTTP",
                    "unhealthy_threshold": 3
                  }
                ],
                "lambda_multi_value_headers_enabled": false,
                "name_prefix": "dock-",
                "port": 8080,
                "protocol": "HTTP",
                "proxy_protocol_v2": false,
                "slow_start": 0,
                "tags": {
                  "terraform-aws-modules": "alb"
                },
                "tags_all": {
                  "terraform-aws-modules": "alb"
                },
                "target_type": "instance"
              },
              "sensitive_values": {
                "health_check": [
                  {}
                ],
                "load_balancer_arns": [],
                "stickiness": [],
                "tags": {},
                "tags_all": {},
                "target_failover": [],
                "target_group_health": [],
                "target_health_state": []
              }
            },
            {
              "address": "module.app_alb.aws_security_group.this[0]",
              "mode": "managed",
              "type": "aws_security_group",
              "name": "this",
              "index": 0,
              "provider_name": "registry.terraform.io/hashicorp/aws",
              "schema_version": 1,
              "values": {
                "description": "Security group for coalfire-vpc-alb application load balancer",
                "name_prefix": "coalfire-vpc-alb-",
                "revoke_rules_on_delete": false,
                "tags": {
                  "terraform-aws-modules": "alb"
                },
                "tags_all": {
                  "terraform-aws-modules": "alb"
                },
                "timeouts": null
              },
              "sensitive_values": {
                "egress": [],
                "ingress": [],
                "tags": {},
                "tags_all": {}
              }
            },
            {
              "address": "module.app_alb.aws_vpc_security_group_egress_rule.this[\"all_traffic\"]",
              "mode": "managed",
              "type": "aws_vpc_security_group_egress_rule",
              "name": "this",
              "index": "all_traffic",
              "provider_name": "registry.terraform.io/hashicorp/aws",
              "schema_version": 0,
              "values": {
                "cidr_ipv4": "0.0.0.0/0",
                "cidr_ipv6": null,
                "description": null,
                "from_port": null,
                "ip_protocol": "-1",
                "prefix_list_id": null,
                "referenced_security_group_id": null,
                "tags": {
                  "terraform-aws-modules": "alb"
                },
                "tags_all": {
                  "terraform-aws-modules": "alb"
                },
                "to_port": null
              },
              "sensitive_values": {
                "tags": {},
                "tags_all": {}
              }
            },
            {
              "address": "module.app_alb.aws_vpc_security_group_ingress_rule.this[\"all_8080\"]",
              "mode": "managed",
              "type": "aws_vpc_security_group_ingress_rule",
              "name": "this",
              "index": "all_8080",
              "provider_name": "registry.terraform.io/hashicorp/aws",
              "schema_version": 0,
              "values": {
                "cidr_ipv4": "0.0.0.0/0",
                "cidr_ipv6": null,
                "description": null,
                "from_port": 8080,
                "ip_protocol": "tcp",
                "prefix_list_id": null,
                "referenced_security_group_id": null,
                "tags": {
                  "terraform-aws-modules": "alb"
                },
                "tags_all": {
                  "terraform-aws-modules": "alb"
                },
                "to_port": 8080
              },
              "sensitive_values": {
                "tags": {},
                "tags_all": {}
              }
            },
            {
              "address": "module.app_alb.aws_vpc_security_group_ingress_rule.this[\"all_http\"]",
              "mode": "managed",
              "type": "aws_vpc_security_group_ingress_rule",
              "name": "this",
              "index": "all_http",
              "provider_name": "registry.terraform.io/hashicorp/aws",
              "schema_version": 0,
              "values": {
                "cidr_ipv4": "0.0.0.0/0",
                "cidr_ipv6": null,
                "description": null,
                "from_port": 80,
                "ip_protocol": "tcp",
                "prefix_list_id": null,
                "referenced_security_group_id": null,
                "tags": {
                  "terraform-aws-modules": "alb"
                },
                "tags_all": {
                  "terraform-aws-modules": "alb"
                },
                "to_port": 80
              },
              "sensitive_values": {
                "tags": {},
                "tags_all": {}
              }
            }
          ],
          "address": "module.app_alb"
        },
        {
          "resources": [
            {
              "address": "module.app_ec2.aws_instance.this[0]",
              "mode": "managed",
              "type": "aws_instance",
              "name": "this",
              "index": 0,
              "provider_name": "registry.terraform.io/hashicorp/aws",
              "schema_version": 1,
              "values": {
                "ami": "ami-026992d753d5622bc",
                "associate_public_ip_address": false,
                "credit_specification": [],
                "ebs_optimized": true,
                "get_password_data": false,
                "hibernation": null,
                "instance_type": "t2.micro",
                "launch_template": [],
                "metadata_options": [
                  {
                    "http_endpoint": "enabled",
                    "http_protocol_ipv6": "disabled",
                    "http_put_response_hop_limit": 1,
                    "http_tokens": "required",
                    "instance_metadata_tags": "enabled"
                  }
                ],
                "monitoring": true,
                "root_block_device": [
                  {
                    "delete_on_termination": true,
                    "encrypted": true,
                    "tags": null,
                    "volume_size": 50,
                    "volume_type": "gp3"
                  }
                ],
                "source_dest_check": true,
                "tags": {
                  "Name": "coalfire-vpc-app-host1",
                  "PatchGroup": "1"
                },
                "tags_all": {
                  "Name": "coalfire-vpc-app-host1",
                  "PatchGroup": "1"
                },
                "timeouts": null,
                "user_data": "03520d56c24eb98d00c062ec8bd3e3d4ad01bba4",
                "user_data_replace_on_change": false,
                "volume_tags": null
              },
              "sensitive_values": {
                "capacity_reservation_specification": [],
                "cpu_options": [],
                "credit_specification": [],
                "ebs_block_device": [],
                "enclave_options": [],
                "ephemeral_block_device": [],
                "instance_market_options": [],
                "ipv6_addresses": [],
                "launch_template": [],
                "maintenance_options": [],
                "metadata_options": [
                  {}
                ],
                "network_interface": [],
                "private_dns_name_options": [],
                "root_block_device": [
                  {
                    "tags_all": {}
                  }
                ],
                "secondary_private_ips": [],
                "security_groups": [],
                "tags": {},
                "tags_all": {},
                "vpc_security_group_ids": []
              }
            },
            {
              "address": "module.app_ec2.aws_instance.this[1]",
              "mode": "managed",
              "type": "aws_instance",
              "name": "this",
              "index": 1,
              "provider_name": "registry.terraform.io/hashicorp/aws",
              "schema_version": 1,
              "values": {
                "ami": "ami-026992d753d5622bc",
                "associate_public_ip_address": false,
                "credit_specification": [],
                "ebs_optimized": true,
                "get_password_data": false,
                "hibernation": null,
                "instance_type": "t2.micro",
                "launch_template": [],
                "metadata_options": [
                  {
                    "http_endpoint": "enabled",
                    "http_protocol_ipv6": "disabled",
                    "http_put_response_hop_limit": 1,
                    "http_tokens": "required",
                    "instance_metadata_tags": "enabled"
                  }
                ],
                "monitoring": true,
                "root_block_device": [
                  {
                    "delete_on_termination": true,
                    "encrypted": true,
                    "tags": null,
                    "volume_size": 50,
                    "volume_type": "gp3"
                  }
                ],
                "source_dest_check": true,
                "tags": {
                  "Name": "coalfire-vpc-app-host2",
                  "PatchGroup": "2"
                },
                "tags_all": {
                  "Name": "coalfire-vpc-app-host2",
                  "PatchGroup": "2"
                },
                "timeouts": null,
                "user_data": "03520d56c24eb98d00c062ec8bd3e3d4ad01bba4",
                "user_data_replace_on_change": false,
                "volume_tags": null
              },
              "sensitive_values": {
                "capacity_reservation_specification": [],
                "cpu_options": [],
                "credit_specification": [],
                "ebs_block_device": [],
                "enclave_options": [],
                "ephemeral_block_device": [],
                "instance_market_options": [],
                "ipv6_addresses": [],
                "launch_template": [],
                "maintenance_options": [],
                "metadata_options": [
                  {}
                ],
                "network_interface": [],
                "private_dns_name_options": [],
                "root_block_device": [
                  {
                    "tags_all": {}
                  }
                ],
                "secondary_private_ips": [],
                "security_groups": [],
                "tags": {},
                "tags_all": {},
                "vpc_security_group_ids": []
              }
            }
          ],
          "address": "module.app_ec2",
          "child_modules": [
            {
              "resources": [
                {
                  "address": "module.app_ec2.module.security_group.aws_security_group.this",
                  "mode": "managed",
                  "type": "aws_security_group",
                  "name": "this",
                  "provider_name": "registry.terraform.io/hashicorp/aws",
                  "schema_version": 1,
                  "values": {
                    "description": "Managed by Terraform",
                    "name": "coalfire-vpc-app-host-sg",
                    "revoke_rules_on_delete": false,
                    "tags": null,
                    "timeouts": null
                  },
                  "sensitive_values": {
                    "egress": [],
                    "ingress": [],
                    "tags_all": {}
                  }
                },
                {
                  "address": "module.app_ec2.module.security_group.aws_vpc_security_group_egress_rule.this[\"allow_all\"]",
                  "mode": "managed",
                  "type": "aws_vpc_security_group_egress_rule",
                  "name": "this",
                  "index": "allow_all",
                  "provider_name": "registry.terraform.io/hashicorp/aws",
                  "schema_version": 0,
                  "values": {
                    "cidr_ipv4": "0.0.0.0/0",
                    "cidr_ipv6": null,
                    "description": "Managed by Terraform",
                    "from_port": null,
                    "ip_protocol": "-1",
                    "prefix_list_id": null,
                    "referenced_security_group_id": null,
                    "tags": null,
                    "tags_all": {},
                    "to_port": null
                  },
                  "sensitive_values": {
                    "tags_all": {}
                  }
                },
                {
                  "address": "module.app_ec2.module.security_group.aws_vpc_security_group_ingress_rule.this[\"alb_80\"]",
                  "mode": "managed",
                  "type": "aws_vpc_security_group_ingress_rule",
                  "name": "this",
                  "index": "alb_80",
                  "provider_name": "registry.terraform.io/hashicorp/aws",
                  "schema_version": 0,
                  "values": {
                    "cidr_ipv4": null,
                    "cidr_ipv6": null,
                    "description": "Managed by Terraform",
                    "from_port": 80,
                    "ip_protocol": "tcp",
                    "prefix_list_id": null,
                    "tags": null,
                    "tags_all": {},
                    "to_port": 80
                  },
                  "sensitive_values": {
                    "tags_all": {}
                  }
                },
                {
                  "address": "module.app_ec2.module.security_group.aws_vpc_security_group_ingress_rule.this[\"alb_8080\"]",
                  "mode": "managed",
                  "type": "aws_vpc_security_group_ingress_rule",
                  "name": "this",
                  "index": "alb_8080",
                  "provider_name": "registry.terraform.io/hashicorp/aws",
                  "schema_version": 0,
                  "values": {
                    "cidr_ipv4": null,
                    "cidr_ipv6": null,
                    "description": "Managed by Terraform",
                    "from_port": 8080,
                    "ip_protocol": "tcp",
                    "prefix_list_id": null,
                    "tags": null,
                    "tags_all": {},
                    "to_port": 8080
                  },
                  "sensitive_values": {
                    "tags_all": {}
                  }
                },
                {
                  "address": "module.app_ec2.module.security_group.aws_vpc_security_group_ingress_rule.this[\"ssh_from_bastion\"]",
                  "mode": "managed",
                  "type": "aws_vpc_security_group_ingress_rule",
                  "name": "this",
                  "index": "ssh_from_bastion",
                  "provider_name": "registry.terraform.io/hashicorp/aws",
                  "schema_version": 0,
                  "values": {
                    "cidr_ipv4": null,
                    "cidr_ipv6": null,
                    "description": "Managed by Terraform",
                    "from_port": 22,
                    "ip_protocol": "tcp",
                    "prefix_list_id": null,
                    "tags": null,
                    "tags_all": {},
                    "to_port": 22
                  },
                  "sensitive_values": {
                    "tags_all": {}
                  }
                }
              ],
              "address": "module.app_ec2.module.security_group"
            }
          ]
        },
        {
          "resources": [
            {
              "address": "module.management_ec2.aws_instance.this[0]",
              "mode": "managed",
              "type": "aws_instance",
              "name": "this",
              "index": 0,
              "provider_name": "registry.terraform.io/hashicorp/aws",
              "schema_version": 1,
              "values": {
                "ami": "ami-026992d753d5622bc",
                "associate_public_ip_address": true,
                "credit_specification": [],
                "ebs_optimized": true,
                "get_password_data": false,
                "hibernation": null,
                "instance_type": "t2.micro",
                "launch_template": [],
                "metadata_options": [
                  {
                    "http_endpoint": "enabled",
                    "http_protocol_ipv6": "disabled",
                    "http_put_response_hop_limit": 1,
                    "http_tokens": "required",
                    "instance_metadata_tags": "enabled"
                  }
                ],
                "monitoring": true,
                "root_block_device": [
                  {
                    "delete_on_termination": true,
                    "encrypted": true,
                    "tags": null,
                    "volume_size": 50,
                    "volume_type": "gp3"
                  }
                ],
                "source_dest_check": true,
                "tags": {
                  "Name": "coalfire-vpc-bastion",
                  "PatchGroup": "1"
                },
                "tags_all": {
                  "Name": "coalfire-vpc-bastion",
                  "PatchGroup": "1"
                },
                "timeouts": null,
                "user_data_replace_on_change": false,
                "volume_tags": null
              },
              "sensitive_values": {
                "capacity_reservation_specification": [],
                "cpu_options": [],
                "credit_specification": [],
                "ebs_block_device": [],
                "enclave_options": [],
                "ephemeral_block_device": [],
                "instance_market_options": [],
                "ipv6_addresses": [],
                "launch_template": [],
                "maintenance_options": [],
                "metadata_options": [
                  {}
                ],
                "network_interface": [],
                "private_dns_name_options": [],
                "root_block_device": [
                  {
                    "tags_all": {}
                  }
                ],
                "secondary_private_ips": [],
                "security_groups": [],
                "tags": {},
                "tags_all": {},
                "vpc_security_group_ids": []
              }
            }
          ],
          "address": "module.management_ec2",
          "child_modules": [
            {
              "resources": [
                {
                  "address": "module.management_ec2.module.security_group.aws_security_group.this",
                  "mode": "managed",
                  "type": "aws_security_group",
                  "name": "this",
                  "provider_name": "registry.terraform.io/hashicorp/aws",
                  "schema_version": 1,
                  "values": {
                    "description": "Managed by Terraform",
                    "name": "coalfire-vpc-bastion-sg",
                    "revoke_rules_on_delete": false,
                    "tags": null,
                    "timeouts": null
                  },
                  "sensitive_values": {
                    "egress": [],
                    "ingress": [],
                    "tags_all": {}
                  }
                },
                {
                  "address": "module.management_ec2.module.security_group.aws_vpc_security_group_egress_rule.this[\"allow_all\"]",
                  "mode": "managed",
                  "type": "aws_vpc_security_group_egress_rule",
                  "name": "this",
                  "index": "allow_all",
                  "provider_name": "registry.terraform.io/hashicorp/aws",
                  "schema_version": 0,
                  "values": {
                    "cidr_ipv4": "0.0.0.0/0",
                    "cidr_ipv6": null,
                    "description": "Managed by Terraform",
                    "from_port": null,
                    "ip_protocol": "-1",
                    "prefix_list_id": null,
                    "referenced_security_group_id": null,
                    "tags": null,
                    "tags_all": {},
                    "to_port": null
                  },
                  "sensitive_values": {
                    "tags_all": {}
                  }
                },
                {
                  "address": "module.management_ec2.module.security_group.aws_vpc_security_group_ingress_rule.this[\"ssh_from_admin\"]",
                  "mode": "managed",
                  "type": "aws_vpc_security_group_ingress_rule",
                  "name": "this",
                  "index": "ssh_from_admin",
                  "provider_name": "registry.terraform.io/hashicorp/aws",
                  "schema_version": 0,
                  "values": {
                    "cidr_ipv4": "0.0.0.0/0",
                    "cidr_ipv6": null,
                    "description": "Managed by Terraform",
                    "from_port": 22,
                    "ip_protocol": "tcp",
                    "prefix_list_id": null,
                    "referenced_security_group_id": null,
                    "tags": null,
                    "tags_all": {},
                    "to_port": 22
                  },
                  "sensitive_values": {
                    "tags_all": {}
                  }
                }
              ],
              "address": "module.management_ec2.module.security_group"
            }
          ]
        },
        {
          "resources": [
            {
              "address": "module.web_server_vpc.aws_cloudwatch_log_group.this[0]",
              "mode": "managed",
              "type": "aws_cloudwatch_log_group",
              "name": "this",
              "index": 0,
              "provider_name": "registry.terraform.io/hashicorp/aws",
              "schema_version": 0,
              "values": {
                "kms_key_id": "",
                "retention_in_days": 365,
                "skip_destroy": false,
                "tags": null
              },
              "sensitive_values": {
                "tags_all": {}
              }
            },
            {
              "address": "module.web_server_vpc.aws_default_security_group.default",
              "mode": "managed",
              "type": "aws_default_security_group",
              "name": "default",
              "provider_name": "registry.terraform.io/hashicorp/aws",
              "schema_version": 1,
              "values": {
                "revoke_rules_on_delete": false,
                "tags": null
              },
              "sensitive_values": {
                "egress": [],
                "ingress": [],
                "tags_all": {}
              }
            },
            {
              "address": "module.web_server_vpc.aws_eip.nat[0]",
              "mode": "managed",
              "type": "aws_eip",
              "name": "nat",
              "index": 0,
              "provider_name": "registry.terraform.io/hashicorp/aws",
              "schema_version": 0,
              "values": {
                "address": null,
                "associate_with_private_ip": null,
                "customer_owned_ipv4_pool": null,
                "domain": "vpc",
                "tags": {
                  "Name": "-us-east-1a"
                },
                "tags_all": {
                  "Name": "-us-east-1a"
                },
                "timeouts": null
              },
              "sensitive_values": {
                "tags": {},
                "tags_all": {}
              }
            },
            {
              "address": "module.web_server_vpc.aws_flow_log.this[0]",
              "mode": "managed",
              "type": "aws_flow_log",
              "name": "this",
              "index": 0,
              "provider_name": "registry.terraform.io/hashicorp/aws",
              "schema_version": 0,
              "values": {
                "deliver_cross_account_role": null,
                "destination_options": [],
                "eni_id": null,
                "log_destination_type": "cloud-watch-logs",
                "max_aggregation_interval": 600,
                "subnet_id": null,
                "tags": null,
                "traffic_type": "ALL",
                "transit_gateway_attachment_id": null,
                "transit_gateway_id": null
              },
              "sensitive_values": {
                "destination_options": [],
                "tags_all": {}
              }
            },
            {
              "address": "module.web_server_vpc.aws_iam_policy.flowlogs_policy[0]",
              "mode": "managed",
              "type": "aws_iam_policy",
              "name": "flowlogs_policy",
              "index": 0,
              "provider_name": "registry.terraform.io/hashicorp/aws",
              "schema_version": 0,
              "values": {
                "description": "Policy to allow vpc flow logs to forward logs to Cloudwatch",
                "name": "-flowlogs-cloudwatch-policy",
                "path": "/",
                "policy": "{\"Statement\":[{\"Action\":[\"logs:PutLogEvents\",\"logs:DescribeLogStreams\",\"logs:DescribeLogGroups\",\"logs:CreateLogStream\"],\"Effect\":\"Allow\",\"Resource\":\"*\",\"Sid\":\"AWSVPCFlowLogsPushToCloudWatch\"}],\"Version\":\"2012-10-17\"}",
                "tags": null
              },
              "sensitive_values": {
                "tags_all": {}
              }
            },
            {
              "address": "module.web_server_vpc.aws_iam_role.flowlogs_role[0]",
              "mode": "managed",
              "type": "aws_iam_role",
              "name": "flowlogs_role",
              "index": 0,
              "provider_name": "registry.terraform.io/hashicorp/aws",
              "schema_version": 0,
              "values": {
                "assume_role_policy": "{\"Statement\":[{\"Action\":\"sts:AssumeRole\",\"Effect\":\"Allow\",\"Principal\":{\"Service\":\"vpc-flow-logs.amazonaws.com\"},\"Sid\":\"AWSVPCFlowLogsAssumeRole\"}],\"Version\":\"2012-10-17\"}",
                "description": null,
                "force_detach_policies": false,
                "max_session_duration": 3600,
                "name": "-flowlogs-cloudwatch-role",
                "path": "/",
                "permissions_boundary": null,
                "tags": null
              },
              "sensitive_values": {
                "inline_policy": [],
                "managed_policy_arns": [],
                "tags_all": {}
              }
            },
            {
              "address": "module.web_server_vpc.aws_iam_role_policy_attachment.flowlogs_policy[0]",
              "mode": "managed",
              "type": "aws_iam_role_policy_attachment",
              "name": "flowlogs_policy",
              "index": 0,
              "provider_name": "registry.terraform.io/hashicorp/aws",
              "schema_version": 0,
              "values": {
                "role": "-flowlogs-cloudwatch-role"
              },
              "sensitive_values": {}
            },
            {
              "address": "module.web_server_vpc.aws_internet_gateway.this[0]",
              "mode": "managed",
              "type": "aws_internet_gateway",
              "name": "this",
              "index": 0,
              "provider_name": "registry.terraform.io/hashicorp/aws",
              "schema_version": 0,
              "values": {
                "tags": {
                  "Name": ""
                },
                "timeouts": null
              },
              "sensitive_values": {
                "tags": {},
                "tags_all": {}
              }
            },
            {
              "address": "module.web_server_vpc.aws_nat_gateway.this[0]",
              "mode": "managed",
              "type": "aws_nat_gateway",
              "name": "this",
              "index": 0,
              "provider_name": "registry.terraform.io/hashicorp/aws",
              "schema_version": 0,
              "values": {
                "connectivity_type": "public",
                "secondary_allocation_ids": null,
                "tags": {
                  "Name": "-us-east-1a"
                },
                "tags_all": {
                  "Name": "-us-east-1a"
                },
                "timeouts": null
              },
              "sensitive_values": {
                "secondary_private_ip_addresses": [],
                "tags": {},
                "tags_all": {}
              }
            },
            {
              "address": "module.web_server_vpc.aws_route.private_nat_gateway[0]",
              "mode": "managed",
              "type": "aws_route",
              "name": "private_nat_gateway",
              "index": 0,
              "provider_name": "registry.terraform.io/hashicorp/aws",
              "schema_version": 0,
              "values": {
                "carrier_gateway_id": null,
                "core_network_arn": null,
                "destination_cidr_block": "0.0.0.0/0",
                "destination_ipv6_cidr_block": null,
                "destination_prefix_list_id": null,
                "egress_only_gateway_id": null,
                "gateway_id": null,
                "local_gateway_id": null,
                "timeouts": {
                  "create": "5m",
                  "delete": null,
                  "update": null
                },
                "transit_gateway_id": null,
                "vpc_endpoint_id": null,
                "vpc_peering_connection_id": null
              },
              "sensitive_values": {
                "timeouts": {}
              }
            },
            {
              "address": "module.web_server_vpc.aws_route.public_internet_gateway[0]",
              "mode": "managed",
              "type": "aws_route",
              "name": "public_internet_gateway",
              "index": 0,
              "provider_name": "registry.terraform.io/hashicorp/aws",
              "schema_version": 0,
              "values": {
                "carrier_gateway_id": null,
                "core_network_arn": null,
                "destination_cidr_block": "0.0.0.0/0",
                "destination_ipv6_cidr_block": null,
                "destination_prefix_list_id": null,
                "egress_only_gateway_id": null,
                "local_gateway_id": null,
                "nat_gateway_id": null,
                "timeouts": {
                  "create": "5m",
                  "delete": null,
                  "update": null
                },
                "transit_gateway_id": null,
                "vpc_endpoint_id": null,
                "vpc_peering_connection_id": null
              },
              "sensitive_values": {
                "timeouts": {}
              }
            },
            {
              "address": "module.web_server_vpc.aws_route.public_internet_gateway[1]",
              "mode": "managed",
              "type": "aws_route",
              "name": "public_internet_gateway",
              "index": 1,
              "provider_name": "registry.terraform.io/hashicorp/aws",
              "schema_version": 0,
              "values": {
                "carrier_gateway_id": null,
                "core_network_arn": null,
                "destination_cidr_block": "0.0.0.0/0",
                "destination_ipv6_cidr_block": null,
                "destination_prefix_list_id": null,
                "egress_only_gateway_id": null,
                "local_gateway_id": null,
                "nat_gateway_id": null,
                "timeouts": {
                  "create": "5m",
                  "delete": null,
                  "update": null
                },
                "transit_gateway_id": null,
                "vpc_endpoint_id": null,
                "vpc_peering_connection_id": null
              },
              "sensitive_values": {
                "timeouts": {}
              }
            },
            {
              "address": "module.web_server_vpc.aws_route53_resolver_dnssec_config.vpc_resolver_dnssec",
              "mode": "managed",
              "type": "aws_route53_resolver_dnssec_config",
              "name": "vpc_resolver_dnssec",
              "provider_name": "registry.terraform.io/hashicorp/aws",
              "schema_version": 0,
              "sensitive_values": {}
            },
            {
              "address": "module.web_server_vpc.aws_route_table.private[0]",
              "mode": "managed",
              "type": "aws_route_table",
              "name": "private",
              "index": 0,
              "provider_name": "registry.terraform.io/hashicorp/aws",
              "schema_version": 0,
              "values": {
                "tags": {
                  "Name": "-private"
                },
                "tags_all": {
                  "Name": "-private"
                },
                "timeouts": null
              },
              "sensitive_values": {
                "propagating_vgws": [],
                "route": [],
                "tags": {},
                "tags_all": {}
              }
            },
            {
              "address": "module.web_server_vpc.aws_route_table.public[0]",
              "mode": "managed",
              "type": "aws_route_table",
              "name": "public",
              "index": 0,
              "provider_name": "registry.terraform.io/hashicorp/aws",
              "schema_version": 0,
              "values": {
                "tags": {
                  "Name": "-public-us-east-1a-rtb"
                },
                "tags_all": {
                  "Name": "-public-us-east-1a-rtb"
                },
                "timeouts": null
              },
              "sensitive_values": {
                "propagating_vgws": [],
                "route": [],
                "tags": {},
                "tags_all": {}
              }
            },
            {
              "address": "module.web_server_vpc.aws_route_table.public[1]",
              "mode": "managed",
              "type": "aws_route_table",
              "name": "public",
              "index": 1,
              "provider_name": "registry.terraform.io/hashicorp/aws",
              "schema_version": 0,
              "values": {
                "tags": {
                  "Name": "-public-us-east-1b-rtb"
                },
                "tags_all": {
                  "Name": "-public-us-east-1b-rtb"
                },
                "timeouts": null
              },
              "sensitive_values": {
                "propagating_vgws": [],
                "route": [],
                "tags": {},
                "tags_all": {}
              }
            },
            {
              "address": "module.web_server_vpc.aws_route_table_association.private[0]",
              "mode": "managed",
              "type": "aws_route_table_association",
              "name": "private",
              "index": 0,
              "provider_name": "registry.terraform.io/hashicorp/aws",
              "schema_version": 0,
              "values": {
                "gateway_id": null,
                "timeouts": null
              },
              "sensitive_values": {}
            },
            {
              "address": "module.web_server_vpc.aws_route_table_association.public[0]",
              "mode": "managed",
              "type": "aws_route_table_association",
              "name": "public",
              "index": 0,
              "provider_name": "registry.terraform.io/hashicorp/aws",
              "schema_version": 0,
              "values": {
                "gateway_id": null,
                "timeouts": null
              },
              "sensitive_values": {}
            },
            {
              "address": "module.web_server_vpc.aws_route_table_association.public[1]",
              "mode": "managed",
              "type": "aws_route_table_association",
              "name": "public",
              "index": 1,
              "provider_name": "registry.terraform.io/hashicorp/aws",
              "schema_version": 0,
              "values": {
                "gateway_id": null,
                "timeouts": null
              },
              "sensitive_values": {}
            },
            {
              "address": "module.web_server_vpc.aws_subnet.private[0]",
              "mode": "managed",
              "type": "aws_subnet",
              "name": "private",
              "index": 0,
              "provider_name": "registry.terraform.io/hashicorp/aws",
              "schema_version": 1,
              "values": {
                "assign_ipv6_address_on_creation": false,
                "availability_zone": "us-east-1a",
                "cidr_block": "10.1.2.0/24",
                "customer_owned_ipv4_pool": null,
                "enable_dns64": false,
                "enable_lni_at_device_index": null,
                "enable_resource_name_dns_a_record_on_launch": false,
                "enable_resource_name_dns_aaaa_record_on_launch": false,
                "ipv6_cidr_block": null,
                "ipv6_native": false,
                "map_customer_owned_ip_on_launch": null,
                "map_public_ip_on_launch": false,
                "outpost_arn": null,
                "tags": {
                  "Name": "-application-us-east-1a"
                },
                "tags_all": {
                  "Name": "-application-us-east-1a"
                },
                "timeouts": null
              },
              "sensitive_values": {
                "tags": {},
                "tags_all": {}
              }
            },
            {
              "address": "module.web_server_vpc.aws_subnet.public[0]",
              "mode": "managed",
              "type": "aws_subnet",
              "name": "public",
              "index": 0,
              "provider_name": "registry.terraform.io/hashicorp/aws",
              "schema_version": 1,
              "values": {
                "assign_ipv6_address_on_creation": false,
                "availability_zone": "us-east-1a",
                "cidr_block": "10.1.1.0/24",
                "customer_owned_ipv4_pool": null,
                "enable_dns64": false,
                "enable_lni_at_device_index": null,
                "enable_resource_name_dns_a_record_on_launch": false,
                "enable_resource_name_dns_aaaa_record_on_launch": false,
                "ipv6_cidr_block": null,
                "ipv6_native": false,
                "map_customer_owned_ip_on_launch": null,
                "map_public_ip_on_launch": true,
                "outpost_arn": null,
                "tags": {
                  "Name": "-management-us-east-1a"
                },
                "tags_all": {
                  "Name": "-management-us-east-1a"
                },
                "timeouts": null
              },
              "sensitive_values": {
                "tags": {},
                "tags_all": {}
              }
            },
            {
              "address": "module.web_server_vpc.aws_subnet.public[1]",
              "mode": "managed",
              "type": "aws_subnet",
              "name": "public",
              "index": 1,
              "provider_name": "registry.terraform.io/hashicorp/aws",
              "schema_version": 1,
              "values": {
                "assign_ipv6_address_on_creation": false,
                "availability_zone": "us-east-1b",
                "cidr_block": "10.1.11.0/24",
                "customer_owned_ipv4_pool": null,
                "enable_dns64": false,
                "enable_lni_at_device_index": null,
                "enable_resource_name_dns_a_record_on_launch": false,
                "enable_resource_name_dns_aaaa_record_on_launch": false,
                "ipv6_cidr_block": null,
                "ipv6_native": false,
                "map_customer_owned_ip_on_launch": null,
                "map_public_ip_on_launch": true,
                "outpost_arn": null,
                "tags": {
                  "Name": "-management-secondary-us-east-1b"
                },
                "tags_all": {
                  "Name": "-management-secondary-us-east-1b"
                },
                "timeouts": null
              },
              "sensitive_values": {
                "tags": {},
                "tags_all": {}
              }
            },
            {
              "address": "module.web_server_vpc.aws_vpc.this",
              "mode": "managed",
              "type": "aws_vpc",
              "name": "this",
              "provider_name": "registry.terraform.io/hashicorp/aws",
              "schema_version": 1,
              "values": {
                "assign_generated_ipv6_cidr_block": false,
                "cidr_block": "10.1.0.0/16",
                "enable_dns_hostnames": true,
                "enable_dns_support": true,
                "instance_tenancy": "default",
                "ipv4_ipam_pool_id": null,
                "ipv4_netmask_length": null,
                "ipv6_ipam_pool_id": null,
                "ipv6_netmask_length": null,
                "tags": {
                  "Name": "coalfire-vpc"
                },
                "tags_all": {
                  "Name": "coalfire-vpc"
                }
              },
              "sensitive_values": {
                "tags": {},
                "tags_all": {}
              }
            }
          ],
          "address": "module.web_server_vpc"
        }
      ]
    }
  },
  "resource_changes": [
    {
      "address": "aws_key_pair.deployer_key",
      "mode": "managed",
      "type": "aws_key_pair",
      "name": "deployer_key",
      "provider_name": "registry.terraform.io/hashicorp/aws",
      "change": {
        "actions": [
          "create"
        ],
        "before": null,
        "after": {
          "tags": null
        },
        "after_unknown": {
          "arn": true,
          "fingerprint": true,
          "id": true,
          "key_name": true,
          "key_name_prefix": true,
          "key_pair_id": true,
          "key_type": true,
          "public_key": true,
          "tags_all": true
        },
        "before_sensitive": false,
        "after_sensitive": {
          "tags_all": {}
        }
      }
    },
    {
      "address": "aws_lb_target_group_attachment.app[0]",
      "mode": "managed",
      "type": "aws_lb_target_group_attachment",
      "name": "app",
      "index": 0,
      "provider_name": "registry.terraform.io/hashicorp/aws",
      "change": {
        "actions": [
          "create"
        ],
        "before": null,
        "after": {
          "availability_zone": null,
          "port": 80
        },
        "after_unknown": {
          "id": true,
          "target_group_arn": true,
          "target_id": true
        },
        "before_sensitive": false,
        "after_sensitive": {}
      }
    },
    {
      "address": "aws_lb_target_group_attachment.app[1]",
      "mode": "managed",
      "type": "aws_lb_target_group_attachment",
      "name": "app",
      "index": 1,
      "provider_name": "registry.terraform.io/hashicorp/aws",
      "change": {
        "actions": [
          "create"
        ],
        "before": null,
        "after": {
          "availability_zone": null,
          "port": 80
        },
        "after_unknown": {
          "id": true,
          "target_group_arn": true,
          "target_id": true
        },
        "before_sensitive": false,
        "after_sensitive": {}
      }
    },
    {
      "address": "aws_lb_target_group_attachment.docker[0]",
      "mode": "managed",
      "type": "aws_lb_target_group_attachment",
      "name": "docker",
      "index": 0,
      "provider_name": "registry.terraform.io/hashicorp/aws",
      "change": {
        "actions": [
          "create"
        ],
        "before": null,
        "after": {
          "availability_zone": null,
          "port": 8080
        },
        "after_unknown": {
          "id": true,
          "target_group_arn": true,
          "target_id": true
        },
        "before_sensitive": false,
        "after_sensitive": {}
      }
    },
    {
      "address": "aws_lb_target_group_attachment.docker[1]",
      "mode": "managed",
      "type": "aws_lb_target_group_attachment",
      "name": "docker",
      "index": 1,
      "provider_name": "registry.terraform.io/hashicorp/aws",
      "change": {
        "actions": [
          "create"
        ],
        "before": null,
        "after": {
          "availability_zone": null,
          "port": 8080
        },
        "after_unknown": {
          "id": true,
          "target_group_arn": true,
          "target_id": true
        },
        "before_sensitive": false,
        "after_sensitive": {}
      }
    },
    {
      "address": "local_file.private_key_pem",
      "mode": "managed",
      "type": "local_file",
      "name": "private_key_pem",
      "provider_name": "registry.terraform.io/hashicorp/local",
      "change": {
        "actions": [
          "create"
        ],
        "before": null,
        "after": {
          "content_base64": null,
          "directory_permission": "0777",
          "file_permission": "0600",
          "filename": "./ian-key.pem",
          "sensitive_content": null,
          "source": null
        },
        "after_unknown": {
          "content": true,
          "content_base64sha256": true,
          "content_base64sha512": true,
          "content_md5": true,
          "content_sha1": true,
          "content_sha256": true,
          "content_sha512": true,
          "id": true
        },
        "before_sensitive": false,
        "after_sensitive": {
          "content": true,
          "sensitive_content": true
        }
      }
    },
    {
      "address": "tls_private_key.generated_key",
      "mode": "managed",
      "type": "tls_private_key",
      "name": "generated_key",
      "provider_name": "registry.terraform.io/hashicorp/tls",
      "change": {
        "actions": [
          "create"
        ],
        "before": null,
        "after": {
          "algorithm": "RSA",
          "ecdsa_curve": "P224",
          "rsa_bits": 4096
        },
        "after_unknown": {
          "id": true,
          "private_key_openssh": true,
          "private_key_pem": true,
          "private_key_pem_pkcs8": true,
          "public_key_fingerprint_md5": true,
          "public_key_fingerprint_sha256": true,
          "public_key_openssh": true,
          "public_key_pem": true
        },
        "before_sensitive": false,
        "after_sensitive": {
          "private_key_openssh": true,
          "private_key_pem": true,
          "private_key_pem_pkcs8": true
        }
      }
    },
    {
      "address": "module.app_alb.aws_lb.this[0]",
      "module_address": "module.app_alb",
      "mode": "managed",
      "type": "aws_lb",
      "name": "this",
      "index": 0,
      "provider_name": "registry.terraform.io/hashicorp/aws",
      "change": {
        "actions": [
          "create"
        ],
        "before": null,
        "after": {
          "access_logs": [],
          "client_keep_alive": 3600,
          "connection_logs": [],
          "customer_owned_ipv4_pool": null,
          "desync_mitigation_mode": "defensive",
          "dns_record_client_routing_policy": null,
          "drop_invalid_header_fields": true,
          "enable_cross_zone_load_balancing": null,
          "enable_deletion_protection": true,
          "enable_http2": true,
          "enable_tls_version_and_cipher_suite_headers": false,
          "enable_waf_fail_open": false,
          "enable_xff_client_port": false,
          "enable_zonal_shift": false,
          "idle_timeout": 60,
          "ipam_pools": [],
          "load_balancer_type": "application",
          "minimum_load_balancer_capacity": [],
          "name": "coalfire-vpc-alb",
          "preserve_host_header": false,
          "tags": {
            "terraform-aws-modules": "alb"
          },
          "tags_all": {
            "terraform-aws-modules": "alb"
          },
          "timeouts": {
            "create": null,
            "delete": null,
            "update": null
          },
          "xff_header_processing_mode": "append"
        },
        "after_unknown": {
          "access_logs": [],
          "arn": true,
          "arn_suffix": true,
          "connection_logs": [],
          "dns_name": true,
          "enforce_security_group_inbound_rules_on_private_link_traffic": true,
          "id": true,
          "internal": true,
          "ip_address_type": true,
          "ipam_pools": [],
          "minimum_load_balancer_capacity": [],
          "name_prefix": true,
          "security_groups": true,
          "subnet_mapping": true,
          "subnets": true,
          "tags": {},
          "tags_all": {},
          "timeouts": {},
          "vpc_id": true,
          "zone_id": true
        },
        "before_sensitive": false,
        "after_sensitive": {
          "access_logs": [],
          "connection_logs": [],
          "ipam_pools": [],
          "minimum_load_balancer_capacity": [],
          "security_groups": [],
          "subnet_mapping": [],
          "subnets": [],
          "tags": {},
          "tags_all": {},
          "timeouts": {}
        }
      }
    },
    {
      "address": "module.app_alb.aws_lb_listener.this[\"http\"]",
      "module_address": "module.app_alb",
      "mode": "managed",
      "type": "aws_lb_listener",
      "name": "this",
      "index": "http",
      "provider_name": "registry.terraform.io/hashicorp/aws",
      "change": {
        "actions": [
          "create"
        ],
        "before": null,
        "after": {
          "alpn_policy": null,
          "certificate_arn": null,
          "default_action": [
            {
              "authenticate_cognito": [],
              "authenticate_oidc": [],
              "fixed_response": [],
              "forward": [],
              "redirect": [],
              "type": "forward"
            }
          ],
          "port": 80,
          "protocol": "HTTP",
          "tags": {
            "terraform-aws-modules": "alb"
          },
          "tags_all": {
            "terraform-aws-modules": "alb"
          },
          "timeouts": null
        },
        "after_unknown": {
          "arn": true,
          "default_action": [
            {
              "authenticate_cognito": [],
              "authenticate_oidc": [],
              "fixed_response": [],
              "forward": [],
              "order": true,
              "redirect": [],
              "target_group_arn": true
            }
          ],
          "id": true,
          "load_balancer_arn": true,
          "mutual_authentication": true,
          "routing_http_request_x_amzn_mtls_clientcert_header_name": true,
          "routing_http_request_x_amzn_mtls_clientcert_issuer_header_name": true,
          "routing_http_request_x_amzn_mtls_clientcert_leaf_header_name": true,
          "routing_http_request_x_amzn_mtls_clientcert_serial_number_header_name": true,
          "routing_http_request_x_amzn_mtls_clientcert_subject_header_name": true,
          "routing_http_request_x_amzn_mtls_clientcert_validity_header_name": true,
          "routing_http_request_x_amzn_tls_cipher_suite_header_name": true,
          "routing_http_request_x_amzn_tls_version_header_name": true,
          "routing_http_response_access_control_allow_credentials_header_value": true,
          "routing_http_response_access_control_allow_headers_header_value": true,
          "routing_http_response_access_control_allow_methods_header_value": true,
          "routing_http_response_access_control_allow_origin_header_value": true,
          "routing_http_response_access_control_expose_headers_header_value": true,
          "routing_http_response_access_control_max_age_header_value": true,
          "routing_http_response_content_security_policy_header_value": true,
          "routing_http_response_server_enabled": true,
          "routing_http_response_strict_transport_security_header_value": true,
          "routing_http_response_x_content_type_options_header_value": true,
          "routing_http_response_x_frame_options_header_value": true,
          "ssl_policy": true,
          "tags": {},
          "tags_all": {},
          "tcp_idle_timeout_seconds": true
        },
        "before_sensitive": false,
        "after_sensitive": {
          "default_action": [
            {
              "authenticate_cognito": [],
              "authenticate_oidc": [],
              "fixed_response": [],
              "forward": [],
              "redirect": []
            }
          ],
          "mutual_authentication": [],
          "tags": {},
          "tags_all": {}
        }
      }
    },
    {
      "address": "module.app_alb.aws_lb_listener.this[\"http_8080\"]",
      "module_address": "module.app_alb",
      "mode": "managed",
      "type": "aws_lb_listener",
      "name": "this",
      "index": "http_8080",
      "provider_name": "registry.terraform.io/hashicorp/aws",
      "change": {
        "actions": [
          "create"
        ],
        "before": null,
        "after": {
          "alpn_policy": null,
          "certificate_arn": null,
          "default_action": [
            {
              "authenticate_cognito": [],
              "authenticate_oidc": [],
              "fixed_response": [],
              "forward": [],
              "redirect": [],
              "type": "forward"
            }
          ],
          "port": 8080,
          "protocol": "HTTP",
          "tags": {
            "terraform-aws-modules": "alb"
          },
          "tags_all": {
            "terraform-aws-modules": "alb"
          },
          "timeouts": null
        },
        "after_unknown": {
          "arn": true,
          "default_action": [
            {
              "authenticate_cognito": [],
              "authenticate_oidc": [],
              "fixed_response": [],
              "forward": [],
              "order": true,
              "redirect": [],
              "target_group_arn": true
            }
          ],
          "id": true,
          "load_balancer_arn": true,
          "mutual_authentication": true,
          "routing_http_request_x_amzn_mtls_clientcert_header_name": true,
          "routing_http_request_x_amzn_mtls_clientcert_issuer_header_name": true,
          "routing_http_request_x_amzn_mtls_clientcert_leaf_header_name": true,
          "routing_http_request_x_amzn_mtls_clientcert_serial_number_header_name": true,
          "routing_http_request_x_amzn_mtls_clientcert_subject_header_name": true,
          "routing_http_request_x_amzn_mtls_clientcert_validity_header_name": true,
          "routing_http_request_x_amzn_tls_cipher_suite_header_name": true,
          "routing_http_request_x_amzn_tls_version_header_name": true,
          "routing_http_response_access_control_allow_credentials_header_value": true,
          "routing_http_response_access_control_allow_headers_header_value": true,
          "routing_http_response_access_control_allow_methods_header_value": true,
          "routing_http_response_access_control_allow_origin_header_value": true,
          "routing_http_response_access_control_expose_headers_header_value": true,
          "routing_http_response_access_control_max_age_header_value": true,
          "routing_http_response_content_security_policy_header_value": true,
          "routing_http_response_server_enabled": true,
          "routing_http_response_strict_transport_security_header_value": true,
          "routing_http_response_x_content_type_options_header_value": true,
          "routing_http_response_x_frame_options_header_value": true,
          "ssl_policy": true,
          "tags": {},
          "tags_all": {},
          "tcp_idle_timeout_seconds": true
        },
        "before_sensitive": false,
        "after_sensitive": {
          "default_action": [
            {
              "authenticate_cognito": [],
              "authenticate_oidc": [],
              "fixed_response": [],
              "forward": [],
              "redirect": []
            }
          ],
          "mutual_authentication": [],
          "tags": {},
          "tags_all": {}
        }
      }
    },
    {
      "address": "module.app_alb.aws_lb_target_group.this[\"app-tg\"]",
      "module_address": "module.app_alb",
      "mode": "managed",
      "type": "aws_lb_target_group",
      "name": "this",
      "index": "app-tg",
      "provider_name": "registry.terraform.io/hashicorp/aws",
      "change": {
        "actions": [
          "create"
        ],
        "before": null,
        "after": {
          "deregistration_delay": "300",
          "health_check": [
            {
              "enabled": true,
              "healthy_threshold": 3,
              "interval": 30,
              "matcher": "200-403",
              "path": "/",
              "port": "traffic-port",
              "protocol": "HTTP",
              "unhealthy_threshold": 3
            }
          ],
          "lambda_multi_value_headers_enabled": false,
          "name_prefix": "app-",
          "port": 80,
          "protocol": "HTTP",
          "proxy_protocol_v2": false,
          "slow_start": 0,
          "tags": {
            "terraform-aws-modules": "alb"
          },
          "tags_all": {
            "terraform-aws-modules": "alb"
          },
          "target_type": "instance"
        },
        "after_unknown": {
          "arn": true,
          "arn_suffix": true,
          "connection_termination": true,
          "health_check": [
            {
              "timeout": true
            }
          ],
          "id": true,
          "ip_address_type": true,
          "load_balancer_arns": true,
          "load_balancing_algorithm_type": true,
          "load_balancing_anomaly_mitigation": true,
          "load_balancing_cross_zone_enabled": true,
          "name": true,
          "preserve_client_ip": true,
          "protocol_version": true,
          "stickiness": true,
          "tags": {},
          "tags_all": {},
          "target_failover": true,
          "target_group_health": true,
          "target_health_state": true,
          "vpc_id": true
        },
        "before_sensitive": false,
        "after_sensitive": {
          "health_check": [
            {}
          ],
          "load_balancer_arns": [],
          "stickiness": [],
          "tags": {},
          "tags_all": {},
          "target_failover": [],
          "target_group_health": [],
          "target_health_state": []
        }
      }
    },
    {
      "address": "module.app_alb.aws_lb_target_group.this[\"docker-tg\"]",
      "module_address": "module.app_alb",
      "mode": "managed",
      "type": "aws_lb_target_group",
      "name": "this",
      "index": "docker-tg",
      "provider_name": "registry.terraform.io/hashicorp/aws",
      "change": {
        "actions": [
          "create"
        ],
        "before": null,
        "after": {
          "deregistration_delay": "300",
          "health_check": [
            {
              "enabled": true,
              "healthy_threshold": 3,
              "interval": 30,
              "matcher": "200-399",
              "path": "/",
              "port": "8080",
              "protocol": "HTTP",
              "unhealthy_threshold": 3
            }
          ],
          "lambda_multi_value_headers_enabled": false,
          "name_prefix": "dock-",
          "port": 8080,
          "protocol": "HTTP",
          "proxy_protocol_v2": false,
          "slow_start": 0,
          "tags": {
            "terraform-aws-modules": "alb"
          },
          "tags_all": {
            "terraform-aws-modules": "alb"
          },
          "target_type": "instance"
        },
        "after_unknown": {
          "arn": true,
          "arn_suffix": true,
          "connection_termination": true,
          "health_check": [
            {
              "timeout": true
            }
          ],
          "id": true,
          "ip_address_type": true,
          "load_balancer_arns": true,
          "load_balancing_algorithm_type": true,
          "load_balancing_anomaly_mitigation": true,
          "load_balancing_cross_zone_enabled": true,
          "name": true,
          "preserve_client_ip": true,
          "protocol_version": true,
          "stickiness": true,
          "tags": {},
          "tags_all": {},
          "target_failover": true,
          "target_group_health": true,
          "target_health_state": true,
          "vpc_id": true
        },
        "before_sensitive": false,
        "after_sensitive": {
          "health_check": [
            {}
          ],
          "load_balancer_arns": [],
          "stickiness": [],
          "tags": {},
          "tags_all": {},
          "target_failover": [],
          "target_group_health": [],
          "target_health_state": []
        }
      }
    },
    {
      "address": "module.app_alb.aws_security_group.this[0]",
      "module_address": "module.app_alb",
      "mode": "managed",
      "type": "aws_security_group",
      "name": "this",
      "index": 0,
      "provider_name": "registry.terraform.io/hashicorp/aws",
      "change": {
        "actions": [
          "create"
        ],
        "before": null,
        "after": {
          "description": "Security group for coalfire-vpc-alb application load balancer",
          "name_prefix": "coalfire-vpc-alb-",
          "revoke_rules_on_delete": false,
          "tags": {
            "terraform-aws-modules": "alb"
          },
          "tags_all": {
            "terraform-aws-modules": "alb"
          },
          "timeouts": null
        },
        "after_unknown": {
          "arn": true,
          "egress": true,
          "id": true,
          "ingress": true,
          "name": true,
          "owner_id": true,
          "tags": {},
          "tags_all": {},
          "vpc_id": true
        },
        "before_sensitive": false,
        "after_sensitive": {
          "egress": [],
          "ingress": [],
          "tags": {},
          "tags_all": {}
        }
      }
    },
    {
      "address": "module.app_alb.aws_vpc_security_group_egress_rule.this[\"all_traffic\"]",
      "module_address": "module.app_alb",
      "mode": "managed",
      "type": "aws_vpc_security_group_egress_rule",
      "name": "this",
      "index": "all_traffic",
      "provider_name": "registry.terraform.io/hashicorp/aws",
      "change": {
        "actions": [
          "create"
        ],
        "before": null,
        "after": {
          "cidr_ipv4": "0.0.0.0/0",
          "cidr_ipv6": null,
          "description": null,
          "from_port": null,
          "ip_protocol": "-1",
          "prefix_list_id": null,
          "referenced_security_group_id": null,
          "tags": {
            "terraform-aws-modules": "alb"
          },
          "tags_all": {
            "terraform-aws-modules": "alb"
          },
          "to_port": null
        },
        "after_unknown": {
          "arn": true,
          "id": true,
          "security_group_id": true,
          "security_group_rule_id": true,
          "tags": {},
          "tags_all": {}
        },
        "before_sensitive": false,
        "after_sensitive": {
          "tags": {},
          "tags_all": {}
        }
      }
    },
    {
      "address": "module.app_alb.aws_vpc_security_group_ingress_rule.this[\"all_8080\"]",
      "module_address": "module.app_alb",
      "mode": "managed",
      "type": "aws_vpc_security_group_ingress_rule",
      "name": "this",
      "index": "all_8080",
      "provider_name": "registry.terraform.io/hashicorp/aws",
      "change": {
        "actions": [
          "create"
        ],
        "before": null,
        "after": {
          "cidr_ipv4": "0.0.0.0/0",
          "cidr_ipv6": null,
          "description": null,
          "from_port": 8080,
          "ip_protocol": "tcp",
          "prefix_list_id": null,
          "referenced_security_group_id": null,
          "tags": {
            "terraform-aws-modules": "alb"
          },
          "tags_all": {
            "terraform-aws-modules": "alb"
          },
          "to_port": 8080
        },
        "after_unknown": {
          "arn": true,
          "id": true,
          "security_group_id": true,
          "security_group_rule_id": true,
          "tags": {},
          "tags_all": {}
        },
        "before_sensitive": false,
        "after_sensitive": {
          "tags": {},
          "tags_all": {}
        }
      }
    },
    {
      "address": "module.app_alb.aws_vpc_security_group_ingress_rule.this[\"all_http\"]",
      "module_address": "module.app_alb",
      "mode": "managed",
      "type": "aws_vpc_security_group_ingress_rule",
      "name": "this",
      "index": "all_http",
      "provider_name": "registry.terraform.io/hashicorp/aws",
      "change": {
        "actions": [
          "create"
        ],
        "before": null,
        "after": {
          "cidr_ipv4": "0.0.0.0/0",
          "cidr_ipv6": null,
          "description": null,
          "from_port": 80,
          "ip_protocol": "tcp",
          "prefix_list_id": null,
          "referenced_security_group_id": null,
          "tags": {
            "terraform-aws-modules": "alb"
          },
          "tags_all": {
            "terraform-aws-modules": "alb"
          },
          "to_port": 80
        },
        "after_unknown": {
          "arn": true,
          "id": true,
          "security_group_id": true,
          "security_group_rule_id": true,
          "tags": {},
          "tags_all": {}
        },
        "before_sensitive": false,
        "after_sensitive": {
          "tags": {},
          "tags_all": {}
        }
      }
    },
    {
      "address": "module.app_ec2.aws_instance.this[0]",
      "module_address": "module.app_ec2",
      "mode": "managed",
      "type": "aws_instance",
      "name": "this",
      "index": 0,
      "provider_name": "registry.terraform.io/hashicorp/aws",
      "change": {
        "actions": [
          "create"
        ],
        "before": null,
        "after": {
          "ami": "ami-026992d753d5622bc",
          "associate_public_ip_address": false,
          "credit_specification": [],
          "ebs_optimized": true,
          "get_password_data": false,
          "hibernation": null,
          "instance_type": "t2.micro",
          "launch_template": [],
          "metadata_options": [
            {
              "http_endpoint": "enabled",
              "http_protocol_ipv6": "disabled",
              "http_put_response_hop_limit": 1,
              "http_tokens": "required",
              "instance_metadata_tags": "enabled"
            }
          ],
          "monitoring": true,
          "root_block_device": [
            {
              "delete_on_termination": true,
              "encrypted": true,
              "tags": null,
              "volume_size": 50,
              "volume_type": "gp3"
            }
          ],
          "source_dest_check": true,
          "tags": {
            "Name": "coalfire-vpc-app-host1",
            "PatchGroup": "1"
          },
          "tags_all": {
            "Name": "coalfire-vpc-app-host1",
            "PatchGroup": "1"
          },
          "timeouts": null,
          "user_data": "03520d56c24eb98d00c062ec8bd3e3d4ad01bba4",
          "user_data_replace_on_change": false,
          "volume_tags": null
        },
        "after_unknown": {
          "arn": true,
          "availability_zone": true,
          "capacity_reservation_specification": true,
          "cpu_core_count": true,
          "cpu_options": true,
          "cpu_threads_per_core": true,
          "credit_specification": [],
          "disable_api_stop": true,
          "disable_api_termination": true,
          "ebs_block_device": true,
          "enable_primary_ipv6": true,
          "enclave_options": true,
          "ephemeral_block_device": true,
          "host_id": true,
          "host_resource_group_arn": true,
          "iam_instance_profile": true,
          "id": true,
          "instance_initiated_shutdown_behavior": true,
          "instance_lifecycle": true,
          "instance_market_options": true,
          "instance_state": true,
          "ipv6_address_count": true,
          "ipv6_addresses": true,
          "key_name": true,
          "launch_template": [],
          "maintenance_options": true,
          "metadata_options": [
            {}
          ],
          "network_interface": true,
          "outpost_arn": true,
          "password_data": true,
          "placement_group": true,
          "placement_partition_number": true,
          "primary_network_interface_id": true,
          "private_dns": true,
          "private_dns_name_options": true,
          "private_ip": true,
          "public_dns": true,
          "public_ip": true,
          "root_block_device": [
            {
              "device_name": true,
              "iops": true,
              "kms_key_id": true,
              "tags_all": true,
              "throughput": true,
              "volume_id": true
            }
          ],
          "secondary_private_ips": true,
          "security_groups": true,
          "spot_instance_request_id": true,
          "subnet_id": true,
          "tags": {},
          "tags_all": {},
          "tenancy": true,
          "user_data_base64": true,
          "vpc_security_group_ids": true
        },
        "before_sensitive": false,
        "after_sensitive": {
          "capacity_reservation_specification": [],
          "cpu_options": [],
          "credit_specification": [],
          "ebs_block_device": [],
          "enclave_options": [],
          "ephemeral_block_device": [],
          "instance_market_options": [],
          "ipv6_addresses": [],
          "launch_template": [],
          "maintenance_options": [],
          "metadata_options": [
            {}
          ],
          "network_interface": [],
          "private_dns_name_options": [],
          "root_block_device": [
            {
              "tags_all": {}
            }
          ],
          "secondary_private_ips": [],
          "security_groups": [],
          "tags": {},
          "tags_all": {},
          "vpc_security_group_ids": []
        }
      }
    },
    {
      "address": "module.app_ec2.aws_instance.this[1]",
      "module_address": "module.app_ec2",
      "mode": "managed",
      "type": "aws_instance",
      "name": "this",
      "index": 1,
      "provider_name": "registry.terraform.io/hashicorp/aws",
      "change": {
        "actions": [
          "create"
        ],
        "before": null,
        "after": {
          "ami": "ami-026992d753d5622bc",
          "associate_public_ip_address": false,
          "credit_specification": [],
          "ebs_optimized": true,
          "get_password_data": false,
          "hibernation": null,
          "instance_type": "t2.micro",
          "launch_template": [],
          "metadata_options": [
            {
              "http_endpoint": "enabled",
              "http_protocol_ipv6": "disabled",
              "http_put_response_hop_limit": 1,
              "http_tokens": "required",
              "instance_metadata_tags": "enabled"
            }
          ],
          "monitoring": true,
          "root_block_device": [
            {
              "delete_on_termination": true,
              "encrypted": true,
              "tags": null,
              "volume_size": 50,
              "volume_type": "gp3"
            }
          ],
          "source_dest_check": true,
          "tags": {
            "Name": "coalfire-vpc-app-host2",
            "PatchGroup": "2"
          },
          "tags_all": {
            "Name": "coalfire-vpc-app-host2",
            "PatchGroup": "2"
          },
          "timeouts": null,
          "user_data": "03520d56c24eb98d00c062ec8bd3e3d4ad01bba4",
          "user_data_replace_on_change": false,
          "volume_tags": null
        },
        "after_unknown": {
          "arn": true,
          "availability_zone": true,
          "capacity_reservation_specification": true,
          "cpu_core_count": true,
          "cpu_options": true,
          "cpu_threads_per_core": true,
          "credit_specification": [],
          "disable_api_stop": true,
          "disable_api_termination": true,
          "ebs_block_device": true,
          "enable_primary_ipv6": true,
          "enclave_options": true,
          "ephemeral_block_device": true,
          "host_id": true,
          "host_resource_group_arn": true,
          "iam_instance_profile": true,
          "id": true,
          "instance_initiated_shutdown_behavior": true,
          "instance_lifecycle": true,
          "instance_market_options": true,
          "instance_state": true,
          "ipv6_address_count": true,
          "ipv6_addresses": true,
          "key_name": true,
          "launch_template": [],
          "maintenance_options": true,
          "metadata_options": [
            {}
          ],
          "network_interface": true,
          "outpost_arn": true,
          "password_data": true,
          "placement_group": true,
          "placement_partition_number": true,
          "primary_network_interface_id": true,
          "private_dns": true,
          "private_dns_name_options": true,
          "private_ip": true,
          "public_dns": true,
          "public_ip": true,
          "root_block_device": [
            {
              "device_name": true,
              "iops": true,
              "kms_key_id": true,
              "tags_all": true,
              "throughput": true,
              "volume_id": true
            }
          ],
          "secondary_private_ips": true,
          "security_groups": true,
          "spot_instance_request_id": true,
          "subnet_id": true,
          "tags": {},
          "tags_all": {},
          "tenancy": true,
          "user_data_base64": true,
          "vpc_security_group_ids": true
        },
        "before_sensitive": false,
        "after_sensitive": {
          "capacity_reservation_specification": [],
          "cpu_options": [],
          "credit_specification": [],
          "ebs_block_device": [],
          "enclave_options": [],
          "ephemeral_block_device": [],
          "instance_market_options": [],
          "ipv6_addresses": [],
          "launch_template": [],
          "maintenance_options": [],
          "metadata_options": [
            {}
          ],
          "network_interface": [],
          "private_dns_name_options": [],
          "root_block_device": [
            {
              "tags_all": {}
            }
          ],
          "secondary_private_ips": [],
          "security_groups": [],
          "tags": {},
          "tags_all": {},
          "vpc_security_group_ids": []
        }
      }
    },
    {
      "address": "module.management_ec2.aws_instance.this[0]",
      "module_address": "module.management_ec2",
      "mode": "managed",
      "type": "aws_instance",
      "name": "this",
      "index": 0,
      "provider_name": "registry.terraform.io/hashicorp/aws",
      "change": {
        "actions": [
          "create"
        ],
        "before": null,
        "after": {
          "ami": "ami-026992d753d5622bc",
          "associate_public_ip_address": true,
          "credit_specification": [],
          "ebs_optimized": true,
          "get_password_data": false,
          "hibernation": null,
          "instance_type": "t2.micro",
          "launch_template": [],
          "metadata_options": [
            {
              "http_endpoint": "enabled",
              "http_protocol_ipv6": "disabled",
              "http_put_response_hop_limit": 1,
              "http_tokens": "required",
              "instance_metadata_tags": "enabled"
            }
          ],
          "monitoring": true,
          "root_block_device": [
            {
              "delete_on_termination": true,
              "encrypted": true,
              "tags": null,
              "volume_size": 50,
              "volume_type": "gp3"
            }
          ],
          "source_dest_check": true,
          "tags": {
            "Name": "coalfire-vpc-bastion",
            "PatchGroup": "1"
          },
          "tags_all": {
            "Name": "coalfire-vpc-bastion",
            "PatchGroup": "1"
          },
          "timeouts": null,
          "user_data_replace_on_change": false,
          "volume_tags": null
        },
        "after_unknown": {
          "arn": true,
          "availability_zone": true,
          "capacity_reservation_specification": true,
          "cpu_core_count": true,
          "cpu_options": true,
          "cpu_threads_per_core": true,
          "credit_specification": [],
          "disable_api_stop": true,
          "disable_api_termination": true,
          "ebs_block_device": true,
          "enable_primary_ipv6": true,
          "enclave_options": true,
          "ephemeral_block_device": true,
          "host_id": true,
          "host_resource_group_arn": true,
          "iam_instance_profile": true,
          "id": true,
          "instance_initiated_shutdown_behavior": true,
          "instance_lifecycle": true,
          "instance_market_options": true,
          "instance_state": true,
          "ipv6_address_count": true,
          "ipv6_addresses": true,
          "key_name": true,
          "launch_template": [],
          "maintenance_options": true,
          "metadata_options": [
            {}
          ],
          "network_interface": true,
          "outpost_arn": true,
          "password_data": true,
          "placement_group": true,
          "placement_partition_number": true,
          "primary_network_interface_id": true,
          "private_dns": true,
          "private_dns_name_options": true,
          "private_ip": true,
          "public_dns": true,
          "public_ip": true,
          "root_block_device": [
            {
              "device_name": true,
              "iops": true,
              "kms_key_id": true,
              "tags_all": true,
              "throughput": true,
              "volume_id": true
            }
          ],
          "secondary_private_ips": true,
          "security_groups": true,
          "spot_instance_request_id": true,
          "subnet_id": true,
          "tags": {},
          "tags_all": {},
          "tenancy": true,
          "user_data": true,
          "user_data_base64": true,
          "vpc_security_group_ids": true
        },
        "before_sensitive": false,
        "after_sensitive": {
          "capacity_reservation_specification": [],
          "cpu_options": [],
          "credit_specification": [],
          "ebs_block_device": [],
          "enclave_options": [],
          "ephemeral_block_device": [],
          "instance_market_options": [],
          "ipv6_addresses": [],
          "launch_template": [],
          "maintenance_options": [],
          "metadata_options": [
            {}
          ],
          "network_interface": [],
          "private_dns_name_options": [],
          "root_block_device": [
            {
              "tags_all": {}
            }
          ],
          "secondary_private_ips": [],
          "security_groups": [],
          "tags": {},
          "tags_all": {},
          "vpc_security_group_ids": []
        }
      }
    },
    {
      "address": "module.web_server_vpc.aws_cloudwatch_log_group.this[0]",
      "module_address": "module.web_server_vpc",
      "mode": "managed",
      "type": "aws_cloudwatch_log_group",
      "name": "this",
      "index": 0,
      "provider_name": "registry.terraform.io/hashicorp/aws",
      "change": {
        "actions": [
          "create"
        ],
        "before": null,
        "after": {
          "kms_key_id": "",
          "retention_in_days": 365,
          "skip_destroy": false,
          "tags": null
        },
        "after_unknown": {
          "arn": true,
          "id": true,
          "log_group_class": true,
          "name": true,
          "name_prefix": true,
          "tags_all": true
        },
        "before_sensitive": false,
        "after_sensitive": {
          "tags_all": {}
        }
      }
    },
    {
      "address": "module.web_server_vpc.aws_default_security_group.default",
      "module_address": "module.web_server_vpc",
      "mode": "managed",
      "type": "aws_default_security_group",
      "name": "default",
      "provider_name": "registry.terraform.io/hashicorp/aws",
      "change": {
        "actions": [
          "create"
        ],
        "before": null,
        "after": {
          "revoke_rules_on_delete": false,
          "tags": null
        },
        "after_unknown": {
          "arn": true,
          "description": true,
          "egress": true,
          "id": true,
          "ingress": true,
          "name": true,
          "name_prefix": true,
          "owner_id": true,
          "tags_all": true,
          "vpc_id": true
        },
        "before_sensitive": false,
        "after_sensitive": {
          "egress": [],
          "ingress": [],
          "tags_all": {}
        }
      }
    },
    {
      "address": "module.web_server_vpc.aws_eip.nat[0]",
      "module_address": "module.web_server_vpc",
      "mode": "managed",
      "type": "aws_eip",
      "name": "nat",
      "index": 0,
      "provider_name": "registry.terraform.io/hashicorp/aws",
      "change": {
        "actions": [
          "create"
        ],
        "before": null,
        "after": {
          "address": null,
          "associate_with_private_ip": null,
          "customer_owned_ipv4_pool": null,
          "domain": "vpc",
          "tags": {
            "Name": "-us-east-1a"
          },
          "tags_all": {
            "Name": "-us-east-1a"
          },
          "timeouts": null
        },
        "after_unknown": {
          "allocation_id": true,
          "arn": true,
          "association_id": true,
          "carrier_ip": true,
          "customer_owned_ip": true,
          "id": true,
          "instance": true,
          "ipam_pool_id": true,
          "network_border_group": true,
          "network_interface": true,
          "private_dns": true,
          "private_ip": true,
          "ptr_record": true,
          "public_dns": true,
          "public_ip": true,
          "public_ipv4_pool": true,
          "tags": {},
          "tags_all": {},
          "vpc": true
        },
        "before_sensitive": false,
        "after_sensitive": {
          "tags": {},
          "tags_all": {}
        }
      }
    },
    {
      "address": "module.web_server_vpc.aws_flow_log.this[0]",
      "module_address": "module.web_server_vpc",
      "mode": "managed",
      "type": "aws_flow_log",
      "name": "this",
      "index": 0,
      "provider_name": "registry.terraform.io/hashicorp/aws",
      "change": {
        "actions": [
          "create"
        ],
        "before": null,
        "after": {
          "deliver_cross_account_role": null,
          "destination_options": [],
          "eni_id": null,
          "log_destination_type": "cloud-watch-logs",
          "max_aggregation_interval": 600,
          "subnet_id": null,
          "tags": null,
          "traffic_type": "ALL",
          "transit_gateway_attachment_id": null,
          "transit_gateway_id": null
        },
        "after_unknown": {
          "arn": true,
          "destination_options": [],
          "iam_role_arn": true,
          "id": true,
          "log_destination": true,
          "log_format": true,
          "log_group_name": true,
          "tags_all": true,
          "vpc_id": true
        },
        "before_sensitive": false,
        "after_sensitive": {
          "destination_options": [],
          "tags_all": {}
        }
      }
    },
    {
      "address": "module.web_server_vpc.aws_iam_policy.flowlogs_policy[0]",
      "module_address": "module.web_server_vpc",
      "mode": "managed",
      "type": "aws_iam_policy",
      "name": "flowlogs_policy",
      "index": 0,
      "provider_name": "registry.terraform.io/hashicorp/aws",
      "change": {
        "actions": [
          "create"
        ],
        "before": null,
        "after": {
          "description": "Policy to allow vpc flow logs to forward logs to Cloudwatch",
          "name": "-flowlogs-cloudwatch-policy",
          "path": "/",
          "policy": "{\"Statement\":[{\"Action\":[\"logs:PutLogEvents\",\"logs:DescribeLogStreams\",\"logs:DescribeLogGroups\",\"logs:CreateLogStream\"],\"Effect\":\"Allow\",\"Resource\":\"*\",\"Sid\":\"AWSVPCFlowLogsPushToCloudWatch\"}],\"Version\":\"2012-10-17\"}",
          "tags": null
        },
        "after_unknown": {
          "arn": true,
          "attachment_count": true,
          "id": true,
          "name_prefix": true,
          "policy_id": true,
          "tags_all": true
        },
        "before_sensitive": false,
        "after_sensitive": {
          "tags_all": {}
        }
      }
    },
    {
      "address": "module.web_server_vpc.aws_iam_role.flowlogs_role[0]",
      "module_address": "module.web_server_vpc",
      "mode": "managed",
      "type": "aws_iam_role",
      "name": "flowlogs_role",
      "index": 0,
      "provider_name": "registry.terraform.io/hashicorp/aws",
      "change": {
        "actions": [
          "create"
        ],
        "before": null,
        "after": {
          "assume_role_policy": "{\"Statement\":[{\"Action\":\"sts:AssumeRole\",\"Effect\":\"Allow\",\"Principal\":{\"Service\":\"vpc-flow-logs.amazonaws.com\"},\"Sid\":\"AWSVPCFlowLogsAssumeRole\"}],\"Version\":\"2012-10-17\"}",
          "description": null,
          "force_detach_policies": false,
          "max_session_duration": 3600,
          "name": "-flowlogs-cloudwatch-role",
          "path": "/",
          "permissions_boundary": null,
          "tags": null
        },
        "after_unknown": {
          "arn": true,
          "create_date": true,
          "id": true,
          "inline_policy": true,
          "managed_policy_arns": true,
          "name_prefix": true,
          "tags_all": true,
          "unique_id": true
        },
        "before_sensitive": false,
        "after_sensitive": {
          "inline_policy": [],
          "managed_policy_arns": [],
          "tags_all": {}
        }
      }
    },
    {
      "address": "module.web_server_vpc.aws_iam_role_policy_attachment.flowlogs_policy[0]",
      "module_address": "module.web_server_vpc",
      "mode": "managed",
      "type": "aws_iam_role_policy_attachment",
      "name": "flowlogs_policy",
      "index": 0,
      "provider_name": "registry.terraform.io/hashicorp/aws",
      "change": {
        "actions": [
          "create"
        ],
        "before": null,
        "after": {
          "role": "-flowlogs-cloudwatch-role"
        },
        "after_unknown": {
          "id": true,
          "policy_arn": true
        },
        "before_sensitive": false,
        "after_sensitive": {}
      }
    },
    {
      "address": "module.web_server_vpc.aws_internet_gateway.this[0]",
      "module_address": "module.web_server_vpc",
      "mode": "managed",
      "type": "aws_internet_gateway",
      "name": "this",
      "index": 0,
      "provider_name": "registry.terraform.io/hashicorp/aws",
      "change": {
        "actions": [
          "create"
        ],
        "before": null,
        "after": {
          "tags": {
            "Name": ""
          },
          "timeouts": null
        },
        "after_unknown": {
          "arn": true,
          "id": true,
          "owner_id": true,
          "tags": {},
          "tags_all": true,
          "vpc_id": true
        },
        "before_sensitive": false,
        "after_sensitive": {
          "tags": {},
          "tags_all": {}
        }
      }
    },
    {
      "address": "module.web_server_vpc.aws_nat_gateway.this[0]",
      "module_address": "module.web_server_vpc",
      "mode": "managed",
      "type": "aws_nat_gateway",
      "name": "this",
      "index": 0,
      "provider_name": "registry.terraform.io/hashicorp/aws",
      "change": {
        "actions": [
          "create"
        ],
        "before": null,
        "after": {
          "connectivity_type": "public",
          "secondary_allocation_ids": null,
          "tags": {
            "Name": "-us-east-1a"
          },
          "tags_all": {
            "Name": "-us-east-1a"
          },
          "timeouts": null
        },
        "after_unknown": {
          "allocation_id": true,
          "association_id": true,
          "id": true,
          "network_interface_id": true,
          "private_ip": true,
          "public_ip": true,
          "secondary_private_ip_address_count": true,
          "secondary_private_ip_addresses": true,
          "subnet_id": true,
          "tags": {},
          "tags_all": {}
        },
        "before_sensitive": false,
        "after_sensitive": {
          "secondary_private_ip_addresses": [],
          "tags": {},
          "tags_all": {}
        }
      }
    },
    {
      "address": "module.web_server_vpc.aws_route.private_nat_gateway[0]",
      "module_address": "module.web_server_vpc",
      "mode": "managed",
      "type": "aws_route",
      "name": "private_nat_gateway",
      "index": 0,
      "provider_name": "registry.terraform.io/hashicorp/aws",
      "change": {
        "actions": [
          "create"
        ],
        "before": null,
        "after": {
          "carrier_gateway_id": null,
          "core_network_arn": null,
          "destination_cidr_block": "0.0.0.0/0",
          "destination_ipv6_cidr_block": null,
          "destination_prefix_list_id": null,
          "egress_only_gateway_id": null,
          "gateway_id": null,
          "local_gateway_id": null,
          "timeouts": {
            "create": "5m",
            "delete": null,
            "update": null
          },
          "transit_gateway_id": null,
          "vpc_endpoint_id": null,
          "vpc_peering_connection_id": null
        },
        "after_unknown": {
          "id": true,
          "instance_id": true,
          "instance_owner_id": true,
          "nat_gateway_id": true,
          "network_interface_id": true,
          "origin": true,
          "route_table_id": true,
          "state": true,
          "timeouts": {}
        },
        "before_sensitive": false,
        "after_sensitive": {
          "timeouts": {}
        }
      }
    },
    {
      "address": "module.web_server_vpc.aws_route.public_internet_gateway[0]",
      "module_address": "module.web_server_vpc",
      "mode": "managed",
      "type": "aws_route",
      "name": "public_internet_gateway",
      "index": 0,
      "provider_name": "registry.terraform.io/hashicorp/aws",
      "change": {
        "actions": [
          "create"
        ],
        "before": null,
        "after": {
          "carrier_gateway_id": null,
          "core_network_arn": null,
          "destination_cidr_block": "0.0.0.0/0",
          "destination_ipv6_cidr_block": null,
          "destination_prefix_list_id": null,
          "egress_only_gateway_id": null,
          "local_gateway_id": null,
          "nat_gateway_id": null,
          "timeouts": {
            "create": "5m",
            "delete": null,
            "update": null
          },
          "transit_gateway_id": null,
          "vpc_endpoint_id": null,
          "vpc_peering_connection_id": null
        },
        "after_unknown": {
          "gateway_id": true,
          "id": true,
          "instance_id": true,
          "instance_owner_id": true,
          "network_interface_id": true,
          "origin": true,
          "route_table_id": true,
          "state": true,
          "timeouts": {}
        },
        "before_sensitive": false,
        "after_sensitive": {
          "timeouts": {}
        }
      }
    },
    {
      "address": "module.web_server_vpc.aws_route.public_internet_gateway[1]",
      "module_address": "module.web_server_vpc",
      "mode": "managed",
      "type": "aws_route",
      "name": "public_internet_gateway",
      "index": 1,
      "provider_name": "registry.terraform.io/hashicorp/aws",
      "change": {
        "actions": [
          "create"
        ],
        "before": null,
        "after": {
          "carrier_gateway_id": null,
          "core_network_arn": null,
          "destination_cidr_block": "0.0.0.0/0",
          "destination_ipv6_cidr_block": null,
          "destination_prefix_list_id": null,
          "egress_only_gateway_id": null,
          "local_gateway_id": null,
          "nat_gateway_id": null,
          "timeouts": {
            "create": "5m",
            "delete": null,
            "update": null
          },
          "transit_gateway_id": null,
          "vpc_endpoint_id": null,
          "vpc_peering_connection_id": null
        },
        "after_unknown": {
          "gateway_id": true,
          "id": true,
          "instance_id": true,
          "instance_owner_id": true,
          "network_interface_id": true,
          "origin": true,
          "route_table_id": true,
          "state": true,
          "timeouts": {}
        },
        "before_sensitive": false,
        "after_sensitive": {
          "timeouts": {}
        }
      }
    },
    {
      "address": "module.web_server_vpc.aws_route53_resolver_dnssec_config.vpc_resolver_dnssec",
      "module_address": "module.web_server_vpc",
      "mode": "managed",
      "type": "aws_route53_resolver_dnssec_config",
      "name": "vpc_resolver_dnssec",
      "provider_name": "registry.terraform.io/hashicorp/aws",
      "change": {
        "actions": [
          "create"
        ],
        "before": null,
        "after": {},
        "after_unknown": {
          "arn": true,
          "id": true,
          "owner_id": true,
          "resource_id": true,
          "validation_status": true
        },
        "before_sensitive": false,
        "after_sensitive": {}
      }
    },
    {
      "address": "module.web_server_vpc.aws_route_table.private[0]",
      "module_address": "module.web_server_vpc",
      "mode": "managed",
      "type": "aws_route_table",
      "name": "private",
      "index": 0,
      "provider_name": "registry.terraform.io/hashicorp/aws",
      "change": {
        "actions": [
          "create"
        ],
        "before": null,
        "after": {
          "tags": {
            "Name": "-private"
          },
          "tags_all": {
            "Name": "-private"
          },
          "timeouts": null
        },
        "after_unknown": {
          "arn": true,
          "id": true,
          "owner_id": true,
          "propagating_vgws": true,
          "route": true,
          "tags": {},
          "tags_all": {},
          "vpc_id": true
        },
        "before_sensitive": false,
        "after_sensitive": {
          "propagating_vgws": [],
          "route": [],
          "tags": {},
          "tags_all": {}
        }
      }
    },
    {
      "address": "module.web_server_vpc.aws_route_table.public[0]",
      "module_address": "module.web_server_vpc",
      "mode": "managed",
      "type": "aws_route_table",
      "name": "public",
      "index": 0,
      "provider_name": "registry.terraform.io/hashicorp/aws",
      "change": {
        "actions": [
          "create"
        ],
        "before": null,
        "after": {
          "tags": {
            "Name": "-public-us-east-1a-rtb"
          },
          "tags_all": {
            "Name": "-public-us-east-1a-rtb"
          },
          "timeouts": null
        },
        "after_unknown": {
          "arn": true,
          "id": true,
          "owner_id": true,
          "propagating_vgws": true,
          "route": true,
          "tags": {},
          "tags_all": {},
          "vpc_id": true
        },
        "before_sensitive": false,
        "after_sensitive": {
          "propagating_vgws": [],
          "route": [],
          "tags": {},
          "tags_all": {}
        }
      }
    },
    {
      "address": "module.web_server_vpc.aws_route_table.public[1]",
      "module_address": "module.web_server_vpc",
      "mode": "managed",
      "type": "aws_route_table",
      "name": "public",
      "index": 1,
      "provider_name": "registry.terraform.io/hashicorp/aws",
      "change": {
        "actions": [
          "create"
        ],
        "before": null,
        "after": {
          "tags": {
            "Name": "-public-us-east-1b-rtb"
          },
          "tags_all": {
            "Name": "-public-us-east-1b-rtb"
          },
          "timeouts": null
        },
        "after_unknown": {
          "arn": true,
          "id": true,
          "owner_id": true,
          "propagating_vgws": true,
          "route": true,
          "tags": {},
          "tags_all": {},
          "vpc_id": true
        },
        "before_sensitive": false,
        "after_sensitive": {
          "propagating_vgws": [],
          "route": [],
          "tags": {},
          "tags_all": {}
        }
      }
    },
    {
      "address": "module.web_server_vpc.aws_route_table_association.private[0]",
      "module_address": "module.web_server_vpc",
      "mode": "managed",
      "type": "aws_route_table_association",
      "name": "private",
      "index": 0,
      "provider_name": "registry.terraform.io/hashicorp/aws",
      "change": {
        "actions": [
          "create"
        ],
        "before": null,
        "after": {
          "gateway_id": null,
          "timeouts": null
        },
        "after_unknown": {
          "id": true,
          "route_table_id": true,
          "subnet_id": true
        },
        "before_sensitive": false,
        "after_sensitive": {}
      }
    },
    {
      "address": "module.web_server_vpc.aws_route_table_association.public[0]",
      "module_address": "module.web_server_vpc",
      "mode": "managed",
      "type": "aws_route_table_association",
      "name": "public",
      "index": 0,
      "provider_name": "registry.terraform.io/hashicorp/aws",
      "change": {
        "actions": [
          "create"
        ],
        "before": null,
        "after": {
          "gateway_id": null,
          "timeouts": null
        },
        "after_unknown": {
          "id": true,
          "route_table_id": true,
          "subnet_id": true
        },
        "before_sensitive": false,
        "after_sensitive": {}
      }
    },
    {
      "address": "module.web_server_vpc.aws_route_table_association.public[1]",
      "module_address": "module.web_server_vpc",
      "mode": "managed",
      "type": "aws_route_table_association",
      "name": "public",
      "index": 1,
      "provider_name": "registry.terraform.io/hashicorp/aws",
      "change": {
        "actions": [
          "create"
        ],
        "before": null,
        "after": {
          "gateway_id": null,
          "timeouts": null
        },
        "after_unknown": {
          "id": true,
          "route_table_id": true,
          "subnet_id": true
        },
        "before_sensitive": false,
        "after_sensitive": {}
      }
    },
    {
      "address": "module.web_server_vpc.aws_subnet.private[0]",
      "module_address": "module.web_server_vpc",
      "mode": "managed",
      "type": "aws_subnet",
      "name": "private",
      "index": 0,
      "provider_name": "registry.terraform.io/hashicorp/aws",
      "change": {
        "actions": [
          "create"
        ],
        "before": null,
        "after": {
          "assign_ipv6_address_on_creation": false,
          "availability_zone": "us-east-1a",
          "cidr_block": "10.1.2.0/24",
          "customer_owned_ipv4_pool": null,
          "enable_dns64": false,
          "enable_lni_at_device_index": null,
          "enable_resource_name_dns_a_record_on_launch": false,
          "enable_resource_name_dns_aaaa_record_on_launch": false,
          "ipv6_cidr_block": null,
          "ipv6_native": false,
          "map_customer_owned_ip_on_launch": null,
          "map_public_ip_on_launch": false,
          "outpost_arn": null,
          "tags": {
            "Name": "-application-us-east-1a"
          },
          "tags_all": {
            "Name": "-application-us-east-1a"
          },
          "timeouts": null
        },
        "after_unknown": {
          "arn": true,
          "availability_zone_id": true,
          "id": true,
          "ipv6_cidr_block_association_id": true,
          "owner_id": true,
          "private_dns_hostname_type_on_launch": true,
          "tags": {},
          "tags_all": {},
          "vpc_id": true
        },
        "before_sensitive": false,
        "after_sensitive": {
          "tags": {},
          "tags_all": {}
        }
      }
    },
    {
      "address": "module.web_server_vpc.aws_subnet.public[0]",
      "module_address": "module.web_server_vpc",
      "mode": "managed",
      "type": "aws_subnet",
      "name": "public",
      "index": 0,
      "provider_name": "registry.terraform.io/hashicorp/aws",
      "change": {
        "actions": [
          "create"
        ],
        "before": null,
        "after": {
          "assign_ipv6_address_on_creation": false,
          "availability_zone": "us-east-1a",
          "cidr_block": "10.1.1.0/24",
          "customer_owned_ipv4_pool": null,
          "enable_dns64": false,
          "enable_lni_at_device_index": null,
          "enable_resource_name_dns_a_record_on_launch": false,
          "enable_resource_name_dns_aaaa_record_on_launch": false,
          "ipv6_cidr_block": null,
          "ipv6_native": false,
          "map_customer_owned_ip_on_launch": null,
          "map_public_ip_on_launch": true,
          "outpost_arn": null,
          "tags": {
            "Name": "-management-us-east-1a"
          },
          "tags_all": {
            "Name": "-management-us-east-1a"
          },
          "timeouts": null
        },
        "after_unknown": {
          "arn": true,
          "availability_zone_id": true,
          "id": true,
          "ipv6_cidr_block_association_id": true,
          "owner_id": true,
          "private_dns_hostname_type_on_launch": true,
          "tags": {},
          "tags_all": {},
          "vpc_id": true
        },
        "before_sensitive": false,
        "after_sensitive": {
          "tags": {},
          "tags_all": {}
        }
      }
    },
    {
      "address": "module.web_server_vpc.aws_subnet.public[1]",
      "module_address": "module.web_server_vpc",
      "mode": "managed",
      "type": "aws_subnet",
      "name": "public",
      "index": 1,
      "provider_name": "registry.terraform.io/hashicorp/aws",
      "change": {
        "actions": [
          "create"
        ],
        "before": null,
        "after": {
          "assign_ipv6_address_on_creation": false,
          "availability_zone": "us-east-1b",
          "cidr_block": "10.1.11.0/24",
          "customer_owned_ipv4_pool": null,
          "enable_dns64": false,
          "enable_lni_at_device_index": null,
          "enable_resource_name_dns_a_record_on_launch": false,
          "enable_resource_name_dns_aaaa_record_on_launch": false,
          "ipv6_cidr_block": null,
          "ipv6_native": false,
          "map_customer_owned_ip_on_launch": null,
          "map_public_ip_on_launch": true,
          "outpost_arn": null,
          "tags": {
            "Name": "-management-secondary-us-east-1b"
          },
          "tags_all": {
            "Name": "-management-secondary-us-east-1b"
          },
          "timeouts": null
        },
        "after_unknown": {
          "arn": true,
          "availability_zone_id": true,
          "id": true,
          "ipv6_cidr_block_association_id": true,
          "owner_id": true,
          "private_dns_hostname_type_on_launch": true,
          "tags": {},
          "tags_all": {},
          "vpc_id": true
        },
        "before_sensitive": false,
        "after_sensitive": {
          "tags": {},
          "tags_all": {}
        }
      }
    },
    {
      "address": "module.web_server_vpc.aws_vpc.this",
      "module_address": "module.web_server_vpc",
      "mode": "managed",
      "type": "aws_vpc",
      "name": "this",
      "provider_name": "registry.terraform.io/hashicorp/aws",
      "change": {
        "actions": [
          "create"
        ],
        "before": null,
        "after": {
          "assign_generated_ipv6_cidr_block": false,
          "cidr_block": "10.1.0.0/16",
          "enable_dns_hostnames": true,
          "enable_dns_support": true,
          "instance_tenancy": "default",
          "ipv4_ipam_pool_id": null,
          "ipv4_netmask_length": null,
          "ipv6_ipam_pool_id": null,
          "ipv6_netmask_length": null,
          "tags": {
            "Name": "coalfire-vpc"
          },
          "tags_all": {
            "Name": "coalfire-vpc"
          }
        },
        "after_unknown": {
          "arn": true,
          "default_network_acl_id": true,
          "default_route_table_id": true,
          "default_security_group_id": true,
          "dhcp_options_id": true,
          "enable_network_address_usage_metrics": true,
          "id": true,
          "ipv6_association_id": true,
          "ipv6_cidr_block": true,
          "ipv6_cidr_block_network_border_group": true,
          "main_route_table_id": true,
          "owner_id": true,
          "tags": {},
          "tags_all": {}
        },
        "before_sensitive": false,
        "after_sensitive": {
          "tags": {},
          "tags_all": {}
        }
      }
    },
    {
      "address": "module.app_ec2.module.security_group.aws_security_group.this",
      "module_address": "module.app_ec2.module.security_group",
      "mode": "managed",
      "type": "aws_security_group",
      "name": "this",
      "provider_name": "registry.terraform.io/hashicorp/aws",
      "change": {
        "actions": [
          "create"
        ],
        "before": null,
        "after": {
          "description": "Managed by Terraform",
          "name": "coalfire-vpc-app-host-sg",
          "revoke_rules_on_delete": false,
          "tags": null,
          "timeouts": null
        },
        "after_unknown": {
          "arn": true,
          "egress": true,
          "id": true,
          "ingress": true,
          "name_prefix": true,
          "owner_id": true,
          "tags_all": true,
          "vpc_id": true
        },
        "before_sensitive": false,
        "after_sensitive": {
          "egress": [],
          "ingress": [],
          "tags_all": {}
        }
      }
    },
    {
      "address": "module.app_ec2.module.security_group.aws_vpc_security_group_egress_rule.this[\"allow_all\"]",
      "module_address": "module.app_ec2.module.security_group",
      "mode": "managed",
      "type": "aws_vpc_security_group_egress_rule",
      "name": "this",
      "index": "allow_all",
      "provider_name": "registry.terraform.io/hashicorp/aws",
      "change": {
        "actions": [
          "create"
        ],
        "before": null,
        "after": {
          "cidr_ipv4": "0.0.0.0/0",
          "cidr_ipv6": null,
          "description": "Managed by Terraform",
          "from_port": null,
          "ip_protocol": "-1",
          "prefix_list_id": null,
          "referenced_security_group_id": null,
          "tags": null,
          "tags_all": {},
          "to_port": null
        },
        "after_unknown": {
          "arn": true,
          "id": true,
          "security_group_id": true,
          "security_group_rule_id": true,
          "tags_all": {}
        },
        "before_sensitive": false,
        "after_sensitive": {
          "tags_all": {}
        }
      }
    },
    {
      "address": "module.app_ec2.module.security_group.aws_vpc_security_group_ingress_rule.this[\"alb_80\"]",
      "module_address": "module.app_ec2.module.security_group",
      "mode": "managed",
      "type": "aws_vpc_security_group_ingress_rule",
      "name": "this",
      "index": "alb_80",
      "provider_name": "registry.terraform.io/hashicorp/aws",
      "change": {
        "actions": [
          "create"
        ],
        "before": null,
        "after": {
          "cidr_ipv4": null,
          "cidr_ipv6": null,
          "description": "Managed by Terraform",
          "from_port": 80,
          "ip_protocol": "tcp",
          "prefix_list_id": null,
          "tags": null,
          "tags_all": {},
          "to_port": 80
        },
        "after_unknown": {
          "arn": true,
          "id": true,
          "referenced_security_group_id": true,
          "security_group_id": true,
          "security_group_rule_id": true,
          "tags_all": {}
        },
        "before_sensitive": false,
        "after_sensitive": {
          "tags_all": {}
        }
      }
    },
    {
      "address": "module.app_ec2.module.security_group.aws_vpc_security_group_ingress_rule.this[\"alb_8080\"]",
      "module_address": "module.app_ec2.module.security_group",
      "mode": "managed",
      "type": "aws_vpc_security_group_ingress_rule",
      "name": "this",
      "index": "alb_8080",
      "provider_name": "registry.terraform.io/hashicorp/aws",
      "change": {
        "actions": [
          "create"
        ],
        "before": null,
        "after": {
          "cidr_ipv4": null,
          "cidr_ipv6": null,
          "description": "Managed by Terraform",
          "from_port": 8080,
          "ip_protocol": "tcp",
          "prefix_list_id": null,
          "tags": null,
          "tags_all": {},
          "to_port": 8080
        },
        "after_unknown": {
          "arn": true,
          "id": true,
          "referenced_security_group_id": true,
          "security_group_id": true,
          "security_group_rule_id": true,
          "tags_all": {}
        },
        "before_sensitive": false,
        "after_sensitive": {
          "tags_all": {}
        }
      }
    },
    {
      "address": "module.app_ec2.module.security_group.aws_vpc_security_group_ingress_rule.this[\"ssh_from_bastion\"]",
      "module_address": "module.app_ec2.module.security_group",
      "mode": "managed",
      "type": "aws_vpc_security_group_ingress_rule",
      "name": "this",
      "index": "ssh_from_bastion",
      "provider_name": "registry.terraform.io/hashicorp/aws",
      "change": {
        "actions": [
          "create"
        ],
        "before": null,
        "after": {
          "cidr_ipv4": null,
          "cidr_ipv6": null,
          "description": "Managed by Terraform",
          "from_port": 22,
          "ip_protocol": "tcp",
          "prefix_list_id": null,
          "tags": null,
          "tags_all": {},
          "to_port": 22
        },
        "after_unknown": {
          "arn": true,
          "id": true,
          "referenced_security_group_id": true,
          "security_group_id": true,
          "security_group_rule_id": true,
          "tags_all": {}
        },
        "before_sensitive": false,
        "after_sensitive": {
          "tags_all": {}
        }
      }
    },
    {
      "address": "module.management_ec2.module.security_group.aws_security_group.this",
      "module_address": "module.management_ec2.module.security_group",
      "mode": "managed",
      "type": "aws_security_group",
      "name": "this",
      "provider_name": "registry.terraform.io/hashicorp/aws",
      "change": {
        "actions": [
          "create"
        ],
        "before": null,
        "after": {
          "description": "Managed by Terraform",
          "name": "coalfire-vpc-bastion-sg",
          "revoke_rules_on_delete": false,
          "tags": null,
          "timeouts": null
        },
        "after_unknown": {
          "arn": true,
          "egress": true,
          "id": true,
          "ingress": true,
          "name_prefix": true,
          "owner_id": true,
          "tags_all": true,
          "vpc_id": true
        },
        "before_sensitive": false,
        "after_sensitive": {
          "egress": [],
          "ingress": [],
          "tags_all": {}
        }
      }
    },
    {
      "address": "module.management_ec2.module.security_group.aws_vpc_security_group_egress_rule.this[\"allow_all\"]",
      "module_address": "module.management_ec2.module.security_group",
      "mode": "managed",
      "type": "aws_vpc_security_group_egress_rule",
      "name": "this",
      "index": "allow_all",
      "provider_name": "registry.terraform.io/hashicorp/aws",
      "change": {
        "actions": [
          "create"
        ],
        "before": null,
        "after": {
          "cidr_ipv4": "0.0.0.0/0",
          "cidr_ipv6": null,
          "description": "Managed by Terraform",
          "from_port": null,
          "ip_protocol": "-1",
          "prefix_list_id": null,
          "referenced_security_group_id": null,
          "tags": null,
          "tags_all": {},
          "to_port": null
        },
        "after_unknown": {
          "arn": true,
          "id": true,
          "security_group_id": true,
          "security_group_rule_id": true,
          "tags_all": {}
        },
        "before_sensitive": false,
        "after_sensitive": {
          "tags_all": {}
        }
      }
    },
    {
      "address": "module.management_ec2.module.security_group.aws_vpc_security_group_ingress_rule.this[\"ssh_from_admin\"]",
      "module_address": "module.management_ec2.module.security_group",
      "mode": "managed",
      "type": "aws_vpc_security_group_ingress_rule",
      "name": "this",
      "index": "ssh_from_admin",
      "provider_name": "registry.terraform.io/hashicorp/aws",
      "change": {
        "actions": [
          "create"
        ],
        "before": null,
        "after": {
          "cidr_ipv4": "0.0.0.0/0",
          "cidr_ipv6": null,
          "description": "Managed by Terraform",
          "from_port": 22,
          "ip_protocol": "tcp",
          "prefix_list_id": null,
          "referenced_security_group_id": null,
          "tags": null,
          "tags_all": {},
          "to_port": 22
        },
        "after_unknown": {
          "arn": true,
          "id": true,
          "security_group_id": true,
          "security_group_rule_id": true,
          "tags_all": {}
        },
        "before_sensitive": false,
        "after_sensitive": {
          "tags_all": {}
        }
      }
    }
  ],
  "output_changes": {
    "apache_url": {
      "actions": [
        "create"
      ],
      "before": null,
      "after_unknown": true,
      "before_sensitive": false,
      "after_sensitive": false
    },
    "docker_2048_url": {
      "actions": [
        "create"
      ],
      "before": null,
      "after_unknown": true,
      "before_sensitive": false,
      "after_sensitive": false
    }
  },
  "prior_state": {
    "format_version": "1.0",
    "terraform_version": "1.14.4",
    "values": {
      "root_module": {
        "resources": [
          {
            "address": "data.aws_ami.linux",
            "mode": "data",
            "type": "aws_ami",
            "name": "linux",
            "provider_name": "registry.terraform.io/hashicorp/aws",
            "schema_version": 0,
            "values": {
              "architecture": "x86_64",
              "arn": "arn:aws:ec2:us-east-1::image/ami-026992d753d5622bc",
              "block_device_mappings": [
                {
                  "device_name": "/dev/xvda",
                  "ebs": {
                    "delete_on_termination": "true",
                    "encrypted": "false",
                    "iops": "0",
                    "snapshot_id": "snap-0f6b38d2e7b1cb84e",
                    "throughput": "0",
                    "volume_initialization_rate": "0",
                    "volume_size": "8",
                    "volume_type": "gp2"
                  },
                  "no_device": "",
                  "virtual_name": ""
                }
              ],
              "boot_mode": "",
              "creation_date": "2026-01-16T23:17:36.000Z",
              "deprecation_time": "2026-04-16T23:23:00.000Z",
              "description": "Amazon Linux 2 AMI 2.0.20260120.1 x86_64 HVM gp2",
              "ena_support": true,
              "executable_users": null,
              "filter": [
                {
                  "name": "name",
                  "values": [
                    "amzn2-ami-hvm-*-x86_64-gp2"
                  ]
                },
                {
                  "name": "virtualization-type",
                  "values": [
                    "hvm"
                  ]
                }
              ],
              "hypervisor": "xen",
              "id": "ami-026992d753d5622bc",
              "image_id": "ami-026992d753d5622bc",
              "image_location": "amazon/amzn2-ami-hvm-2.0.20260120.1-x86_64-gp2",
              "image_owner_alias": "amazon",
              "image_type": "machine",
              "imds_support": "",
              "include_deprecated": false,
              "kernel_id": "",
              "last_launched_time": "",
              "most_recent": true,
              "name": "amzn2-ami-hvm-2.0.20260120.1-x86_64-gp2",
              "name_regex": null,
              "owner_id": "137112412989",
              "owners": [
                "amazon"
              ],
              "platform": "",
              "platform_details": "Linux/UNIX",
              "product_codes": [],
              "public": true,
              "ramdisk_id": "",
              "root_device_name": "/dev/xvda",
              "root_device_type": "ebs",
              "root_snapshot_id": "snap-0f6b38d2e7b1cb84e",
              "sriov_net_support": "simple",
              "state": "available",
              "state_reason": {
                "code": "UNSET",
                "message": "UNSET"
              },
              "tags": {},
              "timeouts": null,
              "tpm_support": "",
              "uefi_data": null,
              "usage_operation": "RunInstances",
              "virtualization_type": "hvm"
            },
            "sensitive_values": {
              "block_device_mappings": [
                {
                  "ebs": {}
                }
              ],
              "filter": [
                {
                  "values": [
                    false
                  ]
                },
                {
                  "values": [
                    false
                  ]
                }
              ],
              "owners": [
                false
              ],
              "product_codes": [],
              "state_reason": {},
              "tags": {}
            }
          },
          {
            "address": "data.aws_availability_zones.available",
            "mode": "data",
            "type": "aws_availability_zones",
            "name": "available",
            "provider_name": "registry.terraform.io/hashicorp/aws",
            "schema_version": 0,
            "values": {
              "all_availability_zones": null,
              "exclude_names": null,
              "exclude_zone_ids": null,
              "filter": null,
              "group_names": [
                "us-east-1-zg-1"
              ],
              "id": "us-east-1",
              "names": [
                "us-east-1a",
                "us-east-1b",
                "us-east-1c",
                "us-east-1d",
                "us-east-1e",
                "us-east-1f"
              ],
              "state": "available",
              "timeouts": null,
              "zone_ids": [
                "use1-az2",
                "use1-az4",
                "use1-az6",
                "use1-az1",
                "use1-az3",
                "use1-az5"
              ]
            },
            "sensitive_values": {
              "group_names": [
                false
              ],
              "names": [
                false,
                false,
                false,
                false,
                false,
                false
              ],
              "zone_ids": [
                false,
                false,
                false,
                false,
                false,
                false
              ]
            }
          }
        ],
        "child_modules": [
          {
            "resources": [
              {
                "address": "module.app_alb.data.aws_partition.current",
                "mode": "data",
                "type": "aws_partition",
                "name": "current",
                "provider_name": "registry.terraform.io/hashicorp/aws",
                "schema_version": 0,
                "values": {
                  "dns_suffix": "amazonaws.com",
                  "id": "aws",
                  "partition": "aws",
                  "reverse_dns_prefix": "com.amazonaws"
                },
                "sensitive_values": {}
              }
            ],
            "address": "module.app_alb"
          },
          {
            "resources": [
              {
                "address": "module.app_ec2.data.aws_iam_policy.AmazonSSMManagedInstanceCore",
                "mode": "data",
                "type": "aws_iam_policy",
                "name": "AmazonSSMManagedInstanceCore",
                "provider_name": "registry.terraform.io/hashicorp/aws",
                "schema_version": 0,
                "values": {
                  "arn": "arn:aws:iam::aws:policy/AmazonSSMManagedInstanceCore",
                  "attachment_count": 0,
                  "description": "The policy for Amazon EC2 Role to enable AWS Systems Manager service core functionality.",
                  "id": "arn:aws:iam::aws:policy/AmazonSSMManagedInstanceCore",
                  "name": "AmazonSSMManagedInstanceCore",
                  "path": "/",
                  "path_prefix": null,
                  "policy": "{\n    \"Version\": \"2012-10-17\",\n    \"Statement\": [\n        {\n            \"Effect\": \"Allow\",\n            \"Action\": [\n                \"ssm:DescribeAssociation\",\n                \"ssm:GetDeployablePatchSnapshotForInstance\",\n                \"ssm:GetDocument\",\n                \"ssm:DescribeDocument\",\n                \"ssm:GetManifest\",\n                \"ssm:GetParameter\",\n                \"ssm:GetParameters\",\n                \"ssm:ListAssociations\",\n                \"ssm:ListInstanceAssociations\",\n                \"ssm:PutInventory\",\n                \"ssm:PutComplianceItems\",\n                \"ssm:PutConfigurePackageResult\",\n                \"ssm:UpdateAssociationStatus\",\n                \"ssm:UpdateInstanceAssociationStatus\",\n                \"ssm:UpdateInstanceInformation\"\n            ],\n            \"Resource\": \"*\"\n        },\n        {\n            \"Effect\": \"Allow\",\n            \"Action\": [\n                \"ssmmessages:CreateControlChannel\",\n                \"ssmmessages:CreateDataChannel\",\n                \"ssmmessages:OpenControlChannel\",\n                \"ssmmessages:OpenDataChannel\"\n            ],\n            \"Resource\": \"*\"\n        },\n        {\n            \"Effect\": \"Allow\",\n            \"Action\": [\n                \"ec2messages:AcknowledgeMessage\",\n                \"ec2messages:DeleteMessage\",\n                \"ec2messages:FailMessage\",\n                \"ec2messages:GetEndpoint\",\n                \"ec2messages:GetMessages\",\n                \"ec2messages:SendReply\"\n            ],\n            \"Resource\": \"*\"\n        }\n    ]\n}",
                  "policy_id": "ANPAIXSHM2BNB2D3AXXRU",
                  "tags": {}
                },
                "sensitive_values": {
                  "tags": {}
                }
              }
            ],
            "address": "module.app_ec2"
          },
          {
            "resources": [
              {
                "address": "module.management_ec2.data.aws_iam_policy.AmazonSSMManagedInstanceCore",
                "mode": "data",
                "type": "aws_iam_policy",
                "name": "AmazonSSMManagedInstanceCore",
                "provider_name": "registry.terraform.io/hashicorp/aws",
                "schema_version": 0,
                "values": {
                  "arn": "arn:aws:iam::aws:policy/AmazonSSMManagedInstanceCore",
                  "attachment_count": 0,
                  "description": "The policy for Amazon EC2 Role to enable AWS Systems Manager service core functionality.",
                  "id": "arn:aws:iam::aws:policy/AmazonSSMManagedInstanceCore",
                  "name": "AmazonSSMManagedInstanceCore",
                  "path": "/",
                  "path_prefix": null,
                  "policy": "{\n    \"Version\": \"2012-10-17\",\n    \"Statement\": [\n        {\n            \"Effect\": \"Allow\",\n            \"Action\": [\n                \"ssm:DescribeAssociation\",\n                \"ssm:GetDeployablePatchSnapshotForInstance\",\n                \"ssm:GetDocument\",\n                \"ssm:DescribeDocument\",\n                \"ssm:GetManifest\",\n                \"ssm:GetParameter\",\n                \"ssm:GetParameters\",\n                \"ssm:ListAssociations\",\n                \"ssm:ListInstanceAssociations\",\n                \"ssm:PutInventory\",\n                \"ssm:PutComplianceItems\",\n                \"ssm:PutConfigurePackageResult\",\n                \"ssm:UpdateAssociationStatus\",\n                \"ssm:UpdateInstanceAssociationStatus\",\n                \"ssm:UpdateInstanceInformation\"\n            ],\n            \"Resource\": \"*\"\n        },\n        {\n            \"Effect\": \"Allow\",\n            \"Action\": [\n                \"ssmmessages:CreateControlChannel\",\n                \"ssmmessages:CreateDataChannel\",\n                \"ssmmessages:OpenControlChannel\",\n                \"ssmmessages:OpenDataChannel\"\n            ],\n            \"Resource\": \"*\"\n        },\n        {\n            \"Effect\": \"Allow\",\n            \"Action\": [\n                \"ec2messages:AcknowledgeMessage\",\n                \"ec2messages:DeleteMessage\",\n                \"ec2messages:FailMessage\",\n                \"ec2messages:GetEndpoint\",\n                \"ec2messages:GetMessages\",\n                \"ec2messages:SendReply\"\n            ],\n            \"Resource\": \"*\"\n        }\n    ]\n}",
                  "policy_id": "ANPAIXSHM2BNB2D3AXXRU",
                  "tags": {}
                },
                "sensitive_values": {
                  "tags": {}
                }
              }
            ],
            "address": "module.management_ec2"
          },
          {
            "resources": [
              {
                "address": "module.web_server_vpc.data.aws_iam_policy_document.flow_log_cloudwatch_assume_role[0]",
                "mode": "data",
                "type": "aws_iam_policy_document",
                "name": "flow_log_cloudwatch_assume_role",
                "index": 0,
                "provider_name": "registry.terraform.io/hashicorp/aws",
                "schema_version": 0,
                "values": {
                  "id": "1021377347",
                  "json": "{\n  \"Version\": \"2012-10-17\",\n  \"Statement\": [\n    {\n      \"Sid\": \"AWSVPCFlowLogsAssumeRole\",\n      \"Effect\": \"Allow\",\n      \"Action\": \"sts:AssumeRole\",\n      \"Principal\": {\n        \"Service\": \"vpc-flow-logs.amazonaws.com\"\n      }\n    }\n  ]\n}",
                  "minified_json": "{\"Version\":\"2012-10-17\",\"Statement\":[{\"Sid\":\"AWSVPCFlowLogsAssumeRole\",\"Effect\":\"Allow\",\"Action\":\"sts:AssumeRole\",\"Principal\":{\"Service\":\"vpc-flow-logs.amazonaws.com\"}}]}",
                  "override_json": null,
                  "override_policy_documents": null,
                  "policy_id": null,
                  "source_json": null,
                  "source_policy_documents": null,
                  "statement": [
                    {
                      "actions": [
                        "sts:AssumeRole"
                      ],
                      "condition": [],
                      "effect": "Allow",
                      "not_actions": [],
                      "not_principals": [],
                      "not_resources": [],
                      "principals": [
                        {
                          "identifiers": [
                            "vpc-flow-logs.amazonaws.com"
                          ],
                          "type": "Service"
                        }
                      ],
                      "resources": [],
                      "sid": "AWSVPCFlowLogsAssumeRole"
                    }
                  ],
                  "version": "2012-10-17"
                },
                "sensitive_values": {
                  "statement": [
                    {
                      "actions": [
                        false
                      ],
                      "condition": [],
                      "not_actions": [],
                      "not_principals": [],
                      "not_resources": [],
                      "principals": [
                        {
                          "identifiers": [
                            false
                          ]
                        }
                      ],
                      "resources": []
                    }
                  ]
                }
              },
              {
                "address": "module.web_server_vpc.data.aws_iam_policy_document.vpc_flow_log_cloudwatch[0]",
                "mode": "data",
                "type": "aws_iam_policy_document",
                "name": "vpc_flow_log_cloudwatch",
                "index": 0,
                "provider_name": "registry.terraform.io/hashicorp/aws",
                "schema_version": 0,
                "values": {
                  "id": "2053943846",
                  "json": "{\n  \"Version\": \"2012-10-17\",\n  \"Statement\": [\n    {\n      \"Sid\": \"AWSVPCFlowLogsPushToCloudWatch\",\n      \"Effect\": \"Allow\",\n      \"Action\": [\n        \"logs:PutLogEvents\",\n        \"logs:DescribeLogStreams\",\n        \"logs:DescribeLogGroups\",\n        \"logs:CreateLogStream\"\n      ],\n      \"Resource\": \"*\"\n    }\n  ]\n}",
                  "minified_json": "{\"Version\":\"2012-10-17\",\"Statement\":[{\"Sid\":\"AWSVPCFlowLogsPushToCloudWatch\",\"Effect\":\"Allow\",\"Action\":[\"logs:PutLogEvents\",\"logs:DescribeLogStreams\",\"logs:DescribeLogGroups\",\"logs:CreateLogStream\"],\"Resource\":\"*\"}]}",
                  "override_json": null,
                  "override_policy_documents": null,
                  "policy_id": null,
                  "source_json": null,
                  "source_policy_documents": null,
                  "statement": [
                    {
                      "actions": [
                        "logs:CreateLogStream",
                        "logs:DescribeLogGroups",
                        "logs:DescribeLogStreams",
                        "logs:PutLogEvents"
                      ],
                      "condition": [],
                      "effect": "Allow",
                      "not_actions": [],
                      "not_principals": [],
                      "not_resources": [],
                      "principals": [],
                      "resources": [
                        "*"
                      ],
                      "sid": "AWSVPCFlowLogsPushToCloudWatch"
                    }
                  ],
                  "version": "2012-10-17"
                },
                "sensitive_values": {
                  "statement": [
                    {
                      "actions": [
                        false,
                        false,
                        false,
                        false
                      ],
                      "condition": [],
                      "not_actions": [],
                      "not_principals": [],
                      "not_resources": [],
                      "principals": [],
                      "resources": [
                        false
                      ]
                    }
                  ]
                }
              },
              {
                "address": "module.web_server_vpc.data.aws_region.current",
                "mode": "data",
                "type": "aws_region",
                "name": "current",
                "provider_name": "registry.terraform.io/hashicorp/aws",
                "schema_version": 0,
                "values": {
                  "description": "US East (N. Virginia)",
                  "endpoint": "ec2.us-east-1.amazonaws.com",
                  "id": "us-east-1",
                  "name": "us-east-1"
                },
                "sensitive_values": {}
              }
            ],
            "address": "module.web_server_vpc",
            "child_modules": [
              {
                "resources": [
                  {
                    "address": "module.web_server_vpc.module.vpc_endpoints.data.aws_region.current",
                    "mode": "data",
                    "type": "aws_region",
                    "name": "current",
                    "provider_name": "registry.terraform.io/hashicorp/aws",
                    "schema_version": 0,
                    "values": {
                      "description": "US East (N. Virginia)",
                      "endpoint": "ec2.us-east-1.amazonaws.com",
                      "id": "us-east-1",
                      "name": "us-east-1"
                    },
                    "sensitive_values": {}
                  }
                ],
                "address": "module.web_server_vpc.module.vpc_endpoints"
              }
            ]
          }
        ]
      }
    }
  },
  "configuration": {
    "provider_config": {
      "aws": {
        "name": "aws",
        "full_name": "registry.terraform.io/hashicorp/aws",
        "version_constraint": "~> 5.0, < 6.0.0",
        "expressions": {
          "region": {
            "constant_value": "us-east-1"
          }
        }
      },
      "local": {
        "name": "local",
        "full_name": "registry.terraform.io/hashicorp/local"
      },
      "tls": {
        "name": "tls",
        "full_name": "registry.terraform.io/hashicorp/tls"
      }
    },
    "root_module": {
      "outputs": {
        "apache_url": {
          "expression": {
            "references": [
              "module.app_alb.dns_name",
              "module.app_alb"
            ]
          },
          "description": "The URL for the standard Apache web server."
        },
        "docker_2048_url": {
          "expression": {
            "references": [
              "module.app_alb.dns_name",
              "module.app_alb"
            ]
          },
          "description": "The URL for the Docker-hosted 2048 game."
        }
      },
      "resources": [
        {
          "address": "aws_key_pair.deployer_key",
          "mode": "managed",
          "type": "aws_key_pair",
          "name": "deployer_key",
          "provider_config_key": "aws",
          "expressions": {
            "key_name": {
              "references": [
                "tls_private_key.generated_key.public_key_openssh",
                "tls_private_key.generated_key"
              ]
            },
            "public_key": {
              "references": [
                "tls_private_key.generated_key.public_key_openssh",
                "tls_private_key.generated_key"
              ]
            }
          },
          "schema_version": 1
        },
        {
          "address": "aws_lb_target_group_attachment.app",
          "mode": "managed",
          "type": "aws_lb_target_group_attachment",
          "name": "app",
          "provider_config_key": "aws",
          "expressions": {
            "port": {
              "constant_value": 80
            },
            "target_group_arn": {
              "references": [
                "module.app_alb.target_groups[\"app-tg\"].arn",
                "module.app_alb.target_groups[\"app-tg\"]",
                "module.app_alb.target_groups",
                "module.app_alb"
              ]
            },
            "target_id": {
              "references": [
                "module.app_ec2.instance_id",
                "module.app_ec2",
                "count.index"
              ]
            }
          },
          "schema_version": 0,
          "count_expression": {
            "references": [
              "var.app_instance_count"
            ]
          }
        },
        {
          "address": "aws_lb_target_group_attachment.docker",
          "mode": "managed",
          "type": "aws_lb_target_group_attachment",
          "name": "docker",
          "provider_config_key": "aws",
          "expressions": {
            "port": {
              "constant_value": 8080
            },
            "target_group_arn": {
              "references": [
                "module.app_alb.target_groups[\"docker-tg\"].arn",
                "module.app_alb.target_groups[\"docker-tg\"]",
                "module.app_alb.target_groups",
                "module.app_alb"
              ]
            },
            "target_id": {
              "references": [
                "module.app_ec2.instance_id",
                "module.app_ec2",
                "count.index"
              ]
            }
          },
          "schema_version": 0,
          "count_expression": {
            "references": [
              "var.app_instance_count"
            ]
          }
        },
        {
          "address": "local_file.private_key_pem",
          "mode": "managed",
          "type": "local_file",
          "name": "private_key_pem",
          "provider_config_key": "local",
          "expressions": {
            "content": {
              "references": [
                "tls_private_key.generated_key.private_key_pem",
                "tls_private_key.generated_key"
              ]
            },
            "file_permission": {
              "constant_value": "0600"
            },
            "filename": {
              "references": [
                "path.module"
              ]
            }
          },
          "schema_version": 0
        },
        {
          "address": "tls_private_key.generated_key",
          "mode": "managed",
          "type": "tls_private_key",
          "name": "generated_key",
          "provider_config_key": "tls",
          "expressions": {
            "algorithm": {
              "constant_value": "RSA"
            },
            "rsa_bits": {
              "constant_value": 4096
            }
          },
          "schema_version": 1
        },
        {
          "address": "data.aws_ami.linux",
          "mode": "data",
          "type": "aws_ami",
          "name": "linux",
          "provider_config_key": "aws",
          "expressions": {
            "filter": [
              {
                "name": {
                  "constant_value": "name"
                },
                "values": {
                  "constant_value": [
                    "amzn2-ami-hvm-*-x86_64-gp2"
                  ]
                }
              },
              {
                "name": {
                  "constant_value": "virtualization-type"
                },
                "values": {
                  "constant_value": [
                    "hvm"
                  ]
                }
              }
            ],
            "most_recent": {
              "constant_value": true
            },
            "owners": {
              "constant_value": [
                "amazon"
              ]
            }
          },
          "schema_version": 0
        },
        {
          "address": "data.aws_availability_zones.available",
          "mode": "data",
          "type": "aws_availability_zones",
          "name": "available",
          "provider_config_key": "aws",
          "expressions": {
            "state": {
              "constant_value": "available"
            }
          },
          "schema_version": 0
        }
      ],
      "module_calls": {
        "app_alb": {
          "source": "terraform-aws-modules/alb/aws",
          "expressions": {
            "listeners": {
              "constant_value": {
                "http": {
                  "forward": {
                    "target_group_key": "app-tg"
                  },
                  "port": 80,
                  "protocol": "HTTP"
                },
                "http_8080": {
                  "forward": {
                    "target_group_key": "docker-tg"
                  },
                  "port": 8080,
                  "protocol": "HTTP"
                }
              }
            },
            "name": {
              "references": [
                "var.vpc_name"
              ]
            },
            "security_group_egress_rules": {
              "constant_value": {
                "all_traffic": {
                  "cidr_ipv4": "0.0.0.0/0",
                  "ip_protocol": "-1"
                }
              }
            },
            "security_group_ingress_rules": {
              "constant_value": {
                "all_8080": {
                  "cidr_ipv4": "0.0.0.0/0",
                  "from_port": 8080,
                  "ip_protocol": "tcp",
                  "to_port": 8080
                },
                "all_http": {
                  "cidr_ipv4": "0.0.0.0/0",
                  "from_port": 80,
                  "ip_protocol": "tcp",
                  "to_port": 80
                }
              }
            },
            "subnets": {
              "references": [
                "module.web_server_vpc.public_subnets",
                "module.web_server_vpc"
              ]
            },
            "target_groups": {
              "constant_value": {
                "app-tg": {
                  "create_attachment": false,
                  "health_check": {
                    "matcher": "200-403",
                    "path": "/"
                  },
                  "name_prefix": "app-",
                  "port": 80,
                  "protocol": "HTTP",
                  "target_type": "instance"
                },
                "docker-tg": {
                  "create_attachment": false,
                  "health_check": {
                    "matcher": "200-399",
                    "path": "/",
                    "port": "8080"
                  },
                  "name_prefix": "dock-",
                  "port": 8080,
                  "protocol": "HTTP",
                  "target_type": "instance"
                }
              }
            },
            "vpc_id": {
              "references": [
                "module.web_server_vpc.vpc_id",
                "module.web_server_vpc"
              ]
            }
          },
          "module": {
            "outputs": {
              "arn": {
                "expression": {
                  "references": [
                    "aws_lb.this[0].arn",
                    "aws_lb.this[0]",
                    "aws_lb.this"
                  ]
                },
                "description": "The ID and ARN of the load balancer we created"
              },
              "arn_suffix": {
                "expression": {
                  "references": [
                    "aws_lb.this[0].arn_suffix",
                    "aws_lb.this[0]",
                    "aws_lb.this"
                  ]
                },
                "description": "ARN suffix of our load balancer - can be used with CloudWatch"
              },
              "dns_name": {
                "expression": {
                  "references": [
                    "aws_lb.this[0].dns_name",
                    "aws_lb.this[0]",
                    "aws_lb.this"
                  ]
                },
                "description": "The DNS name of the load balancer"
              },
              "id": {
                "expression": {
                  "references": [
                    "aws_lb.this[0].id",
                    "aws_lb.this[0]",
                    "aws_lb.this"
                  ]
                },
                "description": "The ID and ARN of the load balancer we created"
              },
              "listener_rules": {
                "expression": {
                  "references": [
                    "aws_lb_listener_rule.this"
                  ]
                },
                "description": "Map of listeners rules created and their attributes"
              },
              "listeners": {
                "expression": {
                  "references": [
                    "aws_lb_listener.this"
                  ]
                },
                "description": "Map of listeners created and their attributes"
              },
              "route53_records": {
                "expression": {
                  "references": [
                    "aws_route53_record.this"
                  ]
                },
                "description": "The Route53 records created and attached to the load balancer"
              },
              "security_group_arn": {
                "expression": {
                  "references": [
                    "aws_security_group.this[0].arn",
                    "aws_security_group.this[0]",
                    "aws_security_group.this"
                  ]
                },
                "description": "Amazon Resource Name (ARN) of the security group"
              },
              "security_group_id": {
                "expression": {
                  "references": [
                    "aws_security_group.this[0].id",
                    "aws_security_group.this[0]",
                    "aws_security_group.this"
                  ]
                },
                "description": "ID of the security group"
              },
              "target_groups": {
                "expression": {
                  "references": [
                    "aws_lb_target_group.this"
                  ]
                },
                "description": "Map of target groups created and their attributes"
              },
              "zone_id": {
                "expression": {
                  "references": [
                    "aws_lb.this[0].zone_id",
                    "aws_lb.this[0]",
                    "aws_lb.this"
                  ]
                },
                "description": "The zone_id of the load balancer to assist with creating DNS records"
              }
            },
            "resources": [
              {
                "address": "aws_lambda_permission.this",
                "mode": "managed",
                "type": "aws_lambda_permission",
                "name": "this",
                "provider_config_key": "aws",
                "expressions": {
                  "action": {
                    "references": [
                      "each.value.lambda_action",
                      "each.value"
                    ]
                  },
                  "event_source_token": {
                    "references": [
                      "each.value.lambda_event_source_token",
                      "each.value"
                    ]
                  },
                  "function_name": {
                    "references": [
                      "each.value.lambda_function_name",
                      "each.value"
                    ]
                  },
                  "principal": {
                    "references": [
                      "each.value.lambda_principal",
                      "each.value",
                      "data.aws_partition.current.dns_suffix",
                      "data.aws_partition.current"
                    ]
                  },
                  "qualifier": {
                    "references": [
                      "each.value.lambda_qualifier",
                      "each.value"
                    ]
                  },
                  "source_account": {
                    "references": [
                      "each.value.lambda_source_account",
                      "each.value"
                    ]
                  },
                  "source_arn": {
                    "references": [
                      "aws_lb_target_group.this",
                      "each.key"
                    ]
                  },
                  "statement_id": {
                    "references": [
                      "each.value.lambda_statement_id",
                      "each.value"
                    ]
                  }
                },
                "schema_version": 0,
                "for_each_expression": {
                  "references": [
                    "local.lambda_target_groups",
                    "local.create"
                  ]
                }
              },
              {
                "address": "aws_lb.this",
                "mode": "managed",
                "type": "aws_lb",
                "name": "this",
                "provider_config_key": "aws",
                "expressions": {
                  "client_keep_alive": {
                    "references": [
                      "var.client_keep_alive"
                    ]
                  },
                  "customer_owned_ipv4_pool": {
                    "references": [
                      "var.customer_owned_ipv4_pool"
                    ]
                  },
                  "desync_mitigation_mode": {
                    "references": [
                      "var.desync_mitigation_mode"
                    ]
                  },
                  "dns_record_client_routing_policy": {
                    "references": [
                      "var.dns_record_client_routing_policy"
                    ]
                  },
                  "drop_invalid_header_fields": {
                    "references": [
                      "var.drop_invalid_header_fields"
                    ]
                  },
                  "enable_cross_zone_load_balancing": {
                    "references": [
                      "var.enable_cross_zone_load_balancing"
                    ]
                  },
                  "enable_deletion_protection": {
                    "references": [
                      "var.enable_deletion_protection"
                    ]
                  },
                  "enable_http2": {
                    "references": [
                      "var.enable_http2"
                    ]
                  },
                  "enable_tls_version_and_cipher_suite_headers": {
                    "references": [
                      "var.enable_tls_version_and_cipher_suite_headers"
                    ]
                  },
                  "enable_waf_fail_open": {
                    "references": [
                      "var.enable_waf_fail_open"
                    ]
                  },
                  "enable_xff_client_port": {
                    "references": [
                      "var.enable_xff_client_port"
                    ]
                  },
                  "enable_zonal_shift": {
                    "references": [
                      "var.enable_zonal_shift"
                    ]
                  },
                  "enforce_security_group_inbound_rules_on_private_link_traffic": {
                    "references": [
                      "var.enforce_security_group_inbound_rules_on_private_link_traffic"
                    ]
                  },
                  "idle_timeout": {
                    "references": [
                      "var.idle_timeout"
                    ]
                  },
                  "internal": {
                    "references": [
                      "var.internal"
                    ]
                  },
                  "ip_address_type": {
                    "references": [
                      "var.ip_address_type"
                    ]
                  },
                  "load_balancer_type": {
                    "references": [
                      "var.load_balancer_type"
                    ]
                  },
                  "name": {
                    "references": [
                      "var.name"
                    ]
                  },
                  "name_prefix": {
                    "references": [
                      "var.name_prefix"
                    ]
                  },
                  "preserve_host_header": {
                    "references": [
                      "var.preserve_host_header"
                    ]
                  },
                  "security_groups": {
                    "references": [
                      "var.create_security_group",
                      "aws_security_group.this[0].id",
                      "aws_security_group.this[0]",
                      "aws_security_group.this",
                      "var.security_groups",
                      "var.security_groups"
                    ]
                  },
                  "subnets": {
                    "references": [
                      "var.subnets"
                    ]
                  },
                  "tags": {
                    "references": [
                      "local.tags"
                    ]
                  },
                  "timeouts": {
                    "create": {
                      "references": [
                        "var.timeouts.create",
                        "var.timeouts"
                      ]
                    },
                    "delete": {
                      "references": [
                        "var.timeouts.delete",
                        "var.timeouts"
                      ]
                    },
                    "update": {
                      "references": [
                        "var.timeouts.update",
                        "var.timeouts"
                      ]
                    }
                  },
                  "xff_header_processing_mode": {
                    "references": [
                      "var.xff_header_processing_mode"
                    ]
                  }
                },
                "schema_version": 0,
                "count_expression": {
                  "references": [
                    "local.create"
                  ]
                }
              },
              {
                "address": "aws_lb_listener.this",
                "mode": "managed",
                "type": "aws_lb_listener",
                "name": "this",
                "provider_config_key": "aws",
                "expressions": {
                  "alpn_policy": {
                    "references": [
                      "each.value.alpn_policy",
                      "each.value"
                    ]
                  },
                  "certificate_arn": {
                    "references": [
                      "each.value.certificate_arn",
                      "each.value"
                    ]
                  },
                  "load_balancer_arn": {
                    "references": [
                      "aws_lb.this[0].arn",
                      "aws_lb.this[0]",
                      "aws_lb.this"
                    ]
                  },
                  "port": {
                    "references": [
                      "each.value.port",
                      "each.value",
                      "var.default_port"
                    ]
                  },
                  "protocol": {
                    "references": [
                      "each.value.protocol",
                      "each.value",
                      "var.default_protocol"
                    ]
                  },
                  "routing_http_request_x_amzn_mtls_clientcert_header_name": {
                    "references": [
                      "each.value.protocol",
                      "each.value",
                      "var.default_protocol",
                      "each.value.routing_http_request_x_amzn_mtls_clientcert_header_name",
                      "each.value"
                    ]
                  },
                  "routing_http_request_x_amzn_mtls_clientcert_issuer_header_name": {
                    "references": [
                      "each.value.protocol",
                      "each.value",
                      "var.default_protocol",
                      "each.value.routing_http_request_x_amzn_mtls_clientcert_issuer_header_name",
                      "each.value"
                    ]
                  },
                  "routing_http_request_x_amzn_mtls_clientcert_leaf_header_name": {
                    "references": [
                      "each.value.protocol",
                      "each.value",
                      "var.default_protocol",
                      "each.value.routing_http_request_x_amzn_mtls_clientcert_leaf_header_name",
                      "each.value"
                    ]
                  },
                  "routing_http_request_x_amzn_mtls_clientcert_serial_number_header_name": {
                    "references": [
                      "each.value.protocol",
                      "each.value",
                      "var.default_protocol",
                      "each.value.routing_http_request_x_amzn_mtls_clientcert_serial_number_header_name",
                      "each.value"
                    ]
                  },
                  "routing_http_request_x_amzn_mtls_clientcert_subject_header_name": {
                    "references": [
                      "each.value.protocol",
                      "each.value",
                      "var.default_protocol",
                      "each.value.routing_http_request_x_amzn_mtls_clientcert_subject_header_name",
                      "each.value"
                    ]
                  },
                  "routing_http_request_x_amzn_mtls_clientcert_validity_header_name": {
                    "references": [
                      "each.value.protocol",
                      "each.value",
                      "var.default_protocol",
                      "each.value.routing_http_request_x_amzn_mtls_clientcert_validity_header_name",
                      "each.value"
                    ]
                  },
                  "routing_http_request_x_amzn_tls_cipher_suite_header_name": {
                    "references": [
                      "each.value.protocol",
                      "each.value",
                      "var.default_protocol",
                      "each.value.routing_http_request_x_amzn_tls_cipher_suite_header_name",
                      "each.value"
                    ]
                  },
                  "routing_http_request_x_amzn_tls_version_header_name": {
                    "references": [
                      "each.value.protocol",
                      "each.value",
                      "var.default_protocol",
                      "each.value.routing_http_request_x_amzn_tls_version_header_name",
                      "each.value"
                    ]
                  },
                  "routing_http_response_access_control_allow_credentials_header_value": {
                    "references": [
                      "each.value.routing_http_response_access_control_allow_credentials_header_value",
                      "each.value"
                    ]
                  },
                  "routing_http_response_access_control_allow_headers_header_value": {
                    "references": [
                      "each.value.routing_http_response_access_control_allow_headers_header_value",
                      "each.value"
                    ]
                  },
                  "routing_http_response_access_control_allow_methods_header_value": {
                    "references": [
                      "each.value.routing_http_response_access_control_allow_methods_header_value",
                      "each.value"
                    ]
                  },
                  "routing_http_response_access_control_allow_origin_header_value": {
                    "references": [
                      "each.value.routing_http_response_access_control_allow_origin_header_value",
                      "each.value"
                    ]
                  },
                  "routing_http_response_access_control_expose_headers_header_value": {
                    "references": [
                      "each.value.routing_http_response_access_control_expose_headers_header_value",
                      "each.value"
                    ]
                  },
                  "routing_http_response_access_control_max_age_header_value": {
                    "references": [
                      "each.value.routing_http_response_access_control_max_age_header_value",
                      "each.value"
                    ]
                  },
                  "routing_http_response_content_security_policy_header_value": {
                    "references": [
                      "each.value.routing_http_response_content_security_policy_header_value",
                      "each.value"
                    ]
                  },
                  "routing_http_response_server_enabled": {
                    "references": [
                      "each.value.routing_http_response_server_enabled",
                      "each.value"
                    ]
                  },
                  "routing_http_response_strict_transport_security_header_value": {
                    "references": [
                      "each.value.routing_http_response_strict_transport_security_header_value",
                      "each.value"
                    ]
                  },
                  "routing_http_response_x_content_type_options_header_value": {
                    "references": [
                      "each.value.routing_http_response_x_content_type_options_header_value",
                      "each.value"
                    ]
                  },
                  "routing_http_response_x_frame_options_header_value": {
                    "references": [
                      "each.value.routing_http_response_x_frame_options_header_value",
                      "each.value"
                    ]
                  },
                  "ssl_policy": {
                    "references": [
                      "each.value.protocol",
                      "each.value",
                      "var.default_protocol",
                      "each.value.ssl_policy",
                      "each.value",
                      "each.value.ssl_policy",
                      "each.value"
                    ]
                  },
                  "tags": {
                    "references": [
                      "local.tags",
                      "each.value.tags",
                      "each.value"
                    ]
                  },
                  "tcp_idle_timeout_seconds": {
                    "references": [
                      "each.value.tcp_idle_timeout_seconds",
                      "each.value"
                    ]
                  }
                },
                "schema_version": 0,
                "for_each_expression": {
                  "references": [
                    "var.listeners",
                    "local.create"
                  ]
                }
              },
              {
                "address": "aws_lb_listener_certificate.this",
                "mode": "managed",
                "type": "aws_lb_listener_certificate",
                "name": "this",
                "provider_config_key": "aws",
                "expressions": {
                  "certificate_arn": {
                    "references": [
                      "each.value.certificate_arn",
                      "each.value"
                    ]
                  },
                  "listener_arn": {
                    "references": [
                      "aws_lb_listener.this",
                      "each.value.listener_key",
                      "each.value"
                    ]
                  }
                },
                "schema_version": 0,
                "for_each_expression": {
                  "references": [
                    "local.additional_certs",
                    "local.create"
                  ]
                }
              },
              {
                "address": "aws_lb_listener_rule.this",
                "mode": "managed",
                "type": "aws_lb_listener_rule",
                "name": "this",
                "provider_config_key": "aws",
                "expressions": {
                  "listener_arn": {
                    "references": [
                      "each.value.listener_arn",
                      "each.value",
                      "aws_lb_listener.this",
                      "each.value.listener_key",
                      "each.value"
                    ]
                  },
                  "priority": {
                    "references": [
                      "each.value.priority",
                      "each.value"
                    ]
                  },
                  "tags": {
                    "references": [
                      "local.tags",
                      "each.value.tags",
                      "each.value"
                    ]
                  }
                },
                "schema_version": 0,
                "for_each_expression": {
                  "references": [
                    "local.listener_rules",
                    "local.create"
                  ]
                }
              },
              {
                "address": "aws_lb_target_group.this",
                "mode": "managed",
                "type": "aws_lb_target_group",
                "name": "this",
                "provider_config_key": "aws",
                "expressions": {
                  "connection_termination": {
                    "references": [
                      "each.value.connection_termination",
                      "each.value"
                    ]
                  },
                  "deregistration_delay": {
                    "references": [
                      "each.value.deregistration_delay",
                      "each.value"
                    ]
                  },
                  "ip_address_type": {
                    "references": [
                      "each.value.ip_address_type",
                      "each.value"
                    ]
                  },
                  "lambda_multi_value_headers_enabled": {
                    "references": [
                      "each.value.lambda_multi_value_headers_enabled",
                      "each.value"
                    ]
                  },
                  "load_balancing_algorithm_type": {
                    "references": [
                      "each.value.load_balancing_algorithm_type",
                      "each.value"
                    ]
                  },
                  "load_balancing_anomaly_mitigation": {
                    "references": [
                      "each.value.load_balancing_anomaly_mitigation",
                      "each.value"
                    ]
                  },
                  "load_balancing_cross_zone_enabled": {
                    "references": [
                      "each.value.load_balancing_cross_zone_enabled",
                      "each.value"
                    ]
                  },
                  "name": {
                    "references": [
                      "each.value.name",
                      "each.value"
                    ]
                  },
                  "name_prefix": {
                    "references": [
                      "each.value.name_prefix",
                      "each.value"
                    ]
                  },
                  "port": {
                    "references": [
                      "each.value.target_type",
                      "each.value",
                      "each.value.port",
                      "each.value",
                      "var.default_port"
                    ]
                  },
                  "preserve_client_ip": {
                    "references": [
                      "each.value.preserve_client_ip",
                      "each.value"
                    ]
                  },
                  "protocol": {
                    "references": [
                      "each.value.target_type",
                      "each.value",
                      "each.value.protocol",
                      "each.value",
                      "var.default_protocol"
                    ]
                  },
                  "protocol_version": {
                    "references": [
                      "each.value.protocol_version",
                      "each.value"
                    ]
                  },
                  "proxy_protocol_v2": {
                    "references": [
                      "each.value.proxy_protocol_v2",
                      "each.value"
                    ]
                  },
                  "slow_start": {
                    "references": [
                      "each.value.slow_start",
                      "each.value"
                    ]
                  },
                  "tags": {
                    "references": [
                      "local.tags",
                      "each.value.tags",
                      "each.value"
                    ]
                  },
                  "target_type": {
                    "references": [
                      "each.value.target_type",
                      "each.value"
                    ]
                  },
                  "vpc_id": {
                    "references": [
                      "each.value.vpc_id",
                      "each.value",
                      "var.vpc_id"
                    ]
                  }
                },
                "schema_version": 0,
                "for_each_expression": {
                  "references": [
                    "var.target_groups",
                    "local.create"
                  ]
                }
              },
              {
                "address": "aws_lb_target_group_attachment.additional",
                "mode": "managed",
                "type": "aws_lb_target_group_attachment",
                "name": "additional",
                "provider_config_key": "aws",
                "expressions": {
                  "availability_zone": {
                    "references": [
                      "each.value.availability_zone",
                      "each.value"
                    ]
                  },
                  "port": {
                    "references": [
                      "each.value.target_type",
                      "each.value",
                      "each.value.port",
                      "each.value",
                      "var.default_port"
                    ]
                  },
                  "target_group_arn": {
                    "references": [
                      "aws_lb_target_group.this",
                      "each.value.target_group_key",
                      "each.value"
                    ]
                  },
                  "target_id": {
                    "references": [
                      "each.value.target_id",
                      "each.value"
                    ]
                  }
                },
                "schema_version": 0,
                "for_each_expression": {
                  "references": [
                    "var.additional_target_group_attachments",
                    "local.create"
                  ]
                },
                "depends_on": [
                  "aws_lambda_permission.this"
                ]
              },
              {
                "address": "aws_lb_target_group_attachment.this",
                "mode": "managed",
                "type": "aws_lb_target_group_attachment",
                "name": "this",
                "provider_config_key": "aws",
                "expressions": {
                  "availability_zone": {
                    "references": [
                      "each.value.availability_zone",
                      "each.value"
                    ]
                  },
                  "port": {
                    "references": [
                      "each.value.target_type",
                      "each.value",
                      "each.value.port",
                      "each.value",
                      "var.default_port"
                    ]
                  },
                  "target_group_arn": {
                    "references": [
                      "aws_lb_target_group.this",
                      "each.key"
                    ]
                  },
                  "target_id": {
                    "references": [
                      "each.value.target_id",
                      "each.value"
                    ]
                  }
                },
                "schema_version": 0,
                "for_each_expression": {
                  "references": [
                    "var.target_groups",
                    "local.create"
                  ]
                },
                "depends_on": [
                  "aws_lambda_permission.this"
                ]
              },
              {
                "address": "aws_route53_record.this",
                "mode": "managed",
                "type": "aws_route53_record",
                "name": "this",
                "provider_config_key": "aws",
                "expressions": {
                  "alias": [
                    {
                      "evaluate_target_health": {
                        "constant_value": true
                      },
                      "name": {
                        "references": [
                          "aws_lb.this[0].dns_name",
                          "aws_lb.this[0]",
                          "aws_lb.this"
                        ]
                      },
                      "zone_id": {
                        "references": [
                          "aws_lb.this[0].zone_id",
                          "aws_lb.this[0]",
                          "aws_lb.this"
                        ]
                      }
                    }
                  ],
                  "name": {
                    "references": [
                      "each.value.name",
                      "each.value",
                      "each.key"
                    ]
                  },
                  "type": {
                    "references": [
                      "each.value.type",
                      "each.value"
                    ]
                  },
                  "zone_id": {
                    "references": [
                      "each.value.zone_id",
                      "each.value"
                    ]
                  }
                },
                "schema_version": 2,
                "for_each_expression": {
                  "references": [
                    "var.route53_records",
                    "var.create"
                  ]
                }
              },
              {
                "address": "aws_security_group.this",
                "mode": "managed",
                "type": "aws_security_group",
                "name": "this",
                "provider_config_key": "aws",
                "expressions": {
                  "description": {
                    "references": [
                      "var.security_group_description",
                      "local.security_group_name",
                      "var.load_balancer_type"
                    ]
                  },
                  "name": {
                    "references": [
                      "var.security_group_use_name_prefix",
                      "local.security_group_name"
                    ]
                  },
                  "name_prefix": {
                    "references": [
                      "var.security_group_use_name_prefix",
                      "local.security_group_name"
                    ]
                  },
                  "tags": {
                    "references": [
                      "local.tags",
                      "var.security_group_tags"
                    ]
                  },
                  "vpc_id": {
                    "references": [
                      "var.vpc_id"
                    ]
                  }
                },
                "schema_version": 1,
                "count_expression": {
                  "references": [
                    "local.create_security_group"
                  ]
                }
              },
              {
                "address": "aws_vpc_security_group_egress_rule.this",
                "mode": "managed",
                "type": "aws_vpc_security_group_egress_rule",
                "name": "this",
                "provider_config_key": "aws",
                "expressions": {
                  "cidr_ipv4": {
                    "references": [
                      "each.value"
                    ]
                  },
                  "cidr_ipv6": {
                    "references": [
                      "each.value"
                    ]
                  },
                  "description": {
                    "references": [
                      "each.value.description",
                      "each.value"
                    ]
                  },
                  "from_port": {
                    "references": [
                      "each.value.from_port",
                      "each.value"
                    ]
                  },
                  "ip_protocol": {
                    "references": [
                      "each.value.ip_protocol",
                      "each.value"
                    ]
                  },
                  "prefix_list_id": {
                    "references": [
                      "each.value"
                    ]
                  },
                  "referenced_security_group_id": {
                    "references": [
                      "each.value"
                    ]
                  },
                  "security_group_id": {
                    "references": [
                      "aws_security_group.this[0].id",
                      "aws_security_group.this[0]",
                      "aws_security_group.this"
                    ]
                  },
                  "tags": {
                    "references": [
                      "local.tags",
                      "var.security_group_tags",
                      "each.value.tags",
                      "each.value"
                    ]
                  },
                  "to_port": {
                    "references": [
                      "each.value.to_port",
                      "each.value"
                    ]
                  }
                },
                "schema_version": 0,
                "for_each_expression": {
                  "references": [
                    "var.security_group_egress_rules",
                    "local.create_security_group"
                  ]
                }
              },
              {
                "address": "aws_vpc_security_group_ingress_rule.this",
                "mode": "managed",
                "type": "aws_vpc_security_group_ingress_rule",
                "name": "this",
                "provider_config_key": "aws",
                "expressions": {
                  "cidr_ipv4": {
                    "references": [
                      "each.value"
                    ]
                  },
                  "cidr_ipv6": {
                    "references": [
                      "each.value"
                    ]
                  },
                  "description": {
                    "references": [
                      "each.value.description",
                      "each.value"
                    ]
                  },
                  "from_port": {
                    "references": [
                      "each.value.from_port",
                      "each.value"
                    ]
                  },
                  "ip_protocol": {
                    "references": [
                      "each.value.ip_protocol",
                      "each.value"
                    ]
                  },
                  "prefix_list_id": {
                    "references": [
                      "each.value"
                    ]
                  },
                  "referenced_security_group_id": {
                    "references": [
                      "each.value"
                    ]
                  },
                  "security_group_id": {
                    "references": [
                      "aws_security_group.this[0].id",
                      "aws_security_group.this[0]",
                      "aws_security_group.this"
                    ]
                  },
                  "tags": {
                    "references": [
                      "local.tags",
                      "var.security_group_tags",
                      "each.value.tags",
                      "each.value"
                    ]
                  },
                  "to_port": {
                    "references": [
                      "each.value.to_port",
                      "each.value"
                    ]
                  }
                },
                "schema_version": 0,
                "for_each_expression": {
                  "references": [
                    "var.security_group_ingress_rules",
                    "local.create_security_group"
                  ]
                }
              },
              {
                "address": "aws_wafv2_web_acl_association.this",
                "mode": "managed",
                "type": "aws_wafv2_web_acl_association",
                "name": "this",
                "provider_config_key": "aws",
                "expressions": {
                  "resource_arn": {
                    "references": [
                      "aws_lb.this[0].arn",
                      "aws_lb.this[0]",
                      "aws_lb.this"
                    ]
                  },
                  "web_acl_arn": {
                    "references": [
                      "var.web_acl_arn"
                    ]
                  }
                },
                "schema_version": 0,
                "count_expression": {
                  "references": [
                    "var.associate_web_acl"
                  ]
                }
              },
              {
                "address": "data.aws_partition.current",
                "mode": "data",
                "type": "aws_partition",
                "name": "current",
                "provider_config_key": "aws",
                "schema_version": 0
              }
            ],
            "variables": {
              "access_logs": {
                "default": {},
                "description": "Map containing access logging configuration for load balancer"
              },
              "additional_target_group_attachments": {
                "default": {},
                "description": "Map of additional target group attachments to create. Use `target_group_key` to attach to the target group created in `target_groups`"
              },
              "associate_web_acl": {
                "default": false,
                "description": "Indicates whether a Web Application Firewall (WAF) ACL should be associated with the load balancer"
              },
              "client_keep_alive": {
                "default": null,
                "description": "Client keep alive value in seconds. The valid range is 60-604800 seconds. The default is 3600 seconds."
              },
              "connection_logs": {
                "default": {},
                "description": "Map containing access logging configuration for load balancer"
              },
              "create": {
                "default": true,
                "description": "Controls if resources should be created (affects nearly all resources)"
              },
              "create_security_group": {
                "default": true,
                "description": "Determines if a security group is created"
              },
              "customer_owned_ipv4_pool": {
                "default": null,
                "description": "The ID of the customer owned ipv4 pool to use for this load balancer"
              },
              "default_port": {
                "default": 80,
                "description": "Default port used across the listener and target group"
              },
              "default_protocol": {
                "default": "HTTP",
                "description": "Default protocol used across the listener and target group"
              },
              "desync_mitigation_mode": {
                "default": null,
                "description": "Determines how the load balancer handles requests that might pose a security risk to an application due to HTTP desync. Valid values are `monitor`, `defensive` (default), `strictest`"
              },
              "dns_record_client_routing_policy": {
                "default": null,
                "description": "Indicates how traffic is distributed among the load balancer Availability Zones. Possible values are any_availability_zone (default), availability_zone_affinity, or partial_availability_zone_affinity. Only valid for network type load balancers."
              },
              "drop_invalid_header_fields": {
                "default": true,
                "description": "Indicates whether HTTP headers with header fields that are not valid are removed by the load balancer (`true`) or routed to targets (`false`). The default is `true`. Elastic Load Balancing requires that message header names contain only alphanumeric characters and hyphens. Only valid for Load Balancers of type `application`"
              },
              "enable_cross_zone_load_balancing": {
                "default": true,
                "description": "If `true`, cross-zone load balancing of the load balancer will be enabled. For application load balancer this feature is always enabled (`true`) and cannot be disabled. Defaults to `true`"
              },
              "enable_deletion_protection": {
                "default": true,
                "description": "If `true`, deletion of the load balancer will be disabled via the AWS API. This will prevent Terraform from deleting the load balancer. Defaults to `true`"
              },
              "enable_http2": {
                "default": null,
                "description": "Indicates whether HTTP/2 is enabled in application load balancers. Defaults to `true`"
              },
              "enable_tls_version_and_cipher_suite_headers": {
                "default": null,
                "description": "Indicates whether the two headers (`x-amzn-tls-version` and `x-amzn-tls-cipher-suite`), which contain information about the negotiated TLS version and cipher suite, are added to the client request before sending it to the target. Only valid for Load Balancers of type `application`. Defaults to `false`"
              },
              "enable_waf_fail_open": {
                "default": null,
                "description": "Indicates whether to allow a WAF-enabled load balancer to route requests to targets if it is unable to forward the request to AWS WAF. Defaults to `false`"
              },
              "enable_xff_client_port": {
                "default": null,
                "description": "Indicates whether the X-Forwarded-For header should preserve the source port that the client used to connect to the load balancer in `application` load balancers. Defaults to `false`"
              },
              "enable_zonal_shift": {
                "default": null,
                "description": "Whether zonal shift is enabled"
              },
              "enforce_security_group_inbound_rules_on_private_link_traffic": {
                "default": null,
                "description": "Indicates whether inbound security group rules are enforced for traffic originating from a PrivateLink. Only valid for Load Balancers of type network. The possible values are on and off."
              },
              "idle_timeout": {
                "default": null,
                "description": "The time in seconds that the connection is allowed to be idle. Only valid for Load Balancers of type `application`. Default: `60`"
              },
              "internal": {
                "default": null,
                "description": "If true, the LB will be internal. Defaults to `false`"
              },
              "ip_address_type": {
                "default": null,
                "description": "The type of IP addresses used by the subnets for your load balancer. The possible values are `ipv4` and `dualstack`"
              },
              "ipam_pools": {
                "default": {},
                "description": "The IPAM pools to use with the load balancer"
              },
              "listeners": {
                "default": {},
                "description": "Map of listener configurations to create"
              },
              "load_balancer_type": {
                "default": "application",
                "description": "The type of load balancer to create. Possible values are `application`, `gateway`, or `network`. The default value is `application`"
              },
              "minimum_load_balancer_capacity": {
                "default": {},
                "description": "Minimum capacity for a load balancer. Only valid for Load Balancers of type `application` or `network`"
              },
              "name": {
                "default": null,
                "description": "The name of the LB. This name must be unique within your AWS account, can have a maximum of 32 characters, must contain only alphanumeric characters or hyphens, and must not begin or end with a hyphen"
              },
              "name_prefix": {
                "default": null,
                "description": "Creates a unique name beginning with the specified prefix. Conflicts with `name`"
              },
              "preserve_host_header": {
                "default": null,
                "description": "Indicates whether the Application Load Balancer should preserve the Host header in the HTTP request and send it to the target without any change. Defaults to `false`"
              },
              "putin_khuylo": {
                "default": true,
                "description": "Do you agree that Putin doesn't respect Ukrainian sovereignty and territorial integrity? More info: https://en.wikipedia.org/wiki/Putin_khuylo!"
              },
              "route53_records": {
                "default": {},
                "description": "Map of Route53 records to create. Each record map should contain `zone_id`, `name`, and `type`"
              },
              "security_group_description": {
                "default": null,
                "description": "Description of the security group created"
              },
              "security_group_egress_rules": {
                "default": {},
                "description": "Security group egress rules to add to the security group created"
              },
              "security_group_ingress_rules": {
                "default": {},
                "description": "Security group ingress rules to add to the security group created"
              },
              "security_group_name": {
                "default": null,
                "description": "Name to use on security group created"
              },
              "security_group_tags": {
                "default": {},
                "description": "A map of additional tags to add to the security group created"
              },
              "security_group_use_name_prefix": {
                "default": true,
                "description": "Determines whether the security group name (`security_group_name`) is used as a prefix"
              },
              "security_groups": {
                "default": [],
                "description": "A list of security group IDs to assign to the LB"
              },
              "subnet_mapping": {
                "default": [],
                "description": "A list of subnet mapping blocks describing subnets to attach to load balancer"
              },
              "subnets": {
                "default": null,
                "description": "A list of subnet IDs to attach to the LB. Subnets cannot be updated for Load Balancers of type `network`. Changing this value for load balancers of type `network` will force a recreation of the resource"
              },
              "tags": {
                "default": {},
                "description": "A map of tags to add to all resources"
              },
              "target_groups": {
                "default": {},
                "description": "Map of target group configurations to create"
              },
              "timeouts": {
                "default": {},
                "description": "Create, update, and delete timeout configurations for the load balancer"
              },
              "vpc_id": {
                "default": null,
                "description": "Identifier of the VPC where the security group will be created"
              },
              "web_acl_arn": {
                "default": null,
                "description": "Web Application Firewall (WAF) ARN of the resource to associate with the load balancer"
              },
              "xff_header_processing_mode": {
                "default": null,
                "description": "Determines how the load balancer modifies the X-Forwarded-For header in the HTTP request before sending the request to the target. The possible values are `append`, `preserve`, and `remove`. Only valid for Load Balancers of type `application`. The default is `append`"
              }
            }
          },
          "version_constraint": "~> 9.17.0"
        },
        "app_ec2": {
          "source": "github.com/Coalfire-CF/terraform-aws-ec2?ref=v1.0.8",
          "expressions": {
            "ami": {
              "references": [
                "data.aws_ami.linux.id",
                "data.aws_ami.linux"
              ]
            },
            "ebs_kms_key_arn": {
              "constant_value": null
            },
            "ec2_instance_type": {
              "references": [
                "var.instance_type"
              ]
            },
            "ec2_key_pair": {
              "references": [
                "aws_key_pair.deployer_key.key_name",
                "aws_key_pair.deployer_key"
              ]
            },
            "egress_rules": {
              "constant_value": {
                "allow_all": {
                  "cidr_ipv4": "0.0.0.0/0",
                  "ip_protocol": "-1"
                }
              }
            },
            "global_tags": {
              "constant_value": {}
            },
            "ingress_rules": {
              "references": [
                "module.management_ec2.sg_id",
                "module.management_ec2",
                "module.app_alb.security_group_id",
                "module.app_alb",
                "module.app_alb.security_group_id",
                "module.app_alb"
              ]
            },
            "instance_count": {
              "references": [
                "var.app_instance_count"
              ]
            },
            "name": {
              "references": [
                "var.vpc_name"
              ]
            },
            "root_volume_size": {
              "constant_value": 50
            },
            "subnet_ids": {
              "references": [
                "module.web_server_vpc.private_subnets",
                "module.web_server_vpc"
              ]
            },
            "user_data": {
              "references": [
                "path.module"
              ]
            },
            "vpc_id": {
              "references": [
                "module.web_server_vpc.vpc_id",
                "module.web_server_vpc"
              ]
            }
          },
          "module": {
            "outputs": {
              "iam_profile": {
                "expression": {
                  "references": [
                    "local.iam_profile"
                  ]
                },
                "description": "The name of the iam profile created in the module"
              },
              "iam_role_arn": {
                "expression": {
                  "references": [
                    "aws_iam_role.this_role"
                  ]
                },
                "description": "The AWS IAM Role arn created"
              },
              "iam_role_name": {
                "expression": {
                  "references": [
                    "aws_iam_role.this_role"
                  ]
                },
                "description": "The AWS IAM Role arn created"
              },
              "instance_id": {
                "expression": {
                  "references": [
                    "aws_instance.this"
                  ]
                },
                "description": "The AWS Instance id created"
              },
              "network_interface_id": {
                "expression": {
                  "references": [
                    "aws_instance.this"
                  ]
                },
                "description": "The network interface ID for the AWS instance"
              },
              "primary_private_ip_addresses": {
                "expression": {
                  "references": [
                    "aws_instance.this"
                  ]
                },
                "description": "A list of the primary private IP addesses assigned to the ec2 instance"
              },
              "sg_id": {
                "expression": {
                  "references": [
                    "module.security_group.id",
                    "module.security_group"
                  ]
                },
                "description": "The id of the security group created"
              },
              "tags": {
                "expression": {
                  "references": [
                    "aws_instance.this"
                  ]
                },
                "description": "List of tags of instances"
              }
            },
            "resources": [
              {
                "address": "aws_ebs_volume.this",
                "mode": "managed",
                "type": "aws_ebs_volume",
                "name": "this",
                "provider_config_key": "aws",
                "expressions": {
                  "availability_zone": {
                    "references": [
                      "local.additional_ebs_volumes",
                      "count.index"
                    ]
                  },
                  "encrypted": {
                    "constant_value": true
                  },
                  "final_snapshot": {
                    "references": [
                      "local.additional_ebs_volumes",
                      "count.index"
                    ]
                  },
                  "iops": {
                    "references": [
                      "local.additional_ebs_volumes",
                      "count.index"
                    ]
                  },
                  "kms_key_id": {
                    "references": [
                      "var.ebs_kms_key_arn"
                    ]
                  },
                  "multi_attach_enabled": {
                    "references": [
                      "local.additional_ebs_volumes",
                      "count.index"
                    ]
                  },
                  "outpost_arn": {
                    "references": [
                      "local.additional_ebs_volumes",
                      "count.index"
                    ]
                  },
                  "size": {
                    "references": [
                      "local.additional_ebs_volumes",
                      "count.index"
                    ]
                  },
                  "snapshot_id": {
                    "references": [
                      "local.additional_ebs_volumes",
                      "count.index"
                    ]
                  },
                  "tags": {
                    "references": [
                      "var.instance_count",
                      "var.name",
                      "var.name",
                      "count.index",
                      "var.instance_count",
                      "local.additional_ebs_volumes",
                      "count.index",
                      "local.additional_ebs_volumes",
                      "count.index",
                      "local.additional_ebs_volumes",
                      "count.index",
                      "local.additional_ebs_volumes",
                      "count.index",
                      "local.additional_ebs_volumes",
                      "count.index",
                      "local.additional_ebs_volumes",
                      "count.index",
                      "var.global_tags"
                    ]
                  },
                  "throughput": {
                    "references": [
                      "local.additional_ebs_volumes",
                      "count.index"
                    ]
                  },
                  "type": {
                    "references": [
                      "local.additional_ebs_volumes",
                      "count.index"
                    ]
                  }
                },
                "schema_version": 0,
                "count_expression": {
                  "references": [
                    "local.additional_ebs_volumes"
                  ]
                }
              },
              {
                "address": "aws_eip.eip",
                "mode": "managed",
                "type": "aws_eip",
                "name": "eip",
                "provider_config_key": "aws",
                "expressions": {
                  "domain": {
                    "constant_value": "vpc"
                  }
                },
                "schema_version": 0,
                "count_expression": {
                  "references": [
                    "var.associate_eip",
                    "var.instance_count"
                  ]
                }
              },
              {
                "address": "aws_eip_association.eip_attach",
                "mode": "managed",
                "type": "aws_eip_association",
                "name": "eip_attach",
                "provider_config_key": "aws",
                "expressions": {
                  "allocation_id": {
                    "references": [
                      "aws_eip.eip",
                      "count.index"
                    ]
                  },
                  "instance_id": {
                    "references": [
                      "aws_instance.this",
                      "count.index"
                    ]
                  }
                },
                "schema_version": 0,
                "count_expression": {
                  "references": [
                    "var.associate_eip",
                    "var.instance_count"
                  ]
                }
              },
              {
                "address": "aws_iam_instance_profile.this_profile",
                "mode": "managed",
                "type": "aws_iam_instance_profile",
                "name": "this_profile",
                "provider_config_key": "aws",
                "expressions": {
                  "name": {
                    "references": [
                      "var.name"
                    ]
                  },
                  "role": {
                    "references": [
                      "aws_iam_role.this_role[0].name",
                      "aws_iam_role.this_role[0]",
                      "aws_iam_role.this_role"
                    ]
                  }
                },
                "schema_version": 0,
                "count_expression": {
                  "references": [
                    "var.iam_policies"
                  ]
                }
              },
              {
                "address": "aws_iam_role.this_role",
                "mode": "managed",
                "type": "aws_iam_role",
                "name": "this_role",
                "provider_config_key": "aws",
                "expressions": {
                  "assume_role_policy": {
                    "references": [
                      "var.assume_role_policy"
                    ]
                  },
                  "name": {
                    "references": [
                      "var.name"
                    ]
                  }
                },
                "schema_version": 0,
                "count_expression": {
                  "references": [
                    "var.iam_policies"
                  ]
                }
              },
              {
                "address": "aws_iam_role_policy_attachment.iam_policy_attach",
                "mode": "managed",
                "type": "aws_iam_role_policy_attachment",
                "name": "iam_policy_attach",
                "provider_config_key": "aws",
                "expressions": {
                  "policy_arn": {
                    "references": [
                      "var.iam_policies",
                      "count.index"
                    ]
                  },
                  "role": {
                    "references": [
                      "aws_iam_role.this_role[0].name",
                      "aws_iam_role.this_role[0]",
                      "aws_iam_role.this_role"
                    ]
                  }
                },
                "schema_version": 0,
                "count_expression": {
                  "references": [
                    "var.iam_policies"
                  ]
                }
              },
              {
                "address": "aws_iam_role_policy_attachment.ssm_role_policy_attach",
                "mode": "managed",
                "type": "aws_iam_role_policy_attachment",
                "name": "ssm_role_policy_attach",
                "provider_config_key": "aws",
                "expressions": {
                  "policy_arn": {
                    "references": [
                      "data.aws_iam_policy.AmazonSSMManagedInstanceCore.arn",
                      "data.aws_iam_policy.AmazonSSMManagedInstanceCore"
                    ]
                  },
                  "role": {
                    "references": [
                      "aws_iam_role.this_role[0].name",
                      "aws_iam_role.this_role[0]",
                      "aws_iam_role.this_role"
                    ]
                  }
                },
                "schema_version": 0,
                "count_expression": {
                  "references": [
                    "var.add_SSMManagedInstanceCore",
                    "var.iam_policies"
                  ]
                }
              },
              {
                "address": "aws_instance.this",
                "mode": "managed",
                "type": "aws_instance",
                "name": "this",
                "provider_config_key": "aws",
                "expressions": {
                  "ami": {
                    "references": [
                      "var.ami"
                    ]
                  },
                  "associate_public_ip_address": {
                    "references": [
                      "var.associate_public_ip",
                      "var.associate_eip"
                    ]
                  },
                  "ebs_optimized": {
                    "references": [
                      "var.ebs_optimized"
                    ]
                  },
                  "get_password_data": {
                    "references": [
                      "var.get_password_data"
                    ]
                  },
                  "iam_instance_profile": {
                    "references": [
                      "local.iam_profile"
                    ]
                  },
                  "instance_type": {
                    "references": [
                      "var.ec2_instance_type"
                    ]
                  },
                  "key_name": {
                    "references": [
                      "var.ec2_key_pair"
                    ]
                  },
                  "metadata_options": [
                    {
                      "http_endpoint": {
                        "constant_value": "enabled"
                      },
                      "http_put_response_hop_limit": {
                        "constant_value": 1
                      },
                      "http_tokens": {
                        "references": [
                          "var.http_tokens"
                        ]
                      },
                      "instance_metadata_tags": {
                        "constant_value": "enabled"
                      }
                    }
                  ],
                  "monitoring": {
                    "constant_value": true
                  },
                  "private_ip": {
                    "references": [
                      "var.private_ip"
                    ]
                  },
                  "root_block_device": [
                    {
                      "encrypted": {
                        "constant_value": true
                      },
                      "kms_key_id": {
                        "references": [
                          "var.ebs_kms_key_arn"
                        ]
                      },
                      "volume_size": {
                        "references": [
                          "var.root_volume_size"
                        ]
                      },
                      "volume_type": {
                        "references": [
                          "var.root_volume_type"
                        ]
                      }
                    }
                  ],
                  "source_dest_check": {
                    "references": [
                      "var.source_dest_check"
                    ]
                  },
                  "subnet_id": {
                    "references": [
                      "var.subnet_ids",
                      "count.index"
                    ]
                  },
                  "tags": {
                    "references": [
                      "var.instance_count",
                      "var.name",
                      "var.name",
                      "count.index",
                      "count.index",
                      "var.tags",
                      "var.global_tags"
                    ]
                  },
                  "user_data": {
                    "references": [
                      "var.user_data"
                    ]
                  },
                  "user_data_base64": {
                    "references": [
                      "var.user_data_base64"
                    ]
                  },
                  "user_data_replace_on_change": {
                    "references": [
                      "var.user_data_replace_on_change"
                    ]
                  },
                  "vpc_security_group_ids": {
                    "references": [
                      "var.additional_security_groups",
                      "module.security_group.id",
                      "module.security_group",
                      "var.additional_security_groups",
                      "module.security_group.id",
                      "module.security_group"
                    ]
                  }
                },
                "schema_version": 1,
                "count_expression": {
                  "references": [
                    "var.instance_count"
                  ]
                }
              },
              {
                "address": "aws_kms_grant.kms_key_grant",
                "mode": "managed",
                "type": "aws_kms_grant",
                "name": "kms_key_grant",
                "provider_config_key": "aws",
                "expressions": {
                  "grantee_principal": {
                    "references": [
                      "aws_iam_role.this_role[0].arn",
                      "aws_iam_role.this_role[0]",
                      "aws_iam_role.this_role"
                    ]
                  },
                  "key_id": {
                    "references": [
                      "var.keys_to_grant",
                      "count.index"
                    ]
                  },
                  "name": {
                    "references": [
                      "var.name",
                      "count.index"
                    ]
                  },
                  "operations": {
                    "constant_value": [
                      "Encrypt",
                      "Decrypt",
                      "DescribeKey"
                    ]
                  }
                },
                "schema_version": 0,
                "count_expression": {
                  "references": [
                    "var.keys_to_grant"
                  ]
                }
              },
              {
                "address": "aws_lb_target_group_attachment.target_group_attachment",
                "mode": "managed",
                "type": "aws_lb_target_group_attachment",
                "name": "target_group_attachment",
                "provider_config_key": "aws",
                "expressions": {
                  "target_group_arn": {
                    "references": [
                      "var.target_group_arns",
                      "count.index",
                      "aws_instance.this"
                    ]
                  },
                  "target_id": {
                    "references": [
                      "aws_instance.this",
                      "count.index",
                      "aws_instance.this"
                    ]
                  }
                },
                "schema_version": 0,
                "count_expression": {
                  "references": [
                    "local.full_size"
                  ]
                }
              },
              {
                "address": "aws_network_interface_attachment.eni_attachment",
                "mode": "managed",
                "type": "aws_network_interface_attachment",
                "name": "eni_attachment",
                "provider_config_key": "aws",
                "expressions": {
                  "device_index": {
                    "references": [
                      "count.index"
                    ]
                  },
                  "instance_id": {
                    "references": [
                      "aws_instance.this[0].id",
                      "aws_instance.this[0]",
                      "aws_instance.this"
                    ]
                  },
                  "network_interface_id": {
                    "references": [
                      "var.additional_eni_ids",
                      "count.index"
                    ]
                  }
                },
                "schema_version": 0,
                "count_expression": {
                  "references": [
                    "var.additional_eni_ids"
                  ]
                }
              },
              {
                "address": "aws_network_interface_sg_attachment.additional",
                "mode": "managed",
                "type": "aws_network_interface_sg_attachment",
                "name": "additional",
                "provider_config_key": "aws",
                "expressions": {
                  "network_interface_id": {
                    "references": [
                      "local.additional_sg_to_additional_eni",
                      "count.index"
                    ]
                  },
                  "security_group_id": {
                    "references": [
                      "local.additional_sg_to_additional_eni",
                      "count.index"
                    ]
                  }
                },
                "schema_version": 0,
                "count_expression": {
                  "references": [
                    "local.additional_sg_to_additional_eni"
                  ]
                }
              },
              {
                "address": "aws_volume_attachment.this",
                "mode": "managed",
                "type": "aws_volume_attachment",
                "name": "this",
                "provider_config_key": "aws",
                "expressions": {
                  "device_name": {
                    "references": [
                      "aws_ebs_volume.this",
                      "count.index"
                    ]
                  },
                  "force_detach": {
                    "references": [
                      "aws_ebs_volume.this",
                      "count.index"
                    ]
                  },
                  "instance_id": {
                    "references": [
                      "aws_ebs_volume.this",
                      "count.index"
                    ]
                  },
                  "skip_destroy": {
                    "references": [
                      "aws_ebs_volume.this",
                      "count.index"
                    ]
                  },
                  "stop_instance_before_detaching": {
                    "references": [
                      "aws_ebs_volume.this",
                      "count.index"
                    ]
                  },
                  "volume_id": {
                    "references": [
                      "aws_ebs_volume.this",
                      "count.index"
                    ]
                  }
                },
                "schema_version": 0,
                "count_expression": {
                  "references": [
                    "aws_ebs_volume.this"
                  ]
                }
              },
              {
                "address": "data.aws_iam_policy.AmazonSSMManagedInstanceCore",
                "mode": "data",
                "type": "aws_iam_policy",
                "name": "AmazonSSMManagedInstanceCore",
                "provider_config_key": "aws",
                "expressions": {
                  "name": {
                    "constant_value": "AmazonSSMManagedInstanceCore"
                  }
                },
                "schema_version": 0
              }
            ],
            "module_calls": {
              "security_group": {
                "source": "github.com/Coalfire-CF/terraform-aws-securitygroup?ref=b6e9070a3f6201d75160c42a3f649d36cb9b2622",
                "expressions": {
                  "description": {
                    "references": [
                      "var.sg_description"
                    ]
                  },
                  "egress_rules": {
                    "references": [
                      "var.egress_rules",
                      "var.egress_rules"
                    ]
                  },
                  "ingress_rules": {
                    "references": [
                      "var.ingress_rules",
                      "var.ingress_rules"
                    ]
                  },
                  "name": {
                    "references": [
                      "var.name"
                    ]
                  },
                  "network_interface_resource_associations": {
                    "references": [
                      "var.additional_eni_ids"
                    ]
                  },
                  "vpc_id": {
                    "references": [
                      "var.vpc_id"
                    ]
                  }
                },
                "module": {
                  "outputs": {
                    "associated_network_interfaces": {
                      "expression": {
                        "references": [
                          "data.aws_network_interface.interfaces"
                        ]
                      },
                      "description": "The ARNs of the network interfaces associated to the security group by this module"
                    },
                    "id": {
                      "expression": {
                        "references": [
                          "aws_security_group.this.id",
                          "aws_security_group.this"
                        ]
                      },
                      "description": "The id of the created security group"
                    }
                  },
                  "resources": [
                    {
                      "address": "aws_network_interface_sg_attachment.this",
                      "mode": "managed",
                      "type": "aws_network_interface_sg_attachment",
                      "name": "this",
                      "provider_config_key": "aws",
                      "expressions": {
                        "network_interface_id": {
                          "references": [
                            "var.network_interface_resource_associations",
                            "count.index"
                          ]
                        },
                        "security_group_id": {
                          "references": [
                            "aws_security_group.this.id",
                            "aws_security_group.this"
                          ]
                        }
                      },
                      "schema_version": 0,
                      "count_expression": {
                        "references": [
                          "var.network_interface_resource_associations"
                        ]
                      }
                    },
                    {
                      "address": "aws_security_group.this",
                      "mode": "managed",
                      "type": "aws_security_group",
                      "name": "this",
                      "provider_config_key": "aws",
                      "expressions": {
                        "description": {
                          "references": [
                            "var.description"
                          ]
                        },
                        "name": {
                          "references": [
                            "local.use_prefix",
                            "var.name"
                          ]
                        },
                        "name_prefix": {
                          "references": [
                            "local.use_prefix",
                            "var.sg_name_prefix"
                          ]
                        },
                        "tags": {
                          "references": [
                            "var.tags"
                          ]
                        },
                        "vpc_id": {
                          "references": [
                            "var.vpc_id"
                          ]
                        }
                      },
                      "schema_version": 1
                    },
                    {
                      "address": "aws_vpc_security_group_egress_rule.this",
                      "mode": "managed",
                      "type": "aws_vpc_security_group_egress_rule",
                      "name": "this",
                      "provider_config_key": "aws",
                      "expressions": {
                        "cidr_ipv4": {
                          "references": [
                            "each.value.cidr_ipv4",
                            "each.value"
                          ]
                        },
                        "cidr_ipv6": {
                          "references": [
                            "each.value.cidr_ipv6",
                            "each.value"
                          ]
                        },
                        "description": {
                          "references": [
                            "each.value.description",
                            "each.value"
                          ]
                        },
                        "from_port": {
                          "references": [
                            "each.value.from_port",
                            "each.value"
                          ]
                        },
                        "ip_protocol": {
                          "references": [
                            "each.value.ip_protocol",
                            "each.value"
                          ]
                        },
                        "prefix_list_id": {
                          "references": [
                            "each.value.prefix_list_id",
                            "each.value"
                          ]
                        },
                        "referenced_security_group_id": {
                          "references": [
                            "each.value.referenced_security_group_id",
                            "each.value",
                            "aws_security_group.this.id",
                            "aws_security_group.this",
                            "each.value.referenced_security_group_id",
                            "each.value"
                          ]
                        },
                        "security_group_id": {
                          "references": [
                            "aws_security_group.this.id",
                            "aws_security_group.this"
                          ]
                        },
                        "to_port": {
                          "references": [
                            "each.value.to_port",
                            "each.value"
                          ]
                        }
                      },
                      "schema_version": 0,
                      "for_each_expression": {
                        "references": [
                          "var.egress_rules"
                        ]
                      }
                    },
                    {
                      "address": "aws_vpc_security_group_ingress_rule.this",
                      "mode": "managed",
                      "type": "aws_vpc_security_group_ingress_rule",
                      "name": "this",
                      "provider_config_key": "aws",
                      "expressions": {
                        "cidr_ipv4": {
                          "references": [
                            "each.value.cidr_ipv4",
                            "each.value"
                          ]
                        },
                        "cidr_ipv6": {
                          "references": [
                            "each.value.cidr_ipv6",
                            "each.value"
                          ]
                        },
                        "description": {
                          "references": [
                            "each.value.description",
                            "each.value"
                          ]
                        },
                        "from_port": {
                          "references": [
                            "each.value.from_port",
                            "each.value"
                          ]
                        },
                        "ip_protocol": {
                          "references": [
                            "each.value.ip_protocol",
                            "each.value"
                          ]
                        },
                        "prefix_list_id": {
                          "references": [
                            "each.value.prefix_list_id",
                            "each.value"
                          ]
                        },
                        "referenced_security_group_id": {
                          "references": [
                            "each.value.referenced_security_group_id",
                            "each.value",
                            "aws_security_group.this.id",
                            "aws_security_group.this",
                            "each.value.referenced_security_group_id",
                            "each.value"
                          ]
                        },
                        "security_group_id": {
                          "references": [
                            "aws_security_group.this.id",
                            "aws_security_group.this"
                          ]
                        },
                        "to_port": {
                          "references": [
                            "each.value.to_port",
                            "each.value"
                          ]
                        }
                      },
                      "schema_version": 0,
                      "for_each_expression": {
                        "references": [
                          "var.ingress_rules"
                        ]
                      }
                    },
                    {
                      "address": "data.aws_network_interface.interfaces",
                      "mode": "data",
                      "type": "aws_network_interface",
                      "name": "interfaces",
                      "provider_config_key": "aws",
                      "expressions": {
                        "id": {
                          "references": [
                            "var.network_interface_resource_associations",
                            "count.index"
                          ]
                        }
                      },
                      "schema_version": 0,
                      "count_expression": {
                        "references": [
                          "var.network_interface_resource_associations"
                        ]
                      }
                    }
                  ],
                  "variables": {
                    "description": {
                      "default": "Managed by Terraform",
                      "description": "This overwrites the default generated description for the security group"
                    },
                    "egress_rules": {
                      "default": {},
                      "description": "The list of rules for egress traffic. Required fields for each rule are 'protocol', 'from_port', 'to_port', and at least one of 'cidr_blocks', 'ipv6_cidr_blocks', 'security_groups', 'self', or 'prefix_list_sg'. Optional fields are 'description' and those not used from the previous list"
                    },
                    "ingress_rules": {
                      "default": {},
                      "description": "The list of rules for ingress traffic. Required fields for each rule are 'protocol', 'from_port', 'to_port', and at least one of 'cidr_blocks', 'ipv6_cidr_blocks', 'security_groups', 'self', or 'prefix_list_sg'. Optional fields are 'description' and those not used from the previous list"
                    },
                    "name": {
                      "default": "",
                      "description": "The name of the created security group. Conflicts with 'sg_name_prefix'"
                    },
                    "network_interface_resource_associations": {
                      "default": [],
                      "description": "The IDs of already existing network interfaces to be associated with the created security group. If used, do not declare sg in the creation of those resources"
                    },
                    "sg_name_prefix": {
                      "default": "",
                      "description": "The prefix to be used while generating a unique name for the security group. Conflicts with 'sg_name'"
                    },
                    "tags": {
                      "default": {},
                      "description": "Tags to add to the created security group"
                    },
                    "vpc_id": {
                      "default": null,
                      "description": "The ID of the VPC that the security group will be associated with"
                    }
                  }
                }
              }
            },
            "variables": {
              "add_SSMManagedInstanceCore": {
                "default": true,
                "description": "Whether or not to apply the SSMManagedInstanceCore to the IAM role"
              },
              "additional_eni_ids": {
                "default": [],
                "description": "This variable allows for an ec2 instance to have multiple ENIs.  Instance count must be set to 1"
              },
              "additional_security_groups": {
                "default": [],
                "description": "A list of additional security groups to attach to the network interfaces"
              },
              "ami": {
                "description": "ID of AMI to use for the instance"
              },
              "associate_eip": {
                "default": false,
                "description": "Whether or not to associate an Elastic IP"
              },
              "associate_public_ip": {
                "default": false,
                "description": "Whether or not to associate a public IP (not EIP)"
              },
              "assume_role_policy": {
                "default": "{\n \"Version\": \"2012-10-17\",\n \"Statement\": [\n   {\n     \"Action\": \"sts:AssumeRole\",\n     \"Principal\": {\n       \"Service\": \"ec2.amazonaws.com\"\n     },\n     \"Effect\": \"Allow\",\n     \"Sid\": \"\"\n   }\n ]\n}\n",
                "description": "Policy document allowing Principals to assume this role (e.g. Trust Relationship)"
              },
              "ebs_kms_key_arn": {
                "description": "The ARN of the KMS key to encrypt EBS volumes"
              },
              "ebs_optimized": {
                "default": true,
                "description": "Whether or not the instance is ebs optimized"
              },
              "ebs_volumes": {
                "default": [],
                "description": "A list of maps that must contain device_name (ex. '/dev/sdb') and size (in GB). Optional args include type, throughput, iops, multi_attach_enabled, final_snapshot, snapshot_id, outpost_arn, force_detach, skip_destroy, stop_instance_before_detaching, and tags"
              },
              "ec2_instance_type": {
                "description": "The type of instance to start"
              },
              "ec2_key_pair": {
                "description": "The key name to use for the instance"
              },
              "egress_rules": {
                "default": {},
                "description": "The list of rules for egress traffic. Required fields for each rule are 'protocol', 'from_port', 'to_port', and at least one of 'cidr_blocks', 'ipv6_cidr_blocks', 'security_groups', 'self', or 'prefix_list_sg'. Optional fields are 'description' and those not used from the previous list"
              },
              "get_password_data": {
                "default": false,
                "description": "Whether or not to allow retrieval of the local admin password"
              },
              "global_tags": {
                "description": "a map of strings that contains global level tags"
              },
              "http_tokens": {
                "default": "required",
                "description": "Whether or not the metadata service requires session tokens, required=IMDSv2, optional=IMDSv1"
              },
              "iam_policies": {
                "default": [],
                "description": "A list of the iam policy ARNs to attach to the IAM role"
              },
              "iam_profile": {
                "default": "",
                "description": "A variable to attach an existing iam profile to the ec2 instance(s) created"
              },
              "ingress_rules": {
                "default": {},
                "description": "The list of rules for ingress traffic. Required fields for each rule are 'protocol', 'from_port', 'to_port', and at least one of 'cidr_blocks', 'ipv6_cidr_blocks', 'security_groups', 'self', or 'prefix_list_sg'. Optional fields are 'description' and those not used from the previous list"
              },
              "instance_count": {
                "default": 1,
                "description": "Number of instances to launch"
              },
              "keys_to_grant": {
                "default": [],
                "description": "A list of kms keys to grant permissions to for the role created."
              },
              "name": {
                "description": "The name of the ec2 instance"
              },
              "private_ip": {
                "default": null,
                "description": "The private ip for the instance"
              },
              "root_volume_size": {
                "description": "The size of the root ebs volume on the ec2 instances created"
              },
              "root_volume_type": {
                "default": "gp3",
                "description": "The type of the root ebs volume on the ec2 instances created"
              },
              "sg_description": {
                "default": "Managed by Terraform",
                "description": "This overwrites the default generated description for the security group"
              },
              "source_dest_check": {
                "default": true,
                "description": "Whether or not source/destination check should be enabled for the primary network interface"
              },
              "subnet_ids": {
                "description": "A list of the subnets to be used when provisioning ec2 instances.  If instance count is 1, only the first subnet will be used"
              },
              "tags": {
                "default": {},
                "description": "A mapping of tags to assign to the resource"
              },
              "target_group_arns": {
                "default": [],
                "description": "A list of aws_alb_target_group ARNs, for use with Application Load Balancing"
              },
              "user_data": {
                "default": null,
                "description": "The User Data script to run"
              },
              "user_data_base64": {
                "default": null,
                "description": "Can be used instead of user_data to pass base64-encoded binary data directly. Use this instead of user_data whenever the value is not a valid UTF-8 string. For example, gzip-encoded user data must be base64-encoded and passed via this argument to avoid corruption"
              },
              "user_data_replace_on_change": {
                "default": null,
                "description": "When used in combination with user_data or user_data_base64 will trigger a destroy and recreate when set to true. Defaults to false if not set"
              },
              "vpc_id": {
                "description": "The id of the vpc where resources are being created"
              }
            }
          }
        },
        "management_ec2": {
          "source": "github.com/Coalfire-CF/terraform-aws-ec2?ref=v1.0.8",
          "expressions": {
            "ami": {
              "references": [
                "data.aws_ami.linux.id",
                "data.aws_ami.linux"
              ]
            },
            "associate_public_ip": {
              "constant_value": true
            },
            "ebs_kms_key_arn": {
              "constant_value": null
            },
            "ec2_instance_type": {
              "references": [
                "var.instance_type"
              ]
            },
            "ec2_key_pair": {
              "references": [
                "aws_key_pair.deployer_key.key_name",
                "aws_key_pair.deployer_key"
              ]
            },
            "egress_rules": {
              "constant_value": {
                "allow_all": {
                  "cidr_ipv4": "0.0.0.0/0",
                  "ip_protocol": "-1"
                }
              }
            },
            "global_tags": {
              "constant_value": {}
            },
            "ingress_rules": {
              "references": [
                "var.admin_ip"
              ]
            },
            "instance_count": {
              "constant_value": 1
            },
            "name": {
              "references": [
                "var.vpc_name"
              ]
            },
            "root_volume_size": {
              "constant_value": 50
            },
            "subnet_ids": {
              "references": [
                "module.web_server_vpc.public_subnets",
                "module.web_server_vpc"
              ]
            },
            "vpc_id": {
              "references": [
                "module.web_server_vpc.vpc_id",
                "module.web_server_vpc"
              ]
            }
          },
          "module": {
            "outputs": {
              "iam_profile": {
                "expression": {
                  "references": [
                    "local.iam_profile"
                  ]
                },
                "description": "The name of the iam profile created in the module"
              },
              "iam_role_arn": {
                "expression": {
                  "references": [
                    "aws_iam_role.this_role"
                  ]
                },
                "description": "The AWS IAM Role arn created"
              },
              "iam_role_name": {
                "expression": {
                  "references": [
                    "aws_iam_role.this_role"
                  ]
                },
                "description": "The AWS IAM Role arn created"
              },
              "instance_id": {
                "expression": {
                  "references": [
                    "aws_instance.this"
                  ]
                },
                "description": "The AWS Instance id created"
              },
              "network_interface_id": {
                "expression": {
                  "references": [
                    "aws_instance.this"
                  ]
                },
                "description": "The network interface ID for the AWS instance"
              },
              "primary_private_ip_addresses": {
                "expression": {
                  "references": [
                    "aws_instance.this"
                  ]
                },
                "description": "A list of the primary private IP addesses assigned to the ec2 instance"
              },
              "sg_id": {
                "expression": {
                  "references": [
                    "module.security_group.id",
                    "module.security_group"
                  ]
                },
                "description": "The id of the security group created"
              },
              "tags": {
                "expression": {
                  "references": [
                    "aws_instance.this"
                  ]
                },
                "description": "List of tags of instances"
              }
            },
            "resources": [
              {
                "address": "aws_ebs_volume.this",
                "mode": "managed",
                "type": "aws_ebs_volume",
                "name": "this",
                "provider_config_key": "aws",
                "expressions": {
                  "availability_zone": {
                    "references": [
                      "local.additional_ebs_volumes",
                      "count.index"
                    ]
                  },
                  "encrypted": {
                    "constant_value": true
                  },
                  "final_snapshot": {
                    "references": [
                      "local.additional_ebs_volumes",
                      "count.index"
                    ]
                  },
                  "iops": {
                    "references": [
                      "local.additional_ebs_volumes",
                      "count.index"
                    ]
                  },
                  "kms_key_id": {
                    "references": [
                      "var.ebs_kms_key_arn"
                    ]
                  },
                  "multi_attach_enabled": {
                    "references": [
                      "local.additional_ebs_volumes",
                      "count.index"
                    ]
                  },
                  "outpost_arn": {
                    "references": [
                      "local.additional_ebs_volumes",
                      "count.index"
                    ]
                  },
                  "size": {
                    "references": [
                      "local.additional_ebs_volumes",
                      "count.index"
                    ]
                  },
                  "snapshot_id": {
                    "references": [
                      "local.additional_ebs_volumes",
                      "count.index"
                    ]
                  },
                  "tags": {
                    "references": [
                      "var.instance_count",
                      "var.name",
                      "var.name",
                      "count.index",
                      "var.instance_count",
                      "local.additional_ebs_volumes",
                      "count.index",
                      "local.additional_ebs_volumes",
                      "count.index",
                      "local.additional_ebs_volumes",
                      "count.index",
                      "local.additional_ebs_volumes",
                      "count.index",
                      "local.additional_ebs_volumes",
                      "count.index",
                      "local.additional_ebs_volumes",
                      "count.index",
                      "var.global_tags"
                    ]
                  },
                  "throughput": {
                    "references": [
                      "local.additional_ebs_volumes",
                      "count.index"
                    ]
                  },
                  "type": {
                    "references": [
                      "local.additional_ebs_volumes",
                      "count.index"
                    ]
                  }
                },
                "schema_version": 0,
                "count_expression": {
                  "references": [
                    "local.additional_ebs_volumes"
                  ]
                }
              },
              {
                "address": "aws_eip.eip",
                "mode": "managed",
                "type": "aws_eip",
                "name": "eip",
                "provider_config_key": "aws",
                "expressions": {
                  "domain": {
                    "constant_value": "vpc"
                  }
                },
                "schema_version": 0,
                "count_expression": {
                  "references": [
                    "var.associate_eip",
                    "var.instance_count"
                  ]
                }
              },
              {
                "address": "aws_eip_association.eip_attach",
                "mode": "managed",
                "type": "aws_eip_association",
                "name": "eip_attach",
                "provider_config_key": "aws",
                "expressions": {
                  "allocation_id": {
                    "references": [
                      "aws_eip.eip",
                      "count.index"
                    ]
                  },
                  "instance_id": {
                    "references": [
                      "aws_instance.this",
                      "count.index"
                    ]
                  }
                },
                "schema_version": 0,
                "count_expression": {
                  "references": [
                    "var.associate_eip",
                    "var.instance_count"
                  ]
                }
              },
              {
                "address": "aws_iam_instance_profile.this_profile",
                "mode": "managed",
                "type": "aws_iam_instance_profile",
                "name": "this_profile",
                "provider_config_key": "aws",
                "expressions": {
                  "name": {
                    "references": [
                      "var.name"
                    ]
                  },
                  "role": {
                    "references": [
                      "aws_iam_role.this_role[0].name",
                      "aws_iam_role.this_role[0]",
                      "aws_iam_role.this_role"
                    ]
                  }
                },
                "schema_version": 0,
                "count_expression": {
                  "references": [
                    "var.iam_policies"
                  ]
                }
              },
              {
                "address": "aws_iam_role.this_role",
                "mode": "managed",
                "type": "aws_iam_role",
                "name": "this_role",
                "provider_config_key": "aws",
                "expressions": {
                  "assume_role_policy": {
                    "references": [
                      "var.assume_role_policy"
                    ]
                  },
                  "name": {
                    "references": [
                      "var.name"
                    ]
                  }
                },
                "schema_version": 0,
                "count_expression": {
                  "references": [
                    "var.iam_policies"
                  ]
                }
              },
              {
                "address": "aws_iam_role_policy_attachment.iam_policy_attach",
                "mode": "managed",
                "type": "aws_iam_role_policy_attachment",
                "name": "iam_policy_attach",
                "provider_config_key": "aws",
                "expressions": {
                  "policy_arn": {
                    "references": [
                      "var.iam_policies",
                      "count.index"
                    ]
                  },
                  "role": {
                    "references": [
                      "aws_iam_role.this_role[0].name",
                      "aws_iam_role.this_role[0]",
                      "aws_iam_role.this_role"
                    ]
                  }
                },
                "schema_version": 0,
                "count_expression": {
                  "references": [
                    "var.iam_policies"
                  ]
                }
              },
              {
                "address": "aws_iam_role_policy_attachment.ssm_role_policy_attach",
                "mode": "managed",
                "type": "aws_iam_role_policy_attachment",
                "name": "ssm_role_policy_attach",
                "provider_config_key": "aws",
                "expressions": {
                  "policy_arn": {
                    "references": [
                      "data.aws_iam_policy.AmazonSSMManagedInstanceCore.arn",
                      "data.aws_iam_policy.AmazonSSMManagedInstanceCore"
                    ]
                  },
                  "role": {
                    "references": [
                      "aws_iam_role.this_role[0].name",
                      "aws_iam_role.this_role[0]",
                      "aws_iam_role.this_role"
                    ]
                  }
                },
                "schema_version": 0,
                "count_expression": {
                  "references": [
                    "var.add_SSMManagedInstanceCore",
                    "var.iam_policies"
                  ]
                }
              },
              {
                "address": "aws_instance.this",
                "mode": "managed",
                "type": "aws_instance",
                "name": "this",
                "provider_config_key": "aws",
                "expressions": {
                  "ami": {
                    "references": [
                      "var.ami"
                    ]
                  },
                  "associate_public_ip_address": {
                    "references": [
                      "var.associate_public_ip",
                      "var.associate_eip"
                    ]
                  },
                  "ebs_optimized": {
                    "references": [
                      "var.ebs_optimized"
                    ]
                  },
                  "get_password_data": {
                    "references": [
                      "var.get_password_data"
                    ]
                  },
                  "iam_instance_profile": {
                    "references": [
                      "local.iam_profile"
                    ]
                  },
                  "instance_type": {
                    "references": [
                      "var.ec2_instance_type"
                    ]
                  },
                  "key_name": {
                    "references": [
                      "var.ec2_key_pair"
                    ]
                  },
                  "metadata_options": [
                    {
                      "http_endpoint": {
                        "constant_value": "enabled"
                      },
                      "http_put_response_hop_limit": {
                        "constant_value": 1
                      },
                      "http_tokens": {
                        "references": [
                          "var.http_tokens"
                        ]
                      },
                      "instance_metadata_tags": {
                        "constant_value": "enabled"
                      }
                    }
                  ],
                  "monitoring": {
                    "constant_value": true
                  },
                  "private_ip": {
                    "references": [
                      "var.private_ip"
                    ]
                  },
                  "root_block_device": [
                    {
                      "encrypted": {
                        "constant_value": true
                      },
                      "kms_key_id": {
                        "references": [
                          "var.ebs_kms_key_arn"
                        ]
                      },
                      "volume_size": {
                        "references": [
                          "var.root_volume_size"
                        ]
                      },
                      "volume_type": {
                        "references": [
                          "var.root_volume_type"
                        ]
                      }
                    }
                  ],
                  "source_dest_check": {
                    "references": [
                      "var.source_dest_check"
                    ]
                  },
                  "subnet_id": {
                    "references": [
                      "var.subnet_ids",
                      "count.index"
                    ]
                  },
                  "tags": {
                    "references": [
                      "var.instance_count",
                      "var.name",
                      "var.name",
                      "count.index",
                      "count.index",
                      "var.tags",
                      "var.global_tags"
                    ]
                  },
                  "user_data": {
                    "references": [
                      "var.user_data"
                    ]
                  },
                  "user_data_base64": {
                    "references": [
                      "var.user_data_base64"
                    ]
                  },
                  "user_data_replace_on_change": {
                    "references": [
                      "var.user_data_replace_on_change"
                    ]
                  },
                  "vpc_security_group_ids": {
                    "references": [
                      "var.additional_security_groups",
                      "module.security_group.id",
                      "module.security_group",
                      "var.additional_security_groups",
                      "module.security_group.id",
                      "module.security_group"
                    ]
                  }
                },
                "schema_version": 1,
                "count_expression": {
                  "references": [
                    "var.instance_count"
                  ]
                }
              },
              {
                "address": "aws_kms_grant.kms_key_grant",
                "mode": "managed",
                "type": "aws_kms_grant",
                "name": "kms_key_grant",
                "provider_config_key": "aws",
                "expressions": {
                  "grantee_principal": {
                    "references": [
                      "aws_iam_role.this_role[0].arn",
                      "aws_iam_role.this_role[0]",
                      "aws_iam_role.this_role"
                    ]
                  },
                  "key_id": {
                    "references": [
                      "var.keys_to_grant",
                      "count.index"
                    ]
                  },
                  "name": {
                    "references": [
                      "var.name",
                      "count.index"
                    ]
                  },
                  "operations": {
                    "constant_value": [
                      "Encrypt",
                      "Decrypt",
                      "DescribeKey"
                    ]
                  }
                },
                "schema_version": 0,
                "count_expression": {
                  "references": [
                    "var.keys_to_grant"
                  ]
                }
              },
              {
                "address": "aws_lb_target_group_attachment.target_group_attachment",
                "mode": "managed",
                "type": "aws_lb_target_group_attachment",
                "name": "target_group_attachment",
                "provider_config_key": "aws",
                "expressions": {
                  "target_group_arn": {
                    "references": [
                      "var.target_group_arns",
                      "count.index",
                      "aws_instance.this"
                    ]
                  },
                  "target_id": {
                    "references": [
                      "aws_instance.this",
                      "count.index",
                      "aws_instance.this"
                    ]
                  }
                },
                "schema_version": 0,
                "count_expression": {
                  "references": [
                    "local.full_size"
                  ]
                }
              },
              {
                "address": "aws_network_interface_attachment.eni_attachment",
                "mode": "managed",
                "type": "aws_network_interface_attachment",
                "name": "eni_attachment",
                "provider_config_key": "aws",
                "expressions": {
                  "device_index": {
                    "references": [
                      "count.index"
                    ]
                  },
                  "instance_id": {
                    "references": [
                      "aws_instance.this[0].id",
                      "aws_instance.this[0]",
                      "aws_instance.this"
                    ]
                  },
                  "network_interface_id": {
                    "references": [
                      "var.additional_eni_ids",
                      "count.index"
                    ]
                  }
                },
                "schema_version": 0,
                "count_expression": {
                  "references": [
                    "var.additional_eni_ids"
                  ]
                }
              },
              {
                "address": "aws_network_interface_sg_attachment.additional",
                "mode": "managed",
                "type": "aws_network_interface_sg_attachment",
                "name": "additional",
                "provider_config_key": "aws",
                "expressions": {
                  "network_interface_id": {
                    "references": [
                      "local.additional_sg_to_additional_eni",
                      "count.index"
                    ]
                  },
                  "security_group_id": {
                    "references": [
                      "local.additional_sg_to_additional_eni",
                      "count.index"
                    ]
                  }
                },
                "schema_version": 0,
                "count_expression": {
                  "references": [
                    "local.additional_sg_to_additional_eni"
                  ]
                }
              },
              {
                "address": "aws_volume_attachment.this",
                "mode": "managed",
                "type": "aws_volume_attachment",
                "name": "this",
                "provider_config_key": "aws",
                "expressions": {
                  "device_name": {
                    "references": [
                      "aws_ebs_volume.this",
                      "count.index"
                    ]
                  },
                  "force_detach": {
                    "references": [
                      "aws_ebs_volume.this",
                      "count.index"
                    ]
                  },
                  "instance_id": {
                    "references": [
                      "aws_ebs_volume.this",
                      "count.index"
                    ]
                  },
                  "skip_destroy": {
                    "references": [
                      "aws_ebs_volume.this",
                      "count.index"
                    ]
                  },
                  "stop_instance_before_detaching": {
                    "references": [
                      "aws_ebs_volume.this",
                      "count.index"
                    ]
                  },
                  "volume_id": {
                    "references": [
                      "aws_ebs_volume.this",
                      "count.index"
                    ]
                  }
                },
                "schema_version": 0,
                "count_expression": {
                  "references": [
                    "aws_ebs_volume.this"
                  ]
                }
              },
              {
                "address": "data.aws_iam_policy.AmazonSSMManagedInstanceCore",
                "mode": "data",
                "type": "aws_iam_policy",
                "name": "AmazonSSMManagedInstanceCore",
                "provider_config_key": "aws",
                "expressions": {
                  "name": {
                    "constant_value": "AmazonSSMManagedInstanceCore"
                  }
                },
                "schema_version": 0
              }
            ],
            "module_calls": {
              "security_group": {
                "source": "github.com/Coalfire-CF/terraform-aws-securitygroup?ref=b6e9070a3f6201d75160c42a3f649d36cb9b2622",
                "expressions": {
                  "description": {
                    "references": [
                      "var.sg_description"
                    ]
                  },
                  "egress_rules": {
                    "references": [
                      "var.egress_rules",
                      "var.egress_rules"
                    ]
                  },
                  "ingress_rules": {
                    "references": [
                      "var.ingress_rules",
                      "var.ingress_rules"
                    ]
                  },
                  "name": {
                    "references": [
                      "var.name"
                    ]
                  },
                  "network_interface_resource_associations": {
                    "references": [
                      "var.additional_eni_ids"
                    ]
                  },
                  "vpc_id": {
                    "references": [
                      "var.vpc_id"
                    ]
                  }
                },
                "module": {
                  "outputs": {
                    "associated_network_interfaces": {
                      "expression": {
                        "references": [
                          "data.aws_network_interface.interfaces"
                        ]
                      },
                      "description": "The ARNs of the network interfaces associated to the security group by this module"
                    },
                    "id": {
                      "expression": {
                        "references": [
                          "aws_security_group.this.id",
                          "aws_security_group.this"
                        ]
                      },
                      "description": "The id of the created security group"
                    }
                  },
                  "resources": [
                    {
                      "address": "aws_network_interface_sg_attachment.this",
                      "mode": "managed",
                      "type": "aws_network_interface_sg_attachment",
                      "name": "this",
                      "provider_config_key": "aws",
                      "expressions": {
                        "network_interface_id": {
                          "references": [
                            "var.network_interface_resource_associations",
                            "count.index"
                          ]
                        },
                        "security_group_id": {
                          "references": [
                            "aws_security_group.this.id",
                            "aws_security_group.this"
                          ]
                        }
                      },
                      "schema_version": 0,
                      "count_expression": {
                        "references": [
                          "var.network_interface_resource_associations"
                        ]
                      }
                    },
                    {
                      "address": "aws_security_group.this",
                      "mode": "managed",
                      "type": "aws_security_group",
                      "name": "this",
                      "provider_config_key": "aws",
                      "expressions": {
                        "description": {
                          "references": [
                            "var.description"
                          ]
                        },
                        "name": {
                          "references": [
                            "local.use_prefix",
                            "var.name"
                          ]
                        },
                        "name_prefix": {
                          "references": [
                            "local.use_prefix",
                            "var.sg_name_prefix"
                          ]
                        },
                        "tags": {
                          "references": [
                            "var.tags"
                          ]
                        },
                        "vpc_id": {
                          "references": [
                            "var.vpc_id"
                          ]
                        }
                      },
                      "schema_version": 1
                    },
                    {
                      "address": "aws_vpc_security_group_egress_rule.this",
                      "mode": "managed",
                      "type": "aws_vpc_security_group_egress_rule",
                      "name": "this",
                      "provider_config_key": "aws",
                      "expressions": {
                        "cidr_ipv4": {
                          "references": [
                            "each.value.cidr_ipv4",
                            "each.value"
                          ]
                        },
                        "cidr_ipv6": {
                          "references": [
                            "each.value.cidr_ipv6",
                            "each.value"
                          ]
                        },
                        "description": {
                          "references": [
                            "each.value.description",
                            "each.value"
                          ]
                        },
                        "from_port": {
                          "references": [
                            "each.value.from_port",
                            "each.value"
                          ]
                        },
                        "ip_protocol": {
                          "references": [
                            "each.value.ip_protocol",
                            "each.value"
                          ]
                        },
                        "prefix_list_id": {
                          "references": [
                            "each.value.prefix_list_id",
                            "each.value"
                          ]
                        },
                        "referenced_security_group_id": {
                          "references": [
                            "each.value.referenced_security_group_id",
                            "each.value",
                            "aws_security_group.this.id",
                            "aws_security_group.this",
                            "each.value.referenced_security_group_id",
                            "each.value"
                          ]
                        },
                        "security_group_id": {
                          "references": [
                            "aws_security_group.this.id",
                            "aws_security_group.this"
                          ]
                        },
                        "to_port": {
                          "references": [
                            "each.value.to_port",
                            "each.value"
                          ]
                        }
                      },
                      "schema_version": 0,
                      "for_each_expression": {
                        "references": [
                          "var.egress_rules"
                        ]
                      }
                    },
                    {
                      "address": "aws_vpc_security_group_ingress_rule.this",
                      "mode": "managed",
                      "type": "aws_vpc_security_group_ingress_rule",
                      "name": "this",
                      "provider_config_key": "aws",
                      "expressions": {
                        "cidr_ipv4": {
                          "references": [
                            "each.value.cidr_ipv4",
                            "each.value"
                          ]
                        },
                        "cidr_ipv6": {
                          "references": [
                            "each.value.cidr_ipv6",
                            "each.value"
                          ]
                        },
                        "description": {
                          "references": [
                            "each.value.description",
                            "each.value"
                          ]
                        },
                        "from_port": {
                          "references": [
                            "each.value.from_port",
                            "each.value"
                          ]
                        },
                        "ip_protocol": {
                          "references": [
                            "each.value.ip_protocol",
                            "each.value"
                          ]
                        },
                        "prefix_list_id": {
                          "references": [
                            "each.value.prefix_list_id",
                            "each.value"
                          ]
                        },
                        "referenced_security_group_id": {
                          "references": [
                            "each.value.referenced_security_group_id",
                            "each.value",
                            "aws_security_group.this.id",
                            "aws_security_group.this",
                            "each.value.referenced_security_group_id",
                            "each.value"
                          ]
                        },
                        "security_group_id": {
                          "references": [
                            "aws_security_group.this.id",
                            "aws_security_group.this"
                          ]
                        },
                        "to_port": {
                          "references": [
                            "each.value.to_port",
                            "each.value"
                          ]
                        }
                      },
                      "schema_version": 0,
                      "for_each_expression": {
                        "references": [
                          "var.ingress_rules"
                        ]
                      }
                    },
                    {
                      "address": "data.aws_network_interface.interfaces",
                      "mode": "data",
                      "type": "aws_network_interface",
                      "name": "interfaces",
                      "provider_config_key": "aws",
                      "expressions": {
                        "id": {
                          "references": [
                            "var.network_interface_resource_associations",
                            "count.index"
                          ]
                        }
                      },
                      "schema_version": 0,
                      "count_expression": {
                        "references": [
                          "var.network_interface_resource_associations"
                        ]
                      }
                    }
                  ],
                  "variables": {
                    "description": {
                      "default": "Managed by Terraform",
                      "description": "This overwrites the default generated description for the security group"
                    },
                    "egress_rules": {
                      "default": {},
                      "description": "The list of rules for egress traffic. Required fields for each rule are 'protocol', 'from_port', 'to_port', and at least one of 'cidr_blocks', 'ipv6_cidr_blocks', 'security_groups', 'self', or 'prefix_list_sg'. Optional fields are 'description' and those not used from the previous list"
                    },
                    "ingress_rules": {
                      "default": {},
                      "description": "The list of rules for ingress traffic. Required fields for each rule are 'protocol', 'from_port', 'to_port', and at least one of 'cidr_blocks', 'ipv6_cidr_blocks', 'security_groups', 'self', or 'prefix_list_sg'. Optional fields are 'description' and those not used from the previous list"
                    },
                    "name": {
                      "default": "",
                      "description": "The name of the created security group. Conflicts with 'sg_name_prefix'"
                    },
                    "network_interface_resource_associations": {
                      "default": [],
                      "description": "The IDs of already existing network interfaces to be associated with the created security group. If used, do not declare sg in the creation of those resources"
                    },
                    "sg_name_prefix": {
                      "default": "",
                      "description": "The prefix to be used while generating a unique name for the security group. Conflicts with 'sg_name'"
                    },
                    "tags": {
                      "default": {},
                      "description": "Tags to add to the created security group"
                    },
                    "vpc_id": {
                      "default": null,
                      "description": "The ID of the VPC that the security group will be associated with"
                    }
                  }
                }
              }
            },
            "variables": {
              "add_SSMManagedInstanceCore": {
                "default": true,
                "description": "Whether or not to apply the SSMManagedInstanceCore to the IAM role"
              },
              "additional_eni_ids": {
                "default": [],
                "description": "This variable allows for an ec2 instance to have multiple ENIs.  Instance count must be set to 1"
              },
              "additional_security_groups": {
                "default": [],
                "description": "A list of additional security groups to attach to the network interfaces"
              },
              "ami": {
                "description": "ID of AMI to use for the instance"
              },
              "associate_eip": {
                "default": false,
                "description": "Whether or not to associate an Elastic IP"
              },
              "associate_public_ip": {
                "default": false,
                "description": "Whether or not to associate a public IP (not EIP)"
              },
              "assume_role_policy": {
                "default": "{\n \"Version\": \"2012-10-17\",\n \"Statement\": [\n   {\n     \"Action\": \"sts:AssumeRole\",\n     \"Principal\": {\n       \"Service\": \"ec2.amazonaws.com\"\n     },\n     \"Effect\": \"Allow\",\n     \"Sid\": \"\"\n   }\n ]\n}\n",
                "description": "Policy document allowing Principals to assume this role (e.g. Trust Relationship)"
              },
              "ebs_kms_key_arn": {
                "description": "The ARN of the KMS key to encrypt EBS volumes"
              },
              "ebs_optimized": {
                "default": true,
                "description": "Whether or not the instance is ebs optimized"
              },
              "ebs_volumes": {
                "default": [],
                "description": "A list of maps that must contain device_name (ex. '/dev/sdb') and size (in GB). Optional args include type, throughput, iops, multi_attach_enabled, final_snapshot, snapshot_id, outpost_arn, force_detach, skip_destroy, stop_instance_before_detaching, and tags"
              },
              "ec2_instance_type": {
                "description": "The type of instance to start"
              },
              "ec2_key_pair": {
                "description": "The key name to use for the instance"
              },
              "egress_rules": {
                "default": {},
                "description": "The list of rules for egress traffic. Required fields for each rule are 'protocol', 'from_port', 'to_port', and at least one of 'cidr_blocks', 'ipv6_cidr_blocks', 'security_groups', 'self', or 'prefix_list_sg'. Optional fields are 'description' and those not used from the previous list"
              },
              "get_password_data": {
                "default": false,
                "description": "Whether or not to allow retrieval of the local admin password"
              },
              "global_tags": {
                "description": "a map of strings that contains global level tags"
              },
              "http_tokens": {
                "default": "required",
                "description": "Whether or not the metadata service requires session tokens, required=IMDSv2, optional=IMDSv1"
              },
              "iam_policies": {
                "default": [],
                "description": "A list of the iam policy ARNs to attach to the IAM role"
              },
              "iam_profile": {
                "default": "",
                "description": "A variable to attach an existing iam profile to the ec2 instance(s) created"
              },
              "ingress_rules": {
                "default": {},
                "description": "The list of rules for ingress traffic. Required fields for each rule are 'protocol', 'from_port', 'to_port', and at least one of 'cidr_blocks', 'ipv6_cidr_blocks', 'security_groups', 'self', or 'prefix_list_sg'. Optional fields are 'description' and those not used from the previous list"
              },
              "instance_count": {
                "default": 1,
                "description": "Number of instances to launch"
              },
              "keys_to_grant": {
                "default": [],
                "description": "A list of kms keys to grant permissions to for the role created."
              },
              "name": {
                "description": "The name of the ec2 instance"
              },
              "private_ip": {
                "default": null,
                "description": "The private ip for the instance"
              },
              "root_volume_size": {
                "description": "The size of the root ebs volume on the ec2 instances created"
              },
              "root_volume_type": {
                "default": "gp3",
                "description": "The type of the root ebs volume on the ec2 instances created"
              },
              "sg_description": {
                "default": "Managed by Terraform",
                "description": "This overwrites the default generated description for the security group"
              },
              "source_dest_check": {
                "default": true,
                "description": "Whether or not source/destination check should be enabled for the primary network interface"
              },
              "subnet_ids": {
                "description": "A list of the subnets to be used when provisioning ec2 instances.  If instance count is 1, only the first subnet will be used"
              },
              "tags": {
                "default": {},
                "description": "A mapping of tags to assign to the resource"
              },
              "target_group_arns": {
                "default": [],
                "description": "A list of aws_alb_target_group ARNs, for use with Application Load Balancing"
              },
              "user_data": {
                "default": null,
                "description": "The User Data script to run"
              },
              "user_data_base64": {
                "default": null,
                "description": "Can be used instead of user_data to pass base64-encoded binary data directly. Use this instead of user_data whenever the value is not a valid UTF-8 string. For example, gzip-encoded user data must be base64-encoded and passed via this argument to avoid corruption"
              },
              "user_data_replace_on_change": {
                "default": null,
                "description": "When used in combination with user_data or user_data_base64 will trigger a destroy and recreate when set to true. Defaults to false if not set"
              },
              "vpc_id": {
                "description": "The id of the vpc where resources are being created"
              }
            }
          }
        },
        "web_server_vpc": {
          "source": "git::https://github.com/Coalfire-CF/terraform-aws-vpc-nfw.git?ref=v3.1.0",
          "expressions": {
            "azs": {
              "references": [
                "data.aws_availability_zones.available.names[0]",
                "data.aws_availability_zones.available.names",
                "data.aws_availability_zones.available",
                "data.aws_availability_zones.available.names[1]",
                "data.aws_availability_zones.available.names",
                "data.aws_availability_zones.available"
              ]
            },
            "cidr": {
              "references": [
                "var.vpc_cidr"
              ]
            },
            "enable_dns_hostnames": {
              "constant_value": true
            },
            "enable_nat_gateway": {
              "constant_value": true
            },
            "flow_log_destination_type": {
              "constant_value": "cloud-watch-logs"
            },
            "map_public_ip_on_launch": {
              "constant_value": true
            },
            "single_nat_gateway": {
              "constant_value": true
            },
            "subnets": {
              "references": [
                "var.vpc_cidr",
                "data.aws_availability_zones.available.names[0]",
                "data.aws_availability_zones.available.names",
                "data.aws_availability_zones.available",
                "var.vpc_cidr",
                "data.aws_availability_zones.available.names[1]",
                "data.aws_availability_zones.available.names",
                "data.aws_availability_zones.available",
                "var.vpc_cidr",
                "data.aws_availability_zones.available.names[0]",
                "data.aws_availability_zones.available.names",
                "data.aws_availability_zones.available"
              ]
            },
            "vpc_name": {
              "references": [
                "var.vpc_name"
              ]
            }
          },
          "module": {
            "outputs": {
              "aws_nfw_endpoint_ids": {
                "expression": {
                  "references": [
                    "module.aws_network_firewall"
                  ]
                },
                "description": "List of IDs of AWS NFW endpoints"
              },
              "database_subnet_group": {
                "expression": {
                  "references": [
                    "aws_db_subnet_group.database"
                  ]
                },
                "description": "ID of database subnet group"
              },
              "database_subnets": {
                "expression": {
                  "references": [
                    "aws_subnet.database",
                    "aws_subnet.database"
                  ]
                },
                "description": "List of IDs of database subnets"
              },
              "database_subnets_cidr_blocks": {
                "expression": {
                  "references": [
                    "aws_subnet.database",
                    "aws_subnet.database"
                  ]
                },
                "description": "List of cidr_blocks of database subnets"
              },
              "default_network_acl_id": {
                "expression": {
                  "references": [
                    "aws_vpc.this"
                  ]
                },
                "description": "The ID of the default network ACL"
              },
              "default_route_table_id": {
                "expression": {
                  "references": [
                    "aws_vpc.this"
                  ]
                },
                "description": "The ID of the default route table"
              },
              "default_security_group_id": {
                "expression": {
                  "references": [
                    "aws_vpc.this"
                  ]
                },
                "description": "The ID of the security group created by default on VPC creation"
              },
              "default_vpc_cidr_block": {
                "expression": {
                  "references": [
                    "aws_default_vpc.this"
                  ]
                },
                "description": "The CIDR block of the VPC"
              },
              "default_vpc_default_network_acl_id": {
                "expression": {
                  "references": [
                    "aws_default_vpc.this"
                  ]
                },
                "description": "The ID of the default network ACL"
              },
              "default_vpc_default_route_table_id": {
                "expression": {
                  "references": [
                    "aws_default_vpc.this"
                  ]
                },
                "description": "The ID of the default route table"
              },
              "default_vpc_default_security_group_id": {
                "expression": {
                  "references": [
                    "aws_default_vpc.this"
                  ]
                },
                "description": "The ID of the security group created by default on VPC creation"
              },
              "default_vpc_enable_dns_hostnames": {
                "expression": {
                  "references": [
                    "aws_default_vpc.this"
                  ]
                },
                "description": "Whether or not the VPC has DNS hostname support"
              },
              "default_vpc_enable_dns_support": {
                "expression": {
                  "references": [
                    "aws_default_vpc.this"
                  ]
                },
                "description": "Whether or not the VPC has DNS support"
              },
              "default_vpc_id": {
                "expression": {
                  "references": [
                    "aws_default_vpc.this"
                  ]
                },
                "description": "The ID of the VPC"
              },
              "default_vpc_instance_tenancy": {
                "expression": {
                  "references": [
                    "aws_default_vpc.this"
                  ]
                },
                "description": "Tenancy of instances spin up within VPC"
              },
              "default_vpc_main_route_table_id": {
                "expression": {
                  "references": [
                    "aws_default_vpc.this"
                  ]
                },
                "description": "The ID of the main route table associated with this VPC"
              },
              "elasticache_route_table_ids": {
                "expression": {
                  "references": [
                    "aws_route_table.elasticache",
                    "aws_route_table.private"
                  ]
                },
                "description": "List of IDs of elasticache route tables"
              },
              "elasticache_subnet_group": {
                "expression": {
                  "references": [
                    "aws_elasticache_subnet_group.elasticache"
                  ]
                },
                "description": "ID of elasticache subnet group"
              },
              "elasticache_subnet_group_name": {
                "expression": {
                  "references": [
                    "aws_elasticache_subnet_group.elasticache"
                  ]
                },
                "description": "Name of elasticache subnet group"
              },
              "elasticache_subnets": {
                "expression": {
                  "references": [
                    "aws_subnet.elasticache",
                    "aws_subnet.elasticache"
                  ]
                },
                "description": "List of IDs of elasticache subnets"
              },
              "elasticache_subnets_cidr_blocks": {
                "expression": {
                  "references": [
                    "aws_subnet.elasticache",
                    "aws_subnet.elasticache"
                  ]
                },
                "description": "List of cidr_blocks of elasticache subnets"
              },
              "firewall_route_table_ids": {
                "expression": {
                  "references": [
                    "aws_route_table.firewall"
                  ]
                },
                "description": "List of IDs of firewall route tables"
              },
              "firewall_subnets": {
                "expression": {
                  "references": [
                    "aws_subnet.firewall",
                    "aws_subnet.firewall"
                  ]
                },
                "description": "List of IDs of firewall subnets"
              },
              "firewall_subnets_cidr_blocks": {
                "expression": {
                  "references": [
                    "aws_subnet.firewall",
                    "aws_subnet.firewall"
                  ]
                },
                "description": "List of cidr_blocks of firewall subnets"
              },
              "igw_id": {
                "expression": {
                  "references": [
                    "aws_internet_gateway.this"
                  ]
                },
                "description": "The ID of the Internet Gateway"
              },
              "intra_route_table_ids": {
                "expression": {
                  "references": [
                    "aws_route_table.intra"
                  ]
                },
                "description": "List of IDs of intra route tables"
              },
              "intra_subnets": {
                "expression": {
                  "references": [
                    "aws_subnet.intra",
                    "aws_subnet.intra"
                  ]
                },
                "description": "List of IDs of intra subnets"
              },
              "intra_subnets_cidr_blocks": {
                "expression": {
                  "references": [
                    "aws_subnet.intra",
                    "aws_subnet.intra"
                  ]
                },
                "description": "List of cidr_blocks of intra subnets"
              },
              "nat_ids": {
                "expression": {
                  "references": [
                    "aws_eip.nat"
                  ]
                },
                "description": "List of allocation ID of Elastic IPs created for AWS NAT Gateway"
              },
              "nat_public_ips": {
                "expression": {
                  "references": [
                    "aws_eip.nat"
                  ]
                },
                "description": "List of public Elastic IPs created for AWS NAT Gateway"
              },
              "natgw_ids": {
                "expression": {
                  "references": [
                    "aws_nat_gateway.this"
                  ]
                },
                "description": "List of NAT Gateway IDs"
              },
              "private_route_table_ids": {
                "expression": {
                  "references": [
                    "aws_route_table.private"
                  ]
                },
                "description": "List of IDs of private route tables - including database route table IDs, as the database uses the private route tables"
              },
              "private_subnets": {
                "expression": {
                  "references": [
                    "aws_subnet.private",
                    "aws_subnet.private"
                  ]
                },
                "description": "List of IDs of private subnets"
              },
              "private_subnets_cidr_blocks": {
                "expression": {
                  "references": [
                    "aws_subnet.private",
                    "aws_subnet.private"
                  ]
                },
                "description": "List of cidr_blocks of private subnets"
              },
              "public_route_table_ids": {
                "expression": {
                  "references": [
                    "aws_route_table.public"
                  ]
                },
                "description": "List of IDs of public route tables"
              },
              "public_subnets": {
                "expression": {
                  "references": [
                    "aws_subnet.public",
                    "aws_subnet.public"
                  ]
                },
                "description": "List of IDs of public subnets"
              },
              "public_subnets_cidr_blocks": {
                "expression": {
                  "references": [
                    "aws_subnet.public",
                    "aws_subnet.public"
                  ]
                },
                "description": "List of cidr_blocks of public subnets"
              },
              "redshift_route_table_ids": {
                "expression": {
                  "references": [
                    "aws_route_table.redshift",
                    "aws_route_table.private"
                  ]
                },
                "description": "List of IDs of redshift route tables"
              },
              "redshift_subnet_group": {
                "expression": {
                  "references": [
                    "aws_redshift_subnet_group.redshift"
                  ]
                },
                "description": "ID of redshift subnet group"
              },
              "redshift_subnets": {
                "expression": {
                  "references": [
                    "aws_subnet.redshift",
                    "aws_subnet.redshift"
                  ]
                },
                "description": "List of IDs of redshift subnets"
              },
              "redshift_subnets_cidr_blocks": {
                "expression": {
                  "references": [
                    "aws_subnet.redshift",
                    "aws_subnet.redshift"
                  ]
                },
                "description": "List of cidr_blocks of redshift subnets"
              },
              "subnets": {
                "expression": {
                  "references": [
                    "aws_subnet.public",
                    "aws_subnet.firewall",
                    "aws_subnet.private",
                    "aws_subnet.tgw",
                    "aws_subnet.database",
                    "aws_subnet.redshift",
                    "aws_subnet.elasticache",
                    "aws_subnet.intra"
                  ]
                },
                "description": "List of objects containing all subnet IDs and CIDRs by name"
              },
              "tgw_route_table_ids": {
                "expression": {
                  "references": [
                    "aws_route_table.tgw"
                  ]
                },
                "description": "List of IDs of tgw route tables"
              },
              "tgw_subnets": {
                "expression": {
                  "references": [
                    "aws_subnet.tgw",
                    "aws_subnet.tgw"
                  ]
                },
                "description": "List of IDs of tgw subnets"
              },
              "tgw_subnets_cidr_blocks": {
                "expression": {
                  "references": [
                    "aws_subnet.tgw",
                    "aws_subnet.tgw"
                  ]
                },
                "description": "List of cidr_blocks of tgw subnets"
              },
              "vgw_id": {
                "expression": {
                  "references": [
                    "aws_vpn_gateway.this",
                    "aws_vpn_gateway_attachment.this"
                  ]
                },
                "description": "The ID of the VPN Gateway"
              },
              "vpc_cidr_block": {
                "expression": {
                  "references": [
                    "aws_vpc.this"
                  ]
                },
                "description": "The CIDR block of the VPC"
              },
              "vpc_enable_dns_hostnames": {
                "expression": {
                  "references": [
                    "aws_vpc.this"
                  ]
                },
                "description": "Whether or not the VPC has DNS hostname support"
              },
              "vpc_enable_dns_support": {
                "expression": {
                  "references": [
                    "aws_vpc.this"
                  ]
                },
                "description": "Whether or not the VPC has DNS support"
              },
              "vpc_endpoint_security_groups": {
                "expression": {
                  "references": [
                    "var.create_vpc_endpoints",
                    "module.vpc_endpoints.security_groups",
                    "module.vpc_endpoints"
                  ]
                },
                "description": "Map of security group IDs created for VPC endpoints"
              },
              "vpc_endpoints": {
                "expression": {
                  "references": [
                    "var.create_vpc_endpoints",
                    "module.vpc_endpoints.vpc_endpoint_ids",
                    "module.vpc_endpoints"
                  ]
                },
                "description": "Map of VPC endpoint IDs"
              },
              "vpc_id": {
                "expression": {
                  "references": [
                    "aws_vpc.this"
                  ]
                },
                "description": "The ID of the VPC"
              },
              "vpc_instance_tenancy": {
                "expression": {
                  "references": [
                    "aws_vpc.this"
                  ]
                },
                "description": "Tenancy of instances spin up within VPC"
              },
              "vpc_main_route_table_id": {
                "expression": {
                  "references": [
                    "aws_vpc.this"
                  ]
                },
                "description": "The ID of the main route table associated with this VPC"
              },
              "vpc_secondary_cidr_blocks": {
                "expression": {
                  "references": [
                    "aws_vpc_ipv4_cidr_block_association.this"
                  ]
                },
                "description": "List of secondary CIDR blocks of the VPC"
              }
            },
            "resources": [
              {
                "address": "aws_cloudwatch_log_group.this",
                "mode": "managed",
                "type": "aws_cloudwatch_log_group",
                "name": "this",
                "provider_config_key": "aws",
                "expressions": {
                  "kms_key_id": {
                    "references": [
                      "var.cloudwatch_log_group_kms_key_arn"
                    ]
                  },
                  "name": {
                    "references": [
                      "local.vpc_id"
                    ]
                  },
                  "retention_in_days": {
                    "references": [
                      "var.cloudwatch_log_group_retention_in_days"
                    ]
                  },
                  "tags": {
                    "references": [
                      "var.tags"
                    ]
                  }
                },
                "schema_version": 0,
                "count_expression": {
                  "references": [
                    "var.flow_log_destination_type"
                  ]
                }
              },
              {
                "address": "aws_db_subnet_group.database",
                "mode": "managed",
                "type": "aws_db_subnet_group",
                "name": "database",
                "provider_config_key": "aws",
                "expressions": {
                  "description": {
                    "references": [
                      "var.resource_prefix"
                    ]
                  },
                  "name": {
                    "references": [
                      "var.database_subnet_group_name",
                      "var.database_subnet_group_name",
                      "var.resource_prefix"
                    ]
                  },
                  "subnet_ids": {
                    "references": [
                      "aws_subnet.database"
                    ]
                  },
                  "tags": {
                    "references": [
                      "local.database_subnets",
                      "count.index",
                      "var.database_subnet_group_name",
                      "var.database_subnet_tags",
                      "var.tags",
                      "var.resource_prefix",
                      "var.tags",
                      "var.database_subnet_group_tags"
                    ]
                  }
                },
                "schema_version": 0,
                "count_expression": {
                  "references": [
                    "aws_subnet.database",
                    "var.create_database_subnet_group"
                  ]
                }
              },
              {
                "address": "aws_default_security_group.default",
                "mode": "managed",
                "type": "aws_default_security_group",
                "name": "default",
                "provider_config_key": "aws",
                "expressions": {
                  "vpc_id": {
                    "references": [
                      "aws_vpc.this.id",
                      "aws_vpc.this"
                    ]
                  }
                },
                "schema_version": 1
              },
              {
                "address": "aws_default_vpc.this",
                "mode": "managed",
                "type": "aws_default_vpc",
                "name": "this",
                "provider_config_key": "aws",
                "expressions": {
                  "enable_dns_hostnames": {
                    "references": [
                      "var.default_vpc_enable_dns_hostnames"
                    ]
                  },
                  "enable_dns_support": {
                    "references": [
                      "var.default_vpc_enable_dns_support"
                    ]
                  },
                  "tags": {
                    "references": [
                      "var.default_vpc_name",
                      "var.tags",
                      "var.default_vpc_tags"
                    ]
                  }
                },
                "schema_version": 1,
                "count_expression": {
                  "references": [
                    "var.manage_default_vpc"
                  ]
                }
              },
              {
                "address": "aws_eip.nat",
                "mode": "managed",
                "type": "aws_eip",
                "name": "nat",
                "provider_config_key": "aws",
                "expressions": {
                  "domain": {
                    "constant_value": "vpc"
                  },
                  "tags": {
                    "references": [
                      "var.resource_prefix",
                      "var.azs",
                      "var.single_nat_gateway",
                      "count.index",
                      "var.tags",
                      "var.nat_eip_tags"
                    ]
                  }
                },
                "schema_version": 0,
                "count_expression": {
                  "references": [
                    "var.enable_nat_gateway",
                    "var.reuse_nat_ips",
                    "local.nat_gateway_count"
                  ]
                }
              },
              {
                "address": "aws_elasticache_subnet_group.elasticache",
                "mode": "managed",
                "type": "aws_elasticache_subnet_group",
                "name": "elasticache",
                "provider_config_key": "aws",
                "expressions": {
                  "description": {
                    "references": [
                      "var.resource_prefix"
                    ]
                  },
                  "name": {
                    "references": [
                      "var.elasticache_subnet_group_name",
                      "var.elasticache_subnet_group_name",
                      "var.resource_prefix"
                    ]
                  },
                  "subnet_ids": {
                    "references": [
                      "aws_subnet.elasticache"
                    ]
                  }
                },
                "schema_version": 0,
                "count_expression": {
                  "references": [
                    "aws_subnet.elasticache"
                  ]
                }
              },
              {
                "address": "aws_flow_log.s3",
                "mode": "managed",
                "type": "aws_flow_log",
                "name": "s3",
                "provider_config_key": "aws",
                "expressions": {
                  "iam_role_arn": {
                    "references": [
                      "local.flow_log_iam_role_arn"
                    ]
                  },
                  "log_destination": {
                    "references": [
                      "aws_s3_bucket.flowlogs[0].arn",
                      "aws_s3_bucket.flowlogs[0]",
                      "aws_s3_bucket.flowlogs"
                    ]
                  },
                  "log_destination_type": {
                    "references": [
                      "var.flow_log_destination_type"
                    ]
                  },
                  "traffic_type": {
                    "constant_value": "ALL"
                  },
                  "vpc_id": {
                    "references": [
                      "local.vpc_id"
                    ]
                  }
                },
                "schema_version": 0,
                "count_expression": {
                  "references": [
                    "var.flow_log_destination_type"
                  ]
                }
              },
              {
                "address": "aws_flow_log.this",
                "mode": "managed",
                "type": "aws_flow_log",
                "name": "this",
                "provider_config_key": "aws",
                "expressions": {
                  "iam_role_arn": {
                    "references": [
                      "local.flow_log_iam_role_arn"
                    ]
                  },
                  "log_destination": {
                    "references": [
                      "local.flow_log_destination_arn"
                    ]
                  },
                  "log_destination_type": {
                    "references": [
                      "var.flow_log_destination_type"
                    ]
                  },
                  "traffic_type": {
                    "constant_value": "ALL"
                  },
                  "vpc_id": {
                    "references": [
                      "local.vpc_id"
                    ]
                  }
                },
                "schema_version": 0,
                "count_expression": {
                  "references": [
                    "var.flow_log_destination_type"
                  ]
                }
              },
              {
                "address": "aws_iam_policy.flowlogs_policy",
                "mode": "managed",
                "type": "aws_iam_policy",
                "name": "flowlogs_policy",
                "provider_config_key": "aws",
                "expressions": {
                  "description": {
                    "constant_value": "Policy to allow vpc flow logs to forward logs to Cloudwatch"
                  },
                  "name": {
                    "references": [
                      "var.resource_prefix"
                    ]
                  },
                  "policy": {
                    "references": [
                      "data.aws_iam_policy_document.vpc_flow_log_cloudwatch[0].json",
                      "data.aws_iam_policy_document.vpc_flow_log_cloudwatch[0]",
                      "data.aws_iam_policy_document.vpc_flow_log_cloudwatch"
                    ]
                  }
                },
                "schema_version": 0,
                "count_expression": {
                  "references": [
                    "var.flow_log_destination_type"
                  ]
                }
              },
              {
                "address": "aws_iam_role.flowlogs_role",
                "mode": "managed",
                "type": "aws_iam_role",
                "name": "flowlogs_role",
                "provider_config_key": "aws",
                "expressions": {
                  "assume_role_policy": {
                    "references": [
                      "data.aws_iam_policy_document.flow_log_cloudwatch_assume_role[0].json",
                      "data.aws_iam_policy_document.flow_log_cloudwatch_assume_role[0]",
                      "data.aws_iam_policy_document.flow_log_cloudwatch_assume_role"
                    ]
                  },
                  "name": {
                    "references": [
                      "var.resource_prefix"
                    ]
                  }
                },
                "schema_version": 0,
                "count_expression": {
                  "references": [
                    "var.flow_log_destination_type"
                  ]
                }
              },
              {
                "address": "aws_iam_role_policy_attachment.flowlogs_policy",
                "mode": "managed",
                "type": "aws_iam_role_policy_attachment",
                "name": "flowlogs_policy",
                "provider_config_key": "aws",
                "expressions": {
                  "policy_arn": {
                    "references": [
                      "aws_iam_policy.flowlogs_policy[0].arn",
                      "aws_iam_policy.flowlogs_policy[0]",
                      "aws_iam_policy.flowlogs_policy"
                    ]
                  },
                  "role": {
                    "references": [
                      "aws_iam_role.flowlogs_role[0].name",
                      "aws_iam_role.flowlogs_role[0]",
                      "aws_iam_role.flowlogs_role"
                    ]
                  }
                },
                "schema_version": 0,
                "count_expression": {
                  "references": [
                    "var.flow_log_destination_type"
                  ]
                }
              },
              {
                "address": "aws_internet_gateway.this",
                "mode": "managed",
                "type": "aws_internet_gateway",
                "name": "this",
                "provider_config_key": "aws",
                "expressions": {
                  "tags": {
                    "references": [
                      "var.resource_prefix",
                      "var.tags",
                      "var.igw_tags"
                    ]
                  },
                  "vpc_id": {
                    "references": [
                      "local.vpc_id"
                    ]
                  }
                },
                "schema_version": 0,
                "count_expression": {
                  "references": [
                    "local.public_subnets"
                  ]
                }
              },
              {
                "address": "aws_nat_gateway.this",
                "mode": "managed",
                "type": "aws_nat_gateway",
                "name": "this",
                "provider_config_key": "aws",
                "expressions": {
                  "allocation_id": {
                    "references": [
                      "local.nat_gateway_ips",
                      "var.single_nat_gateway",
                      "count.index"
                    ]
                  },
                  "subnet_id": {
                    "references": [
                      "aws_subnet.public",
                      "var.single_nat_gateway",
                      "count.index"
                    ]
                  },
                  "tags": {
                    "references": [
                      "var.resource_prefix",
                      "var.azs",
                      "var.single_nat_gateway",
                      "count.index",
                      "var.tags",
                      "var.nat_gateway_tags"
                    ]
                  }
                },
                "schema_version": 0,
                "count_expression": {
                  "references": [
                    "var.enable_nat_gateway",
                    "local.nat_gateway_count"
                  ]
                },
                "depends_on": [
                  "aws_internet_gateway.this",
                  "aws_subnet.public"
                ]
              },
              {
                "address": "aws_redshift_subnet_group.redshift",
                "mode": "managed",
                "type": "aws_redshift_subnet_group",
                "name": "redshift",
                "provider_config_key": "aws",
                "expressions": {
                  "description": {
                    "references": [
                      "var.resource_prefix"
                    ]
                  },
                  "name": {
                    "references": [
                      "var.redshift_subnet_group_name",
                      "var.redshift_subnet_group_name",
                      "var.resource_prefix"
                    ]
                  },
                  "subnet_ids": {
                    "references": [
                      "aws_subnet.redshift"
                    ]
                  },
                  "tags": {
                    "references": [
                      "var.redshift_subnet_group_name",
                      "var.redshift_subnet_group_name",
                      "var.redshift_subnet_group_tags",
                      "var.tags",
                      "var.resource_prefix",
                      "var.redshift_subnet_group_tags",
                      "var.tags"
                    ]
                  }
                },
                "schema_version": 0,
                "count_expression": {
                  "references": [
                    "aws_subnet.redshift"
                  ]
                }
              },
              {
                "address": "aws_route.aws_nfw_igw_rt",
                "mode": "managed",
                "type": "aws_route",
                "name": "aws_nfw_igw_rt",
                "provider_config_key": "aws",
                "expressions": {
                  "destination_cidr_block": {
                    "references": [
                      "local.public_subnets",
                      "count.index"
                    ]
                  },
                  "route_table_id": {
                    "references": [
                      "aws_route_table.aws_nfw_igw_rtb[0].id",
                      "aws_route_table.aws_nfw_igw_rtb[0]",
                      "aws_route_table.aws_nfw_igw_rtb"
                    ]
                  },
                  "timeouts": {
                    "create": {
                      "constant_value": "5m"
                    }
                  },
                  "vpc_endpoint_id": {
                    "references": [
                      "module.aws_network_firewall[0].endpoint_id",
                      "module.aws_network_firewall[0]",
                      "count.index"
                    ]
                  }
                },
                "schema_version": 0,
                "count_expression": {
                  "references": [
                    "var.deploy_aws_nfw",
                    "local.firewall_subnets"
                  ]
                }
              },
              {
                "address": "aws_route.aws_nfw_public_internet",
                "mode": "managed",
                "type": "aws_route",
                "name": "aws_nfw_public_internet",
                "provider_config_key": "aws",
                "expressions": {
                  "destination_cidr_block": {
                    "constant_value": "0.0.0.0/0"
                  },
                  "route_table_id": {
                    "references": [
                      "aws_route_table.public",
                      "count.index"
                    ]
                  },
                  "timeouts": {
                    "create": {
                      "constant_value": "5m"
                    }
                  },
                  "vpc_endpoint_id": {
                    "references": [
                      "module.aws_network_firewall[0].endpoint_id",
                      "module.aws_network_firewall[0]",
                      "count.index"
                    ]
                  }
                },
                "schema_version": 0,
                "count_expression": {
                  "references": [
                    "var.deploy_aws_nfw",
                    "local.public_subnets"
                  ]
                },
                "depends_on": [
                  "module.aws_network_firewall"
                ]
              },
              {
                "address": "aws_route.database_custom",
                "mode": "managed",
                "type": "aws_route",
                "name": "database_custom",
                "provider_config_key": "aws",
                "expressions": {
                  "destination_cidr_block": {
                    "references": [
                      "var.database_custom_routes",
                      "count.index",
                      "aws_route_table.database"
                    ]
                  },
                  "destination_prefix_list_id": {
                    "references": [
                      "var.database_custom_routes",
                      "count.index",
                      "aws_route_table.database"
                    ]
                  },
                  "network_interface_id": {
                    "references": [
                      "var.database_custom_routes",
                      "count.index",
                      "aws_route_table.database"
                    ]
                  },
                  "route_table_id": {
                    "references": [
                      "aws_route_table.database",
                      "aws_route_table.database",
                      "aws_route_table.database",
                      "count.index"
                    ]
                  },
                  "timeouts": {
                    "create": {
                      "constant_value": "5m"
                    }
                  },
                  "transit_gateway_id": {
                    "references": [
                      "var.database_custom_routes",
                      "count.index",
                      "aws_route_table.database"
                    ]
                  },
                  "vpc_endpoint_id": {
                    "references": [
                      "var.database_custom_routes",
                      "count.index",
                      "aws_route_table.database"
                    ]
                  }
                },
                "schema_version": 0,
                "count_expression": {
                  "references": [
                    "var.create_database_subnet_route_table",
                    "var.database_custom_routes",
                    "var.database_custom_routes",
                    "aws_route_table.database"
                  ]
                }
              },
              {
                "address": "aws_route.elasticache_custom",
                "mode": "managed",
                "type": "aws_route",
                "name": "elasticache_custom",
                "provider_config_key": "aws",
                "expressions": {
                  "destination_cidr_block": {
                    "references": [
                      "var.elasticache_custom_routes",
                      "count.index",
                      "aws_route_table.elasticache"
                    ]
                  },
                  "destination_prefix_list_id": {
                    "references": [
                      "var.elasticache_custom_routes",
                      "count.index",
                      "aws_route_table.elasticache"
                    ]
                  },
                  "network_interface_id": {
                    "references": [
                      "var.elasticache_custom_routes",
                      "count.index",
                      "aws_route_table.elasticache"
                    ]
                  },
                  "route_table_id": {
                    "references": [
                      "aws_route_table.elasticache",
                      "aws_route_table.elasticache",
                      "aws_route_table.elasticache",
                      "count.index"
                    ]
                  },
                  "timeouts": {
                    "create": {
                      "constant_value": "5m"
                    }
                  },
                  "transit_gateway_id": {
                    "references": [
                      "var.elasticache_custom_routes",
                      "count.index",
                      "aws_route_table.elasticache"
                    ]
                  },
                  "vpc_endpoint_id": {
                    "references": [
                      "var.elasticache_custom_routes",
                      "count.index",
                      "aws_route_table.elasticache"
                    ]
                  }
                },
                "schema_version": 0,
                "count_expression": {
                  "references": [
                    "var.create_elasticache_subnet_route_table",
                    "var.elasticache_custom_routes",
                    "var.elasticache_custom_routes",
                    "aws_route_table.elasticache"
                  ]
                }
              },
              {
                "address": "aws_route.firewall_custom",
                "mode": "managed",
                "type": "aws_route",
                "name": "firewall_custom",
                "provider_config_key": "aws",
                "expressions": {
                  "destination_cidr_block": {
                    "references": [
                      "var.firewall_custom_routes",
                      "count.index",
                      "aws_route_table.firewall"
                    ]
                  },
                  "destination_prefix_list_id": {
                    "references": [
                      "var.firewall_custom_routes",
                      "count.index",
                      "aws_route_table.firewall"
                    ]
                  },
                  "gateway_id": {
                    "references": [
                      "var.firewall_custom_routes",
                      "count.index",
                      "aws_route_table.firewall",
                      "aws_internet_gateway.this[0].id",
                      "aws_internet_gateway.this[0]",
                      "aws_internet_gateway.this"
                    ]
                  },
                  "network_interface_id": {
                    "references": [
                      "var.firewall_custom_routes",
                      "count.index",
                      "aws_route_table.firewall"
                    ]
                  },
                  "route_table_id": {
                    "references": [
                      "aws_route_table.firewall",
                      "aws_route_table.firewall",
                      "aws_route_table.firewall",
                      "count.index"
                    ]
                  },
                  "timeouts": {
                    "create": {
                      "constant_value": "5m"
                    }
                  },
                  "transit_gateway_id": {
                    "references": [
                      "var.firewall_custom_routes",
                      "count.index",
                      "aws_route_table.firewall"
                    ]
                  },
                  "vpc_endpoint_id": {
                    "references": [
                      "var.firewall_custom_routes",
                      "count.index",
                      "aws_route_table.firewall"
                    ]
                  }
                },
                "schema_version": 0,
                "count_expression": {
                  "references": [
                    "var.firewall_custom_routes",
                    "var.firewall_custom_routes",
                    "aws_route_table.firewall"
                  ]
                }
              },
              {
                "address": "aws_route.intra_custom",
                "mode": "managed",
                "type": "aws_route",
                "name": "intra_custom",
                "provider_config_key": "aws",
                "expressions": {
                  "destination_cidr_block": {
                    "references": [
                      "var.intra_custom_routes",
                      "count.index",
                      "aws_route_table.intra"
                    ]
                  },
                  "destination_prefix_list_id": {
                    "references": [
                      "var.intra_custom_routes",
                      "count.index",
                      "aws_route_table.intra"
                    ]
                  },
                  "network_interface_id": {
                    "references": [
                      "var.intra_custom_routes",
                      "count.index",
                      "aws_route_table.intra"
                    ]
                  },
                  "route_table_id": {
                    "references": [
                      "aws_route_table.intra",
                      "aws_route_table.intra",
                      "aws_route_table.intra",
                      "count.index"
                    ]
                  },
                  "timeouts": {
                    "create": {
                      "constant_value": "5m"
                    }
                  },
                  "transit_gateway_id": {
                    "references": [
                      "var.intra_custom_routes",
                      "count.index",
                      "aws_route_table.intra"
                    ]
                  },
                  "vpc_endpoint_id": {
                    "references": [
                      "var.intra_custom_routes",
                      "count.index",
                      "aws_route_table.intra"
                    ]
                  }
                },
                "schema_version": 0,
                "count_expression": {
                  "references": [
                    "var.intra_custom_routes",
                    "var.intra_custom_routes",
                    "aws_route_table.intra"
                  ]
                }
              },
              {
                "address": "aws_route.nfw_public_custom",
                "mode": "managed",
                "type": "aws_route",
                "name": "nfw_public_custom",
                "provider_config_key": "aws",
                "expressions": {
                  "destination_cidr_block": {
                    "references": [
                      "var.public_custom_routes",
                      "count.index",
                      "aws_route_table.public"
                    ]
                  },
                  "destination_prefix_list_id": {
                    "references": [
                      "var.public_custom_routes",
                      "count.index",
                      "aws_route_table.public"
                    ]
                  },
                  "route_table_id": {
                    "references": [
                      "aws_route_table.public",
                      "aws_route_table.public",
                      "aws_route_table.public",
                      "count.index"
                    ]
                  },
                  "timeouts": {
                    "create": {
                      "constant_value": "5m"
                    }
                  },
                  "vpc_endpoint_id": {
                    "references": [
                      "var.public_custom_routes",
                      "count.index",
                      "aws_route_table.public",
                      "module.aws_network_firewall[0].endpoint_id",
                      "module.aws_network_firewall[0]",
                      "aws_route_table.public",
                      "aws_route_table.public",
                      "count.index"
                    ]
                  }
                },
                "schema_version": 0,
                "count_expression": {
                  "references": [
                    "var.public_custom_routes",
                    "var.deploy_aws_nfw",
                    "var.public_custom_routes",
                    "aws_route_table.public"
                  ]
                }
              },
              {
                "address": "aws_route.nfw_public_internet_gateway",
                "mode": "managed",
                "type": "aws_route",
                "name": "nfw_public_internet_gateway",
                "provider_config_key": "aws",
                "expressions": {
                  "destination_cidr_block": {
                    "constant_value": "0.0.0.0/0"
                  },
                  "gateway_id": {
                    "references": [
                      "aws_internet_gateway.this[0].id",
                      "aws_internet_gateway.this[0]",
                      "aws_internet_gateway.this"
                    ]
                  },
                  "route_table_id": {
                    "references": [
                      "aws_route_table.firewall",
                      "count.index"
                    ]
                  },
                  "timeouts": {
                    "create": {
                      "constant_value": "5m"
                    }
                  }
                },
                "schema_version": 0,
                "count_expression": {
                  "references": [
                    "var.deploy_aws_nfw",
                    "local.firewall_subnets"
                  ]
                }
              },
              {
                "address": "aws_route.private_custom",
                "mode": "managed",
                "type": "aws_route",
                "name": "private_custom",
                "provider_config_key": "aws",
                "expressions": {
                  "destination_cidr_block": {
                    "references": [
                      "var.private_custom_routes",
                      "count.index",
                      "aws_route_table.private"
                    ]
                  },
                  "destination_prefix_list_id": {
                    "references": [
                      "var.private_custom_routes",
                      "count.index",
                      "aws_route_table.private"
                    ]
                  },
                  "network_interface_id": {
                    "references": [
                      "var.private_custom_routes",
                      "count.index",
                      "aws_route_table.private"
                    ]
                  },
                  "route_table_id": {
                    "references": [
                      "aws_route_table.private",
                      "count.index",
                      "aws_route_table.private"
                    ]
                  },
                  "timeouts": {
                    "create": {
                      "constant_value": "5m"
                    }
                  },
                  "transit_gateway_id": {
                    "references": [
                      "var.private_custom_routes",
                      "count.index",
                      "aws_route_table.private"
                    ]
                  },
                  "vpc_endpoint_id": {
                    "references": [
                      "var.private_custom_routes",
                      "count.index",
                      "aws_route_table.private"
                    ]
                  },
                  "vpc_peering_connection_id": {
                    "references": [
                      "var.private_custom_routes",
                      "count.index",
                      "aws_route_table.private"
                    ]
                  }
                },
                "schema_version": 0,
                "count_expression": {
                  "references": [
                    "var.private_custom_routes",
                    "var.private_custom_routes",
                    "aws_route_table.private"
                  ]
                }
              },
              {
                "address": "aws_route.private_nat_gateway",
                "mode": "managed",
                "type": "aws_route",
                "name": "private_nat_gateway",
                "provider_config_key": "aws",
                "expressions": {
                  "destination_cidr_block": {
                    "constant_value": "0.0.0.0/0"
                  },
                  "nat_gateway_id": {
                    "references": [
                      "aws_nat_gateway.this",
                      "count.index"
                    ]
                  },
                  "route_table_id": {
                    "references": [
                      "aws_route_table.private",
                      "count.index"
                    ]
                  },
                  "timeouts": {
                    "create": {
                      "constant_value": "5m"
                    }
                  }
                },
                "schema_version": 0,
                "count_expression": {
                  "references": [
                    "var.enable_nat_gateway",
                    "local.nat_gateway_count"
                  ]
                }
              },
              {
                "address": "aws_route.public_custom",
                "mode": "managed",
                "type": "aws_route",
                "name": "public_custom",
                "provider_config_key": "aws",
                "expressions": {
                  "destination_cidr_block": {
                    "references": [
                      "var.public_custom_routes",
                      "count.index",
                      "aws_route_table.public"
                    ]
                  },
                  "destination_prefix_list_id": {
                    "references": [
                      "var.public_custom_routes",
                      "count.index",
                      "aws_route_table.public"
                    ]
                  },
                  "gateway_id": {
                    "references": [
                      "var.public_custom_routes",
                      "count.index",
                      "aws_route_table.public",
                      "aws_internet_gateway.this[0].id",
                      "aws_internet_gateway.this[0]",
                      "aws_internet_gateway.this"
                    ]
                  },
                  "network_interface_id": {
                    "references": [
                      "var.public_custom_routes",
                      "count.index",
                      "aws_route_table.public"
                    ]
                  },
                  "route_table_id": {
                    "references": [
                      "aws_route_table.public",
                      "aws_route_table.public",
                      "aws_route_table.public",
                      "count.index"
                    ]
                  },
                  "timeouts": {
                    "create": {
                      "constant_value": "5m"
                    }
                  },
                  "transit_gateway_id": {
                    "references": [
                      "var.public_custom_routes",
                      "count.index",
                      "aws_route_table.public"
                    ]
                  }
                },
                "schema_version": 0,
                "count_expression": {
                  "references": [
                    "var.public_custom_routes",
                    "var.deploy_aws_nfw",
                    "var.public_custom_routes",
                    "aws_route_table.public"
                  ]
                }
              },
              {
                "address": "aws_route.public_internet_gateway",
                "mode": "managed",
                "type": "aws_route",
                "name": "public_internet_gateway",
                "provider_config_key": "aws",
                "expressions": {
                  "destination_cidr_block": {
                    "constant_value": "0.0.0.0/0"
                  },
                  "gateway_id": {
                    "references": [
                      "aws_internet_gateway.this[0].id",
                      "aws_internet_gateway.this[0]",
                      "aws_internet_gateway.this"
                    ]
                  },
                  "route_table_id": {
                    "references": [
                      "aws_route_table.public",
                      "count.index"
                    ]
                  },
                  "timeouts": {
                    "create": {
                      "constant_value": "5m"
                    }
                  }
                },
                "schema_version": 0,
                "count_expression": {
                  "references": [
                    "var.deploy_aws_nfw",
                    "local.public_subnets"
                  ]
                }
              },
              {
                "address": "aws_route.redshift_custom",
                "mode": "managed",
                "type": "aws_route",
                "name": "redshift_custom",
                "provider_config_key": "aws",
                "expressions": {
                  "destination_cidr_block": {
                    "references": [
                      "var.redshift_custom_routes",
                      "count.index",
                      "aws_route_table.redshift"
                    ]
                  },
                  "destination_prefix_list_id": {
                    "references": [
                      "var.redshift_custom_routes",
                      "count.index",
                      "aws_route_table.redshift"
                    ]
                  },
                  "network_interface_id": {
                    "references": [
                      "var.redshift_custom_routes",
                      "count.index",
                      "aws_route_table.redshift"
                    ]
                  },
                  "route_table_id": {
                    "references": [
                      "aws_route_table.redshift",
                      "aws_route_table.redshift",
                      "aws_route_table.redshift",
                      "count.index"
                    ]
                  },
                  "timeouts": {
                    "create": {
                      "constant_value": "5m"
                    }
                  },
                  "transit_gateway_id": {
                    "references": [
                      "var.redshift_custom_routes",
                      "count.index",
                      "aws_route_table.redshift"
                    ]
                  },
                  "vpc_endpoint_id": {
                    "references": [
                      "var.redshift_custom_routes",
                      "count.index",
                      "aws_route_table.redshift"
                    ]
                  }
                },
                "schema_version": 0,
                "count_expression": {
                  "references": [
                    "var.create_redshift_subnet_route_table",
                    "var.redshift_custom_routes",
                    "var.redshift_custom_routes",
                    "aws_route_table.redshift"
                  ]
                }
              },
              {
                "address": "aws_route.tgw_custom",
                "mode": "managed",
                "type": "aws_route",
                "name": "tgw_custom",
                "provider_config_key": "aws",
                "expressions": {
                  "destination_cidr_block": {
                    "references": [
                      "var.tgw_custom_routes",
                      "count.index",
                      "aws_route_table.tgw"
                    ]
                  },
                  "destination_prefix_list_id": {
                    "references": [
                      "var.tgw_custom_routes",
                      "count.index",
                      "aws_route_table.tgw"
                    ]
                  },
                  "network_interface_id": {
                    "references": [
                      "var.tgw_custom_routes",
                      "count.index",
                      "aws_route_table.tgw"
                    ]
                  },
                  "route_table_id": {
                    "references": [
                      "aws_route_table.tgw",
                      "aws_route_table.tgw",
                      "aws_route_table.tgw",
                      "count.index"
                    ]
                  },
                  "timeouts": {
                    "create": {
                      "constant_value": "5m"
                    }
                  },
                  "transit_gateway_id": {
                    "references": [
                      "var.tgw_custom_routes",
                      "count.index",
                      "aws_route_table.tgw"
                    ]
                  },
                  "vpc_endpoint_id": {
                    "references": [
                      "var.tgw_custom_routes",
                      "count.index",
                      "aws_route_table.tgw"
                    ]
                  }
                },
                "schema_version": 0,
                "count_expression": {
                  "references": [
                    "var.tgw_custom_routes",
                    "var.tgw_custom_routes",
                    "aws_route_table.tgw"
                  ]
                }
              },
              {
                "address": "aws_route53_resolver_dnssec_config.vpc_resolver_dnssec",
                "mode": "managed",
                "type": "aws_route53_resolver_dnssec_config",
                "name": "vpc_resolver_dnssec",
                "provider_config_key": "aws",
                "expressions": {
                  "resource_id": {
                    "references": [
                      "local.vpc_id"
                    ]
                  }
                },
                "schema_version": 0
              },
              {
                "address": "aws_route_table.aws_nfw_igw_rtb",
                "mode": "managed",
                "type": "aws_route_table",
                "name": "aws_nfw_igw_rtb",
                "provider_config_key": "aws",
                "expressions": {
                  "tags": {
                    "references": [
                      "var.resource_prefix",
                      "var.tags",
                      "var.public_route_table_tags"
                    ]
                  },
                  "vpc_id": {
                    "references": [
                      "local.vpc_id"
                    ]
                  }
                },
                "schema_version": 0,
                "count_expression": {
                  "references": [
                    "var.deploy_aws_nfw"
                  ]
                }
              },
              {
                "address": "aws_route_table.database",
                "mode": "managed",
                "type": "aws_route_table",
                "name": "database",
                "provider_config_key": "aws",
                "expressions": {
                  "tags": {
                    "references": [
                      "var.tags",
                      "var.database_route_table_tags",
                      "var.resource_prefix"
                    ]
                  },
                  "vpc_id": {
                    "references": [
                      "local.vpc_id"
                    ]
                  }
                },
                "schema_version": 0,
                "count_expression": {
                  "references": [
                    "var.create_database_subnet_route_table",
                    "local.database_subnets"
                  ]
                }
              },
              {
                "address": "aws_route_table.elasticache",
                "mode": "managed",
                "type": "aws_route_table",
                "name": "elasticache",
                "provider_config_key": "aws",
                "expressions": {
                  "tags": {
                    "references": [
                      "var.tags",
                      "var.elasticache_route_table_tags",
                      "var.resource_prefix"
                    ]
                  },
                  "vpc_id": {
                    "references": [
                      "local.vpc_id"
                    ]
                  }
                },
                "schema_version": 0,
                "count_expression": {
                  "references": [
                    "var.create_elasticache_subnet_route_table",
                    "local.elasticache_subnets"
                  ]
                }
              },
              {
                "address": "aws_route_table.firewall",
                "mode": "managed",
                "type": "aws_route_table",
                "name": "firewall",
                "provider_config_key": "aws",
                "expressions": {
                  "tags": {
                    "references": [
                      "var.single_nat_gateway",
                      "var.resource_prefix",
                      "var.resource_prefix",
                      "var.azs",
                      "count.index",
                      "var.tags",
                      "var.firewall_route_table_tags"
                    ]
                  },
                  "vpc_id": {
                    "references": [
                      "local.vpc_id"
                    ]
                  }
                },
                "schema_version": 0,
                "count_expression": {
                  "references": [
                    "local.firewall_subnets",
                    "local.firewall_subnets"
                  ]
                }
              },
              {
                "address": "aws_route_table.intra",
                "mode": "managed",
                "type": "aws_route_table",
                "name": "intra",
                "provider_config_key": "aws",
                "expressions": {
                  "tags": {
                    "references": [
                      "var.resource_prefix",
                      "var.tags",
                      "var.intra_route_table_tags"
                    ]
                  },
                  "vpc_id": {
                    "references": [
                      "local.vpc_id"
                    ]
                  }
                },
                "schema_version": 0,
                "count_expression": {
                  "references": [
                    "local.intra_subnets"
                  ]
                }
              },
              {
                "address": "aws_route_table.private",
                "mode": "managed",
                "type": "aws_route_table",
                "name": "private",
                "provider_config_key": "aws",
                "expressions": {
                  "tags": {
                    "references": [
                      "var.single_nat_gateway",
                      "var.resource_prefix",
                      "var.resource_prefix",
                      "var.azs",
                      "count.index",
                      "var.tags",
                      "var.private_route_table_tags"
                    ]
                  },
                  "vpc_id": {
                    "references": [
                      "local.vpc_id"
                    ]
                  }
                },
                "schema_version": 0,
                "count_expression": {
                  "references": [
                    "local.max_subnet_length",
                    "local.nat_gateway_count"
                  ]
                }
              },
              {
                "address": "aws_route_table.public",
                "mode": "managed",
                "type": "aws_route_table",
                "name": "public",
                "provider_config_key": "aws",
                "expressions": {
                  "tags": {
                    "references": [
                      "var.resource_prefix",
                      "var.azs",
                      "count.index",
                      "var.tags",
                      "var.public_route_table_tags"
                    ]
                  },
                  "vpc_id": {
                    "references": [
                      "local.vpc_id"
                    ]
                  }
                },
                "schema_version": 0,
                "count_expression": {
                  "references": [
                    "local.public_subnets",
                    "local.public_subnets"
                  ]
                }
              },
              {
                "address": "aws_route_table.redshift",
                "mode": "managed",
                "type": "aws_route_table",
                "name": "redshift",
                "provider_config_key": "aws",
                "expressions": {
                  "tags": {
                    "references": [
                      "var.tags",
                      "var.redshift_route_table_tags",
                      "var.resource_prefix"
                    ]
                  },
                  "vpc_id": {
                    "references": [
                      "local.vpc_id"
                    ]
                  }
                },
                "schema_version": 0,
                "count_expression": {
                  "references": [
                    "var.create_redshift_subnet_route_table",
                    "local.redshift_subnets"
                  ]
                }
              },
              {
                "address": "aws_route_table.tgw",
                "mode": "managed",
                "type": "aws_route_table",
                "name": "tgw",
                "provider_config_key": "aws",
                "expressions": {
                  "tags": {
                    "references": [
                      "var.single_nat_gateway",
                      "var.resource_prefix",
                      "var.resource_prefix",
                      "var.azs",
                      "count.index",
                      "var.tags",
                      "var.tgw_route_table_tags"
                    ]
                  },
                  "vpc_id": {
                    "references": [
                      "local.vpc_id"
                    ]
                  }
                },
                "schema_version": 0,
                "count_expression": {
                  "references": [
                    "local.max_subnet_length",
                    "local.tgw_subnets"
                  ]
                }
              },
              {
                "address": "aws_route_table_association.database",
                "mode": "managed",
                "type": "aws_route_table_association",
                "name": "database",
                "provider_config_key": "aws",
                "expressions": {
                  "route_table_id": {
                    "references": [
                      "aws_route_table.database",
                      "aws_route_table.private",
                      "var.single_nat_gateway",
                      "var.create_database_subnet_route_table",
                      "count.index"
                    ]
                  },
                  "subnet_id": {
                    "references": [
                      "aws_subnet.database",
                      "count.index"
                    ]
                  }
                },
                "schema_version": 0,
                "count_expression": {
                  "references": [
                    "local.database_subnets",
                    "local.database_subnets"
                  ]
                }
              },
              {
                "address": "aws_route_table_association.elasticache",
                "mode": "managed",
                "type": "aws_route_table_association",
                "name": "elasticache",
                "provider_config_key": "aws",
                "expressions": {
                  "route_table_id": {
                    "references": [
                      "aws_route_table.elasticache",
                      "aws_route_table.private",
                      "var.single_nat_gateway",
                      "var.create_elasticache_subnet_route_table",
                      "count.index"
                    ]
                  },
                  "subnet_id": {
                    "references": [
                      "aws_subnet.elasticache",
                      "count.index"
                    ]
                  }
                },
                "schema_version": 0,
                "count_expression": {
                  "references": [
                    "local.elasticache_subnets",
                    "local.elasticache_subnets"
                  ]
                }
              },
              {
                "address": "aws_route_table_association.firewall",
                "mode": "managed",
                "type": "aws_route_table_association",
                "name": "firewall",
                "provider_config_key": "aws",
                "expressions": {
                  "route_table_id": {
                    "references": [
                      "aws_route_table.firewall",
                      "var.single_nat_gateway",
                      "count.index"
                    ]
                  },
                  "subnet_id": {
                    "references": [
                      "aws_subnet.firewall",
                      "count.index"
                    ]
                  }
                },
                "schema_version": 0,
                "count_expression": {
                  "references": [
                    "var.deploy_aws_nfw",
                    "local.firewall_subnets"
                  ]
                }
              },
              {
                "address": "aws_route_table_association.intra",
                "mode": "managed",
                "type": "aws_route_table_association",
                "name": "intra",
                "provider_config_key": "aws",
                "expressions": {
                  "route_table_id": {
                    "references": [
                      "aws_route_table.intra"
                    ]
                  },
                  "subnet_id": {
                    "references": [
                      "aws_subnet.intra",
                      "count.index"
                    ]
                  }
                },
                "schema_version": 0,
                "count_expression": {
                  "references": [
                    "local.intra_subnets",
                    "local.intra_subnets"
                  ]
                }
              },
              {
                "address": "aws_route_table_association.nfw_igw",
                "mode": "managed",
                "type": "aws_route_table_association",
                "name": "nfw_igw",
                "provider_config_key": "aws",
                "expressions": {
                  "gateway_id": {
                    "references": [
                      "aws_internet_gateway.this[0].id",
                      "aws_internet_gateway.this[0]",
                      "aws_internet_gateway.this"
                    ]
                  },
                  "route_table_id": {
                    "references": [
                      "aws_route_table.aws_nfw_igw_rtb[0].id",
                      "aws_route_table.aws_nfw_igw_rtb[0]",
                      "aws_route_table.aws_nfw_igw_rtb"
                    ]
                  }
                },
                "schema_version": 0,
                "count_expression": {
                  "references": [
                    "var.deploy_aws_nfw"
                  ]
                }
              },
              {
                "address": "aws_route_table_association.nfw_public",
                "mode": "managed",
                "type": "aws_route_table_association",
                "name": "nfw_public",
                "provider_config_key": "aws",
                "expressions": {
                  "route_table_id": {
                    "references": [
                      "aws_route_table.public",
                      "count.index"
                    ]
                  },
                  "subnet_id": {
                    "references": [
                      "aws_subnet.public",
                      "count.index"
                    ]
                  }
                },
                "schema_version": 0,
                "count_expression": {
                  "references": [
                    "var.deploy_aws_nfw",
                    "local.public_subnets"
                  ]
                },
                "depends_on": [
                  "aws_subnet.public"
                ]
              },
              {
                "address": "aws_route_table_association.private",
                "mode": "managed",
                "type": "aws_route_table_association",
                "name": "private",
                "provider_config_key": "aws",
                "expressions": {
                  "route_table_id": {
                    "references": [
                      "aws_route_table.private",
                      "var.single_nat_gateway",
                      "count.index"
                    ]
                  },
                  "subnet_id": {
                    "references": [
                      "aws_subnet.private",
                      "count.index"
                    ]
                  }
                },
                "schema_version": 0,
                "count_expression": {
                  "references": [
                    "local.private_subnets",
                    "local.private_subnets"
                  ]
                }
              },
              {
                "address": "aws_route_table_association.public",
                "mode": "managed",
                "type": "aws_route_table_association",
                "name": "public",
                "provider_config_key": "aws",
                "expressions": {
                  "route_table_id": {
                    "references": [
                      "aws_route_table.public[0].id",
                      "aws_route_table.public[0]",
                      "aws_route_table.public"
                    ]
                  },
                  "subnet_id": {
                    "references": [
                      "aws_subnet.public",
                      "count.index"
                    ]
                  }
                },
                "schema_version": 0,
                "count_expression": {
                  "references": [
                    "var.deploy_aws_nfw",
                    "local.public_subnets"
                  ]
                },
                "depends_on": [
                  "aws_subnet.public"
                ]
              },
              {
                "address": "aws_route_table_association.redshift",
                "mode": "managed",
                "type": "aws_route_table_association",
                "name": "redshift",
                "provider_config_key": "aws",
                "expressions": {
                  "route_table_id": {
                    "references": [
                      "aws_route_table.redshift",
                      "aws_route_table.private",
                      "var.single_nat_gateway",
                      "var.create_redshift_subnet_route_table",
                      "count.index"
                    ]
                  },
                  "subnet_id": {
                    "references": [
                      "aws_subnet.redshift",
                      "count.index"
                    ]
                  }
                },
                "schema_version": 0,
                "count_expression": {
                  "references": [
                    "local.redshift_subnets",
                    "local.redshift_subnets"
                  ]
                }
              },
              {
                "address": "aws_route_table_association.tgw",
                "mode": "managed",
                "type": "aws_route_table_association",
                "name": "tgw",
                "provider_config_key": "aws",
                "expressions": {
                  "route_table_id": {
                    "references": [
                      "aws_route_table.tgw",
                      "var.single_nat_gateway",
                      "count.index"
                    ]
                  },
                  "subnet_id": {
                    "references": [
                      "aws_subnet.tgw",
                      "count.index"
                    ]
                  }
                },
                "schema_version": 0,
                "count_expression": {
                  "references": [
                    "local.tgw_subnets",
                    "local.tgw_subnets"
                  ]
                }
              },
              {
                "address": "aws_s3_bucket.flowlogs",
                "mode": "managed",
                "type": "aws_s3_bucket",
                "name": "flowlogs",
                "provider_config_key": "aws",
                "expressions": {
                  "bucket": {
                    "references": [
                      "var.resource_prefix"
                    ]
                  }
                },
                "schema_version": 0,
                "count_expression": {
                  "references": [
                    "var.flow_log_destination_type"
                  ]
                }
              },
              {
                "address": "aws_s3_bucket_logging.flowlogs",
                "mode": "managed",
                "type": "aws_s3_bucket_logging",
                "name": "flowlogs",
                "provider_config_key": "aws",
                "expressions": {
                  "bucket": {
                    "references": [
                      "aws_s3_bucket.flowlogs[0].id",
                      "aws_s3_bucket.flowlogs[0]",
                      "aws_s3_bucket.flowlogs"
                    ]
                  },
                  "target_bucket": {
                    "references": [
                      "var.s3_access_logs_bucket"
                    ]
                  },
                  "target_prefix": {
                    "constant_value": "flowlogs/"
                  }
                },
                "schema_version": 0,
                "count_expression": {
                  "references": [
                    "var.flow_log_destination_type"
                  ]
                }
              },
              {
                "address": "aws_s3_bucket_policy.flowlogs_bucket_policy",
                "mode": "managed",
                "type": "aws_s3_bucket_policy",
                "name": "flowlogs_bucket_policy",
                "provider_config_key": "aws",
                "expressions": {
                  "bucket": {
                    "references": [
                      "aws_s3_bucket.flowlogs[0].bucket",
                      "aws_s3_bucket.flowlogs[0]",
                      "aws_s3_bucket.flowlogs"
                    ]
                  },
                  "policy": {
                    "references": [
                      "data.aws_iam_policy_document.flowlogs_policy[0].json",
                      "data.aws_iam_policy_document.flowlogs_policy[0]",
                      "data.aws_iam_policy_document.flowlogs_policy"
                    ]
                  }
                },
                "schema_version": 0,
                "count_expression": {
                  "references": [
                    "var.flow_log_destination_type"
                  ]
                }
              },
              {
                "address": "aws_s3_bucket_public_access_block.flowlogs",
                "mode": "managed",
                "type": "aws_s3_bucket_public_access_block",
                "name": "flowlogs",
                "provider_config_key": "aws",
                "expressions": {
                  "block_public_acls": {
                    "constant_value": true
                  },
                  "block_public_policy": {
                    "constant_value": true
                  },
                  "bucket": {
                    "references": [
                      "aws_s3_bucket.flowlogs[0].id",
                      "aws_s3_bucket.flowlogs[0]",
                      "aws_s3_bucket.flowlogs"
                    ]
                  },
                  "ignore_public_acls": {
                    "constant_value": true
                  },
                  "restrict_public_buckets": {
                    "constant_value": true
                  }
                },
                "schema_version": 0,
                "count_expression": {
                  "references": [
                    "var.flow_log_destination_type"
                  ]
                }
              },
              {
                "address": "aws_s3_bucket_server_side_encryption_configuration.flowlogs-encryption",
                "mode": "managed",
                "type": "aws_s3_bucket_server_side_encryption_configuration",
                "name": "flowlogs-encryption",
                "provider_config_key": "aws",
                "expressions": {
                  "bucket": {
                    "references": [
                      "aws_s3_bucket.flowlogs[0].id",
                      "aws_s3_bucket.flowlogs[0]",
                      "aws_s3_bucket.flowlogs"
                    ]
                  },
                  "rule": [
                    {
                      "apply_server_side_encryption_by_default": [
                        {
                          "kms_master_key_id": {
                            "references": [
                              "var.s3_kms_key_arn"
                            ]
                          },
                          "sse_algorithm": {
                            "constant_value": "aws:kms"
                          }
                        }
                      ]
                    }
                  ]
                },
                "schema_version": 0,
                "count_expression": {
                  "references": [
                    "var.flow_log_destination_type"
                  ]
                }
              },
              {
                "address": "aws_subnet.database",
                "mode": "managed",
                "type": "aws_subnet",
                "name": "database",
                "provider_config_key": "aws",
                "expressions": {
                  "availability_zone": {
                    "references": [
                      "local.database_subnets",
                      "count.index"
                    ]
                  },
                  "cidr_block": {
                    "references": [
                      "local.database_subnets",
                      "count.index"
                    ]
                  },
                  "tags": {
                    "references": [
                      "local.database_subnets",
                      "count.index",
                      "local.database_subnets",
                      "count.index",
                      "var.database_subnet_tags",
                      "var.tags",
                      "local.database_subnets",
                      "count.index",
                      "var.resource_prefix",
                      "local.database_subnets",
                      "count.index",
                      "var.database_subnet_tags",
                      "var.tags"
                    ]
                  },
                  "vpc_id": {
                    "references": [
                      "local.vpc_id"
                    ]
                  }
                },
                "schema_version": 1,
                "count_expression": {
                  "references": [
                    "local.database_subnets",
                    "local.database_subnets"
                  ]
                }
              },
              {
                "address": "aws_subnet.elasticache",
                "mode": "managed",
                "type": "aws_subnet",
                "name": "elasticache",
                "provider_config_key": "aws",
                "expressions": {
                  "availability_zone": {
                    "references": [
                      "local.elasticache_subnets",
                      "count.index"
                    ]
                  },
                  "cidr_block": {
                    "references": [
                      "local.elasticache_subnets",
                      "count.index"
                    ]
                  },
                  "tags": {
                    "references": [
                      "local.elasticache_subnets",
                      "count.index",
                      "local.elasticache_subnets",
                      "count.index",
                      "var.tags",
                      "local.elasticache_subnets",
                      "count.index",
                      "var.resource_prefix",
                      "local.elasticache_subnets",
                      "count.index",
                      "var.tags"
                    ]
                  },
                  "vpc_id": {
                    "references": [
                      "local.vpc_id"
                    ]
                  }
                },
                "schema_version": 1,
                "count_expression": {
                  "references": [
                    "local.elasticache_subnets",
                    "local.elasticache_subnets"
                  ]
                }
              },
              {
                "address": "aws_subnet.firewall",
                "mode": "managed",
                "type": "aws_subnet",
                "name": "firewall",
                "provider_config_key": "aws",
                "expressions": {
                  "availability_zone": {
                    "references": [
                      "local.firewall_subnets",
                      "count.index"
                    ]
                  },
                  "cidr_block": {
                    "references": [
                      "local.firewall_subnets",
                      "count.index"
                    ]
                  },
                  "tags": {
                    "references": [
                      "local.firewall_subnets",
                      "count.index",
                      "local.firewall_subnets",
                      "count.index",
                      "var.tags",
                      "local.firewall_subnets",
                      "count.index",
                      "var.resource_prefix",
                      "local.firewall_subnets",
                      "count.index",
                      "var.tags"
                    ]
                  },
                  "vpc_id": {
                    "references": [
                      "local.vpc_id"
                    ]
                  }
                },
                "schema_version": 1,
                "count_expression": {
                  "references": [
                    "local.firewall_subnets",
                    "local.firewall_subnets"
                  ]
                }
              },
              {
                "address": "aws_subnet.intra",
                "mode": "managed",
                "type": "aws_subnet",
                "name": "intra",
                "provider_config_key": "aws",
                "expressions": {
                  "availability_zone": {
                    "references": [
                      "local.intra_subnets",
                      "count.index"
                    ]
                  },
                  "cidr_block": {
                    "references": [
                      "local.intra_subnets",
                      "count.index"
                    ]
                  },
                  "tags": {
                    "references": [
                      "local.intra_subnets",
                      "count.index",
                      "local.intra_subnets",
                      "count.index",
                      "var.tags",
                      "local.intra_subnets",
                      "count.index",
                      "var.resource_prefix",
                      "local.intra_subnets",
                      "count.index",
                      "var.tags"
                    ]
                  },
                  "vpc_id": {
                    "references": [
                      "local.vpc_id"
                    ]
                  }
                },
                "schema_version": 1,
                "count_expression": {
                  "references": [
                    "local.intra_subnets",
                    "local.intra_subnets"
                  ]
                }
              },
              {
                "address": "aws_subnet.private",
                "mode": "managed",
                "type": "aws_subnet",
                "name": "private",
                "provider_config_key": "aws",
                "expressions": {
                  "availability_zone": {
                    "references": [
                      "local.private_subnets",
                      "count.index"
                    ]
                  },
                  "cidr_block": {
                    "references": [
                      "local.private_subnets",
                      "count.index"
                    ]
                  },
                  "tags": {
                    "references": [
                      "local.private_subnets",
                      "count.index",
                      "local.private_subnets",
                      "count.index",
                      "var.tags",
                      "var.private_eks_tags",
                      "local.private_subnets",
                      "count.index",
                      "var.resource_prefix",
                      "local.private_subnets",
                      "count.index",
                      "var.tags",
                      "var.private_eks_tags"
                    ]
                  },
                  "vpc_id": {
                    "references": [
                      "local.vpc_id"
                    ]
                  }
                },
                "schema_version": 1,
                "count_expression": {
                  "references": [
                    "local.private_subnets",
                    "local.private_subnets"
                  ]
                }
              },
              {
                "address": "aws_subnet.public",
                "mode": "managed",
                "type": "aws_subnet",
                "name": "public",
                "provider_config_key": "aws",
                "expressions": {
                  "availability_zone": {
                    "references": [
                      "local.public_subnets",
                      "count.index"
                    ]
                  },
                  "cidr_block": {
                    "references": [
                      "local.public_subnets",
                      "count.index"
                    ]
                  },
                  "map_public_ip_on_launch": {
                    "references": [
                      "var.map_public_ip_on_launch"
                    ]
                  },
                  "tags": {
                    "references": [
                      "local.public_subnets",
                      "count.index",
                      "local.public_subnets",
                      "count.index",
                      "var.tags",
                      "var.public_eks_tags",
                      "local.public_subnets",
                      "count.index",
                      "var.resource_prefix",
                      "local.public_subnets",
                      "count.index",
                      "var.tags",
                      "var.public_eks_tags"
                    ]
                  },
                  "vpc_id": {
                    "references": [
                      "local.vpc_id"
                    ]
                  }
                },
                "schema_version": 1,
                "count_expression": {
                  "references": [
                    "local.public_subnets",
                    "local.public_subnets"
                  ]
                }
              },
              {
                "address": "aws_subnet.redshift",
                "mode": "managed",
                "type": "aws_subnet",
                "name": "redshift",
                "provider_config_key": "aws",
                "expressions": {
                  "availability_zone": {
                    "references": [
                      "local.redshift_subnets",
                      "count.index"
                    ]
                  },
                  "cidr_block": {
                    "references": [
                      "local.redshift_subnets",
                      "count.index"
                    ]
                  },
                  "tags": {
                    "references": [
                      "local.redshift_subnets",
                      "count.index",
                      "local.redshift_subnets",
                      "count.index",
                      "var.tags",
                      "local.redshift_subnets",
                      "count.index",
                      "var.resource_prefix",
                      "local.redshift_subnets",
                      "count.index",
                      "var.tags"
                    ]
                  },
                  "vpc_id": {
                    "references": [
                      "local.vpc_id"
                    ]
                  }
                },
                "schema_version": 1,
                "count_expression": {
                  "references": [
                    "local.redshift_subnets",
                    "local.redshift_subnets"
                  ]
                }
              },
              {
                "address": "aws_subnet.tgw",
                "mode": "managed",
                "type": "aws_subnet",
                "name": "tgw",
                "provider_config_key": "aws",
                "expressions": {
                  "availability_zone": {
                    "references": [
                      "local.tgw_subnets",
                      "count.index"
                    ]
                  },
                  "cidr_block": {
                    "references": [
                      "local.tgw_subnets",
                      "count.index"
                    ]
                  },
                  "tags": {
                    "references": [
                      "local.tgw_subnets",
                      "count.index",
                      "local.tgw_subnets",
                      "count.index",
                      "var.tags",
                      "local.tgw_subnets",
                      "count.index",
                      "var.resource_prefix",
                      "local.tgw_subnets",
                      "count.index",
                      "var.tags"
                    ]
                  },
                  "vpc_id": {
                    "references": [
                      "local.vpc_id"
                    ]
                  }
                },
                "schema_version": 1,
                "count_expression": {
                  "references": [
                    "local.tgw_subnets",
                    "local.tgw_subnets"
                  ]
                }
              },
              {
                "address": "aws_vpc.this",
                "mode": "managed",
                "type": "aws_vpc",
                "name": "this",
                "provider_config_key": "aws",
                "expressions": {
                  "assign_generated_ipv6_cidr_block": {
                    "references": [
                      "var.assign_generated_ipv6_cidr_block"
                    ]
                  },
                  "cidr_block": {
                    "references": [
                      "var.cidr"
                    ]
                  },
                  "enable_dns_hostnames": {
                    "references": [
                      "var.enable_dns_hostnames"
                    ]
                  },
                  "enable_dns_support": {
                    "references": [
                      "var.enable_dns_support"
                    ]
                  },
                  "instance_tenancy": {
                    "references": [
                      "var.instance_tenancy"
                    ]
                  },
                  "tags": {
                    "references": [
                      "var.vpc_name",
                      "var.tags",
                      "var.vpc_tags"
                    ]
                  }
                },
                "schema_version": 1
              },
              {
                "address": "aws_vpc_dhcp_options.this",
                "mode": "managed",
                "type": "aws_vpc_dhcp_options",
                "name": "this",
                "provider_config_key": "aws",
                "expressions": {
                  "domain_name": {
                    "references": [
                      "var.dhcp_options_domain_name"
                    ]
                  },
                  "domain_name_servers": {
                    "references": [
                      "var.dhcp_options_domain_name_servers"
                    ]
                  },
                  "netbios_name_servers": {
                    "references": [
                      "var.dhcp_options_netbios_name_servers"
                    ]
                  },
                  "netbios_node_type": {
                    "references": [
                      "var.dhcp_options_netbios_node_type"
                    ]
                  },
                  "ntp_servers": {
                    "references": [
                      "var.dhcp_options_ntp_servers"
                    ]
                  },
                  "tags": {
                    "references": [
                      "var.resource_prefix",
                      "var.tags",
                      "var.dhcp_options_tags"
                    ]
                  }
                },
                "schema_version": 0,
                "count_expression": {
                  "references": [
                    "var.enable_dhcp_options"
                  ]
                }
              },
              {
                "address": "aws_vpc_dhcp_options_association.this",
                "mode": "managed",
                "type": "aws_vpc_dhcp_options_association",
                "name": "this",
                "provider_config_key": "aws",
                "expressions": {
                  "dhcp_options_id": {
                    "references": [
                      "aws_vpc_dhcp_options.this[0].id",
                      "aws_vpc_dhcp_options.this[0]",
                      "aws_vpc_dhcp_options.this"
                    ]
                  },
                  "vpc_id": {
                    "references": [
                      "local.vpc_id"
                    ]
                  }
                },
                "schema_version": 0,
                "count_expression": {
                  "references": [
                    "var.enable_dhcp_options"
                  ]
                }
              },
              {
                "address": "aws_vpc_ipv4_cidr_block_association.this",
                "mode": "managed",
                "type": "aws_vpc_ipv4_cidr_block_association",
                "name": "this",
                "provider_config_key": "aws",
                "expressions": {
                  "cidr_block": {
                    "references": [
                      "var.secondary_cidr_blocks",
                      "count.index"
                    ]
                  },
                  "vpc_id": {
                    "references": [
                      "aws_vpc.this.id",
                      "aws_vpc.this"
                    ]
                  }
                },
                "schema_version": 0,
                "count_expression": {
                  "references": [
                    "var.secondary_cidr_blocks",
                    "var.secondary_cidr_blocks"
                  ]
                }
              },
              {
                "address": "aws_vpn_gateway.this",
                "mode": "managed",
                "type": "aws_vpn_gateway",
                "name": "this",
                "provider_config_key": "aws",
                "expressions": {
                  "tags": {
                    "references": [
                      "var.vpn_gateway_custom_name",
                      "var.vpn_gateway_custom_name",
                      "var.tags",
                      "var.vpn_gateway_tags",
                      "var.resource_prefix",
                      "var.tags",
                      "var.vpn_gateway_tags"
                    ]
                  },
                  "vpc_id": {
                    "references": [
                      "local.vpc_id"
                    ]
                  }
                },
                "schema_version": 0,
                "count_expression": {
                  "references": [
                    "var.enable_vpn_gateway"
                  ]
                }
              },
              {
                "address": "aws_vpn_gateway_attachment.this",
                "mode": "managed",
                "type": "aws_vpn_gateway_attachment",
                "name": "this",
                "provider_config_key": "aws",
                "expressions": {
                  "vpc_id": {
                    "references": [
                      "local.vpc_id"
                    ]
                  },
                  "vpn_gateway_id": {
                    "references": [
                      "var.vpn_gateway_id"
                    ]
                  }
                },
                "schema_version": 0,
                "count_expression": {
                  "references": [
                    "var.vpn_gateway_id"
                  ]
                }
              },
              {
                "address": "aws_vpn_gateway_route_propagation.private",
                "mode": "managed",
                "type": "aws_vpn_gateway_route_propagation",
                "name": "private",
                "provider_config_key": "aws",
                "expressions": {
                  "route_table_id": {
                    "references": [
                      "aws_route_table.private",
                      "count.index"
                    ]
                  },
                  "vpn_gateway_id": {
                    "references": [
                      "aws_vpn_gateway.this",
                      "aws_vpn_gateway_attachment.this",
                      "count.index"
                    ]
                  }
                },
                "schema_version": 0,
                "count_expression": {
                  "references": [
                    "var.propagate_private_route_tables_vgw",
                    "var.enable_vpn_gateway",
                    "var.vpn_gateway_id",
                    "local.private_subnets"
                  ]
                }
              },
              {
                "address": "aws_vpn_gateway_route_propagation.public",
                "mode": "managed",
                "type": "aws_vpn_gateway_route_propagation",
                "name": "public",
                "provider_config_key": "aws",
                "expressions": {
                  "route_table_id": {
                    "references": [
                      "aws_route_table.public",
                      "count.index"
                    ]
                  },
                  "vpn_gateway_id": {
                    "references": [
                      "aws_vpn_gateway.this",
                      "aws_vpn_gateway_attachment.this",
                      "count.index"
                    ]
                  }
                },
                "schema_version": 0,
                "count_expression": {
                  "references": [
                    "var.propagate_public_route_tables_vgw",
                    "var.enable_vpn_gateway",
                    "var.vpn_gateway_id"
                  ]
                }
              },
              {
                "address": "data.aws_iam_policy_document.flow_log_cloudwatch_assume_role",
                "mode": "data",
                "type": "aws_iam_policy_document",
                "name": "flow_log_cloudwatch_assume_role",
                "provider_config_key": "aws",
                "expressions": {
                  "statement": [
                    {
                      "actions": {
                        "constant_value": [
                          "sts:AssumeRole"
                        ]
                      },
                      "effect": {
                        "constant_value": "Allow"
                      },
                      "principals": [
                        {
                          "identifiers": {
                            "constant_value": [
                              "vpc-flow-logs.amazonaws.com"
                            ]
                          },
                          "type": {
                            "constant_value": "Service"
                          }
                        }
                      ],
                      "sid": {
                        "constant_value": "AWSVPCFlowLogsAssumeRole"
                      }
                    }
                  ]
                },
                "schema_version": 0,
                "count_expression": {
                  "references": [
                    "var.flow_log_destination_type"
                  ]
                }
              },
              {
                "address": "data.aws_iam_policy_document.flowlogs_policy",
                "mode": "data",
                "type": "aws_iam_policy_document",
                "name": "flowlogs_policy",
                "provider_config_key": "aws",
                "expressions": {
                  "statement": [
                    {
                      "actions": {
                        "constant_value": [
                          "s3:GetBucketAcl"
                        ]
                      },
                      "effect": {
                        "constant_value": "Allow"
                      },
                      "principals": [
                        {
                          "identifiers": {
                            "constant_value": [
                              "delivery.logs.amazonaws.com"
                            ]
                          },
                          "type": {
                            "constant_value": "Service"
                          }
                        }
                      ],
                      "resources": {
                        "references": [
                          "local.s3_bucket_arn"
                        ]
                      }
                    },
                    {
                      "actions": {
                        "constant_value": [
                          "s3:PutObject"
                        ]
                      },
                      "condition": [
                        {
                          "test": {
                            "constant_value": "StringEquals"
                          },
                          "values": {
                            "constant_value": [
                              "bucket-owner-full-control"
                            ]
                          },
                          "variable": {
                            "constant_value": "s3:x-amz-acl"
                          }
                        }
                      ],
                      "effect": {
                        "constant_value": "Allow"
                      },
                      "principals": [
                        {
                          "identifiers": {
                            "constant_value": [
                              "delivery.logs.amazonaws.com"
                            ]
                          },
                          "type": {
                            "constant_value": "Service"
                          }
                        }
                      ],
                      "resources": {
                        "references": [
                          "local.s3_bucket_arn"
                        ]
                      }
                    },
                    {
                      "actions": {
                        "constant_value": [
                          "s3:GetObject",
                          "s3:ListBucket"
                        ]
                      },
                      "effect": {
                        "constant_value": "Allow"
                      },
                      "principals": [
                        {
                          "identifiers": {
                            "constant_value": [
                              "ec2.amazonaws.com"
                            ]
                          },
                          "type": {
                            "constant_value": "Service"
                          }
                        }
                      ],
                      "resources": {
                        "references": [
                          "local.s3_bucket_arn",
                          "local.s3_bucket_arn"
                        ]
                      }
                    }
                  ]
                },
                "schema_version": 0,
                "count_expression": {
                  "references": [
                    "var.flow_log_destination_type"
                  ]
                }
              },
              {
                "address": "data.aws_iam_policy_document.vpc_flow_log_cloudwatch",
                "mode": "data",
                "type": "aws_iam_policy_document",
                "name": "vpc_flow_log_cloudwatch",
                "provider_config_key": "aws",
                "expressions": {
                  "statement": [
                    {
                      "actions": {
                        "constant_value": [
                          "logs:CreateLogStream",
                          "logs:PutLogEvents",
                          "logs:DescribeLogGroups",
                          "logs:DescribeLogStreams"
                        ]
                      },
                      "effect": {
                        "constant_value": "Allow"
                      },
                      "resources": {
                        "constant_value": [
                          "*"
                        ]
                      },
                      "sid": {
                        "constant_value": "AWSVPCFlowLogsPushToCloudWatch"
                      }
                    }
                  ]
                },
                "schema_version": 0,
                "count_expression": {
                  "references": [
                    "var.flow_log_destination_type"
                  ]
                }
              },
              {
                "address": "data.aws_region.current",
                "mode": "data",
                "type": "aws_region",
                "name": "current",
                "provider_config_key": "aws",
                "schema_version": 0
              }
            ],
            "module_calls": {
              "aws_network_firewall": {
                "source": "./modules/aws-network-firewall",
                "expressions": {
                  "cloudwatch_log_group_kms_key_id": {
                    "references": [
                      "var.cloudwatch_log_group_kms_key_arn"
                    ]
                  },
                  "cloudwatch_log_group_retention_in_days": {
                    "references": [
                      "var.cloudwatch_log_group_retention_in_days"
                    ]
                  },
                  "delete_protection": {
                    "references": [
                      "var.delete_protection"
                    ]
                  },
                  "domain_stateful_rule_group": {
                    "references": [
                      "var.aws_nfw_domain_stateful_rule_group"
                    ]
                  },
                  "firewall_name": {
                    "references": [
                      "var.aws_nfw_name"
                    ]
                  },
                  "fivetuple_stateful_rule_group": {
                    "references": [
                      "var.aws_nfw_fivetuple_stateful_rule_group"
                    ]
                  },
                  "nfw_kms_key_id": {
                    "references": [
                      "var.nfw_kms_key_arn"
                    ]
                  },
                  "prefix": {
                    "references": [
                      "var.resource_prefix"
                    ]
                  },
                  "stateless_rule_group": {
                    "references": [
                      "var.aws_nfw_stateless_rule_group"
                    ]
                  },
                  "subnet_mapping": {
                    "references": [
                      "local.nfw_subnets"
                    ]
                  },
                  "suricata_stateful_rule_group": {
                    "references": [
                      "var.aws_nfw_suricata_stateful_rule_group"
                    ]
                  },
                  "tls_cert_arn": {
                    "references": [
                      "var.tls_cert_arn"
                    ]
                  },
                  "tls_description": {
                    "references": [
                      "var.tls_description"
                    ]
                  },
                  "tls_destination_cidrs": {
                    "references": [
                      "var.tls_destination_cidrs"
                    ]
                  },
                  "tls_destination_from_port": {
                    "references": [
                      "var.tls_destination_from_port"
                    ]
                  },
                  "tls_destination_to_port": {
                    "references": [
                      "var.tls_destination_to_port"
                    ]
                  },
                  "tls_inspection_enabled": {
                    "references": [
                      "var.enable_tls_inspection"
                    ]
                  },
                  "tls_source_cidr": {
                    "references": [
                      "var.tls_source_cidr"
                    ]
                  },
                  "tls_source_from_port": {
                    "references": [
                      "var.tls_source_from_port"
                    ]
                  },
                  "tls_source_to_port": {
                    "references": [
                      "var.tls_source_to_port"
                    ]
                  },
                  "vpc_id": {
                    "references": [
                      "local.vpc_id"
                    ]
                  }
                },
                "count_expression": {
                  "references": [
                    "var.deploy_aws_nfw"
                  ]
                },
                "module": {
                  "outputs": {
                    "arn": {
                      "expression": {
                        "references": [
                          "aws_networkfirewall_firewall.this.arn",
                          "aws_networkfirewall_firewall.this"
                        ]
                      },
                      "description": "Created Network Firewall ARN from network_firewall module"
                    },
                    "endpoint_id": {
                      "expression": {
                        "references": [
                          "aws_networkfirewall_firewall.this.firewall_status",
                          "aws_networkfirewall_firewall.this"
                        ]
                      },
                      "description": "Created Network Firewall endpoint id"
                    },
                    "id": {
                      "expression": {
                        "references": [
                          "aws_networkfirewall_firewall.this.id",
                          "aws_networkfirewall_firewall.this"
                        ]
                      },
                      "description": "Created Network Firewall ID from network_firewall module"
                    }
                  },
                  "resources": [
                    {
                      "address": "aws_cloudwatch_log_group.nfw",
                      "mode": "managed",
                      "type": "aws_cloudwatch_log_group",
                      "name": "nfw",
                      "provider_config_key": "aws",
                      "expressions": {
                        "kms_key_id": {
                          "references": [
                            "var.cloudwatch_log_group_kms_key_id"
                          ]
                        },
                        "name": {
                          "references": [
                            "var.firewall_name"
                          ]
                        },
                        "retention_in_days": {
                          "references": [
                            "var.cloudwatch_log_group_retention_in_days"
                          ]
                        },
                        "tags": {
                          "references": [
                            "var.tags"
                          ]
                        }
                      },
                      "schema_version": 0
                    },
                    {
                      "address": "aws_networkfirewall_firewall.this",
                      "mode": "managed",
                      "type": "aws_networkfirewall_firewall",
                      "name": "this",
                      "provider_config_key": "aws",
                      "expressions": {
                        "delete_protection": {
                          "references": [
                            "var.delete_protection"
                          ]
                        },
                        "description": {
                          "references": [
                            "var.description",
                            "var.firewall_name"
                          ]
                        },
                        "enabled_analysis_types": {
                          "constant_value": [
                            "TLS_SNI",
                            "HTTP_HOST"
                          ]
                        },
                        "encryption_configuration": [
                          {
                            "key_id": {
                              "references": [
                                "var.nfw_kms_key_id"
                              ]
                            },
                            "type": {
                              "constant_value": "CUSTOMER_KMS"
                            }
                          }
                        ],
                        "firewall_policy_arn": {
                          "references": [
                            "aws_networkfirewall_firewall_policy.this.arn",
                            "aws_networkfirewall_firewall_policy.this"
                          ]
                        },
                        "firewall_policy_change_protection": {
                          "references": [
                            "var.firewall_policy_change_protection"
                          ]
                        },
                        "name": {
                          "references": [
                            "var.firewall_name"
                          ]
                        },
                        "subnet_change_protection": {
                          "references": [
                            "var.subnet_change_protection"
                          ]
                        },
                        "tags": {
                          "references": [
                            "var.tags"
                          ]
                        },
                        "vpc_id": {
                          "references": [
                            "var.vpc_id"
                          ]
                        }
                      },
                      "schema_version": 0
                    },
                    {
                      "address": "aws_networkfirewall_firewall_policy.this",
                      "mode": "managed",
                      "type": "aws_networkfirewall_firewall_policy",
                      "name": "this",
                      "provider_config_key": "aws",
                      "expressions": {
                        "encryption_configuration": [
                          {
                            "key_id": {
                              "references": [
                                "var.nfw_kms_key_id"
                              ]
                            },
                            "type": {
                              "constant_value": "CUSTOMER_KMS"
                            }
                          }
                        ],
                        "firewall_policy": [
                          {
                            "stateful_default_actions": {
                              "references": [
                                "var.stateful_default_actions"
                              ]
                            },
                            "stateless_default_actions": {
                              "references": [
                                "var.stateless_default_actions"
                              ]
                            },
                            "stateless_fragment_default_actions": {
                              "references": [
                                "var.stateless_fragment_default_actions"
                              ]
                            },
                            "tls_inspection_configuration_arn": {
                              "references": [
                                "aws_networkfirewall_tls_inspection_configuration.tls_inspection[0].arn",
                                "aws_networkfirewall_tls_inspection_configuration.tls_inspection[0]",
                                "aws_networkfirewall_tls_inspection_configuration.tls_inspection"
                              ]
                            }
                          }
                        ],
                        "name": {
                          "references": [
                            "var.prefix",
                            "var.firewall_name"
                          ]
                        },
                        "tags": {
                          "references": [
                            "var.tags"
                          ]
                        }
                      },
                      "schema_version": 0
                    },
                    {
                      "address": "aws_networkfirewall_logging_configuration.this",
                      "mode": "managed",
                      "type": "aws_networkfirewall_logging_configuration",
                      "name": "this",
                      "provider_config_key": "aws",
                      "expressions": {
                        "firewall_arn": {
                          "references": [
                            "aws_networkfirewall_firewall.this.arn",
                            "aws_networkfirewall_firewall.this"
                          ]
                        },
                        "logging_configuration": [
                          {
                            "log_destination_config": [
                              {
                                "log_destination": {
                                  "references": [
                                    "aws_cloudwatch_log_group.nfw.name",
                                    "aws_cloudwatch_log_group.nfw"
                                  ]
                                },
                                "log_destination_type": {
                                  "constant_value": "CloudWatchLogs"
                                },
                                "log_type": {
                                  "constant_value": "ALERT"
                                }
                              },
                              {
                                "log_destination": {
                                  "references": [
                                    "aws_cloudwatch_log_group.nfw.name",
                                    "aws_cloudwatch_log_group.nfw"
                                  ]
                                },
                                "log_destination_type": {
                                  "constant_value": "CloudWatchLogs"
                                },
                                "log_type": {
                                  "constant_value": "FLOW"
                                }
                              }
                            ]
                          }
                        ]
                      },
                      "schema_version": 0
                    },
                    {
                      "address": "aws_networkfirewall_rule_group.domain_stateful_group",
                      "mode": "managed",
                      "type": "aws_networkfirewall_rule_group",
                      "name": "domain_stateful_group",
                      "provider_config_key": "aws",
                      "expressions": {
                        "capacity": {
                          "references": [
                            "var.domain_stateful_rule_group",
                            "count.index"
                          ]
                        },
                        "description": {
                          "references": [
                            "var.domain_stateful_rule_group",
                            "count.index"
                          ]
                        },
                        "encryption_configuration": [
                          {
                            "key_id": {
                              "references": [
                                "var.nfw_kms_key_id"
                              ]
                            },
                            "type": {
                              "constant_value": "CUSTOMER_KMS"
                            }
                          }
                        ],
                        "name": {
                          "references": [
                            "var.domain_stateful_rule_group",
                            "count.index"
                          ]
                        },
                        "rule_group": [
                          {
                            "rules_source": [
                              {
                                "rules_source_list": [
                                  {
                                    "generated_rules_type": {
                                      "references": [
                                        "var.domain_stateful_rule_group",
                                        "count.index"
                                      ]
                                    },
                                    "target_types": {
                                      "references": [
                                        "var.domain_stateful_rule_group",
                                        "count.index"
                                      ]
                                    },
                                    "targets": {
                                      "references": [
                                        "var.domain_stateful_rule_group",
                                        "count.index"
                                      ]
                                    }
                                  }
                                ]
                              }
                            ]
                          }
                        ],
                        "tags": {
                          "references": [
                            "var.tags"
                          ]
                        },
                        "type": {
                          "constant_value": "STATEFUL"
                        }
                      },
                      "schema_version": 0,
                      "count_expression": {
                        "references": [
                          "var.domain_stateful_rule_group",
                          "var.domain_stateful_rule_group"
                        ]
                      }
                    },
                    {
                      "address": "aws_networkfirewall_rule_group.fivetuple_stateful_group",
                      "mode": "managed",
                      "type": "aws_networkfirewall_rule_group",
                      "name": "fivetuple_stateful_group",
                      "provider_config_key": "aws",
                      "expressions": {
                        "capacity": {
                          "references": [
                            "var.fivetuple_stateful_rule_group",
                            "count.index"
                          ]
                        },
                        "description": {
                          "references": [
                            "var.fivetuple_stateful_rule_group",
                            "count.index"
                          ]
                        },
                        "encryption_configuration": [
                          {
                            "key_id": {
                              "references": [
                                "var.nfw_kms_key_id"
                              ]
                            },
                            "type": {
                              "constant_value": "CUSTOMER_KMS"
                            }
                          }
                        ],
                        "name": {
                          "references": [
                            "var.fivetuple_stateful_rule_group",
                            "count.index"
                          ]
                        },
                        "rule_group": [
                          {
                            "rules_source": [
                              {}
                            ]
                          }
                        ],
                        "tags": {
                          "references": [
                            "var.tags"
                          ]
                        },
                        "type": {
                          "constant_value": "STATEFUL"
                        }
                      },
                      "schema_version": 0,
                      "count_expression": {
                        "references": [
                          "var.fivetuple_stateful_rule_group",
                          "var.fivetuple_stateful_rule_group"
                        ]
                      }
                    },
                    {
                      "address": "aws_networkfirewall_rule_group.stateless_group",
                      "mode": "managed",
                      "type": "aws_networkfirewall_rule_group",
                      "name": "stateless_group",
                      "provider_config_key": "aws",
                      "expressions": {
                        "capacity": {
                          "references": [
                            "var.stateless_rule_group",
                            "count.index"
                          ]
                        },
                        "description": {
                          "references": [
                            "var.stateless_rule_group",
                            "count.index"
                          ]
                        },
                        "encryption_configuration": [
                          {
                            "key_id": {
                              "references": [
                                "var.nfw_kms_key_id"
                              ]
                            },
                            "type": {
                              "constant_value": "CUSTOMER_KMS"
                            }
                          }
                        ],
                        "name": {
                          "references": [
                            "var.stateless_rule_group",
                            "count.index"
                          ]
                        },
                        "rule_group": [
                          {
                            "rules_source": [
                              {
                                "stateless_rules_and_custom_actions": [
                                  {}
                                ]
                              }
                            ]
                          }
                        ],
                        "tags": {
                          "references": [
                            "var.tags"
                          ]
                        },
                        "type": {
                          "constant_value": "STATELESS"
                        }
                      },
                      "schema_version": 0,
                      "count_expression": {
                        "references": [
                          "var.stateless_rule_group",
                          "var.stateless_rule_group"
                        ]
                      }
                    },
                    {
                      "address": "aws_networkfirewall_rule_group.suricata_stateful_group",
                      "mode": "managed",
                      "type": "aws_networkfirewall_rule_group",
                      "name": "suricata_stateful_group",
                      "provider_config_key": "aws",
                      "expressions": {
                        "capacity": {
                          "references": [
                            "var.suricata_stateful_rule_group",
                            "count.index"
                          ]
                        },
                        "description": {
                          "references": [
                            "var.suricata_stateful_rule_group",
                            "count.index"
                          ]
                        },
                        "encryption_configuration": [
                          {
                            "key_id": {
                              "references": [
                                "var.nfw_kms_key_id"
                              ]
                            },
                            "type": {
                              "constant_value": "CUSTOMER_KMS"
                            }
                          }
                        ],
                        "name": {
                          "references": [
                            "var.suricata_stateful_rule_group",
                            "count.index"
                          ]
                        },
                        "rule_group": [
                          {
                            "rules_source": [
                              {
                                "rules_string": {
                                  "references": [
                                    "var.suricata_stateful_rule_group",
                                    "count.index",
                                    "path.module"
                                  ]
                                }
                              }
                            ]
                          }
                        ],
                        "tags": {
                          "references": [
                            "var.tags"
                          ]
                        },
                        "type": {
                          "constant_value": "STATEFUL"
                        }
                      },
                      "schema_version": 0,
                      "count_expression": {
                        "references": [
                          "var.suricata_stateful_rule_group",
                          "var.suricata_stateful_rule_group"
                        ]
                      }
                    },
                    {
                      "address": "aws_networkfirewall_tls_inspection_configuration.tls_inspection",
                      "mode": "managed",
                      "type": "aws_networkfirewall_tls_inspection_configuration",
                      "name": "tls_inspection",
                      "provider_config_key": "aws",
                      "expressions": {
                        "description": {
                          "references": [
                            "var.tls_description"
                          ]
                        },
                        "encryption_configuration": {
                          "references": [
                            "var.nfw_kms_key_id"
                          ]
                        },
                        "name": {
                          "references": [
                            "var.prefix"
                          ]
                        },
                        "tls_inspection_configuration": [
                          {
                            "server_certificate_configuration": [
                              {
                                "certificate_authority_arn": {
                                  "references": [
                                    "var.tls_cert_arn"
                                  ]
                                },
                                "check_certificate_revocation_status": [
                                  {
                                    "revoked_status_action": {
                                      "constant_value": "REJECT"
                                    },
                                    "unknown_status_action": {
                                      "constant_value": "PASS"
                                    }
                                  }
                                ]
                              }
                            ]
                          }
                        ]
                      },
                      "schema_version": 0,
                      "count_expression": {
                        "references": [
                          "var.tls_inspection_enabled"
                        ]
                      }
                    }
                  ],
                  "variables": {
                    "cloudwatch_log_group_kms_key_id": {
                      "description": "Customer KMS Key id for Cloudwatch Log encryption"
                    },
                    "cloudwatch_log_group_retention_in_days": {
                      "default": 365,
                      "description": "Number of days to retain Cloudwatch logs"
                    },
                    "delete_protection": {
                      "default": true,
                      "description": "Whether or not to enable deletion protection of NFW"
                    },
                    "description": {
                      "default": "",
                      "description": "Description for the resources"
                    },
                    "domain_stateful_rule_group": {
                      "default": [],
                      "description": "Config for domain type stateful rule group"
                    },
                    "firewall_name": {
                      "default": "example",
                      "description": "firewall name"
                    },
                    "firewall_policy_change_protection": {
                      "default": "false",
                      "description": "(Option) A boolean flag indicating whether it is possible to change the associated firewall policy"
                    },
                    "fivetuple_stateful_rule_group": {
                      "default": [],
                      "description": "Config for 5-tuple type stateful rule group"
                    },
                    "nfw_kms_key_id": {
                      "description": "NFW KMS Key Id for encryption"
                    },
                    "prefix": {
                      "description": "The description for each environment, ie: bin-dev"
                    },
                    "stateful_default_actions": {
                      "default": [],
                      "description": "Set of actions to take on a packet if it does not match any stateful rules in the policy. This can only be specified if the policy has a `stateful_engine_options` block with a rule_order value of `STRICT_ORDER`. You can specify one of either or neither values of `aws:drop_strict` or `aws:drop_established`, as well as any combination of `aws:alert_strict` and `aws:alert_established`"
                    },
                    "stateful_engine_options": {
                      "default": {},
                      "description": "A configuration block that defines options on how the policy handles stateful rules. See [Stateful Engine Options](https://registry.terraform.io/providers/hashicorp/aws/latest/docs/resources/networkfirewall_firewall_policy#stateful-engine-options) for details"
                    },
                    "stateful_managed_rule_groups_arns": {
                      "default": [],
                      "description": "https://registry.terraform.io/providers/hashicorp/aws/latest/docs/resources/networkfirewall_firewall_policy#action"
                    },
                    "stateless_default_actions": {
                      "default": "forward_to_sfe",
                      "description": "Default stateless Action"
                    },
                    "stateless_fragment_default_actions": {
                      "default": "forward_to_sfe",
                      "description": "Default Stateless action for fragmented packets"
                    },
                    "stateless_rule_group": {
                      "default": [],
                      "description": "Config for stateless rule group"
                    },
                    "subnet_change_protection": {
                      "default": "false",
                      "description": "(Optional) A boolean flag indicating whether it is possible to change the associated subnet(s)"
                    },
                    "subnet_mapping": {
                      "description": "Subnet ids mapping to have individual firewall endpoint"
                    },
                    "suricata_stateful_rule_group": {
                      "default": [
                        {
                          "capacity": 1000,
                          "description": "Default Deny All Rules for NFW",
                          "name": "DefaultSuricataDenyAll",
                          "rule_variables": {
                            "ip_sets": [],
                            "port_sets": []
                          },
                          "rules_file": "./nfw-base-suricata-rules.json"
                        }
                      ],
                      "description": "Config for Suricata type stateful rule group"
                    },
                    "tags": {
                      "default": {},
                      "description": "The tags for the resources"
                    },
                    "tls_cert_arn": {
                      "default": "",
                      "description": "TLS Certificate ARN"
                    },
                    "tls_description": {
                      "default": "TLS Oubound Inspection",
                      "description": "Description for the TLS Inspection"
                    },
                    "tls_destination_cidrs": {
                      "default": [
                        "0.0.0.0/0"
                      ],
                      "description": "Destination CIDRs for TLS Inspection"
                    },
                    "tls_destination_from_port": {
                      "default": 443,
                      "description": "Destination Port for TLS Inspection"
                    },
                    "tls_destination_to_port": {
                      "default": 443,
                      "description": "Destination Port for TLS Inspection"
                    },
                    "tls_inspection_enabled": {
                      "default": false,
                      "description": "Enable TLS Inspection"
                    },
                    "tls_source_cidr": {
                      "default": "0.0.0.0/0",
                      "description": "Source CIDR for TLS Inspection"
                    },
                    "tls_source_from_port": {
                      "default": 0,
                      "description": "Source Port for TLS Inspection"
                    },
                    "tls_source_to_port": {
                      "default": 65535,
                      "description": "Source Port for TLS Inspection"
                    },
                    "vpc_id": {
                      "description": "VPC ID"
                    }
                  }
                }
              },
              "vpc_endpoints": {
                "source": "./modules/vpc-endpoint",
                "expressions": {
                  "associate_with_private_route_tables": {
                    "references": [
                      "var.associate_with_private_route_tables"
                    ]
                  },
                  "associate_with_public_route_tables": {
                    "references": [
                      "var.associate_with_public_route_tables"
                    ]
                  },
                  "create_vpc_endpoints": {
                    "references": [
                      "var.create_vpc_endpoints"
                    ]
                  },
                  "private_route_table_ids": {
                    "references": [
                      "aws_route_table.private"
                    ]
                  },
                  "public_route_table_ids": {
                    "references": [
                      "aws_route_table.public"
                    ]
                  },
                  "route_table_ids": {
                    "references": [
                      "aws_route_table.private"
                    ]
                  },
                  "subnet_ids": {
                    "references": [
                      "aws_subnet.private",
                      "aws_subnet.private"
                    ]
                  },
                  "tags": {
                    "references": [
                      "var.tags"
                    ]
                  },
                  "vpc_endpoint_security_groups": {
                    "references": [
                      "var.vpc_endpoint_security_groups"
                    ]
                  },
                  "vpc_endpoints": {
                    "references": [
                      "var.vpc_endpoints"
                    ]
                  },
                  "vpc_id": {
                    "references": [
                      "aws_vpc.this.id",
                      "aws_vpc.this"
                    ]
                  }
                },
                "module": {
                  "outputs": {
                    "security_groups": {
                      "expression": {
                        "references": [
                          "aws_security_group.endpoint_sg"
                        ]
                      },
                      "description": "Map of security group IDs created for VPC endpoints"
                    },
                    "vpc_endpoint_dns_entries": {
                      "expression": {
                        "references": [
                          "aws_vpc_endpoint.this"
                        ]
                      },
                      "description": "DNS entries for VPC endpoints"
                    },
                    "vpc_endpoint_ids": {
                      "expression": {
                        "references": [
                          "aws_vpc_endpoint.this"
                        ]
                      },
                      "description": "Map of VPC endpoint IDs"
                    }
                  },
                  "resources": [
                    {
                      "address": "aws_security_group.endpoint_sg",
                      "mode": "managed",
                      "type": "aws_security_group",
                      "name": "endpoint_sg",
                      "provider_config_key": "aws",
                      "expressions": {
                        "description": {
                          "references": [
                            "each.value.description",
                            "each.value"
                          ]
                        },
                        "name": {
                          "references": [
                            "each.value.name",
                            "each.value"
                          ]
                        },
                        "tags": {
                          "references": [
                            "var.tags",
                            "each.value.tags",
                            "each.value",
                            "each.value.name",
                            "each.value"
                          ]
                        },
                        "vpc_id": {
                          "references": [
                            "var.vpc_id"
                          ]
                        }
                      },
                      "schema_version": 1,
                      "for_each_expression": {
                        "references": [
                          "var.create_vpc_endpoints",
                          "var.vpc_endpoint_security_groups"
                        ]
                      }
                    },
                    {
                      "address": "aws_vpc_endpoint.this",
                      "mode": "managed",
                      "type": "aws_vpc_endpoint",
                      "name": "this",
                      "provider_config_key": "aws",
                      "expressions": {
                        "auto_accept": {
                          "references": [
                            "each.value"
                          ]
                        },
                        "ip_address_type": {
                          "references": [
                            "each.value",
                            "each.value"
                          ]
                        },
                        "policy": {
                          "references": [
                            "each.value"
                          ]
                        },
                        "private_dns_enabled": {
                          "references": [
                            "each.value",
                            "each.value"
                          ]
                        },
                        "route_table_ids": {
                          "references": [
                            "each.value",
                            "var.associate_with_private_route_tables",
                            "var.private_route_table_ids"
                          ]
                        },
                        "security_group_ids": {
                          "references": [
                            "each.value",
                            "each.value",
                            "local.all_endpoint_sg_ids"
                          ]
                        },
                        "service_name": {
                          "references": [
                            "each.value",
                            "each.value.service_name",
                            "each.value",
                            "each.key",
                            "each.key",
                            "data.aws_region.current.name",
                            "data.aws_region.current",
                            "each.key",
                            "data.aws_vpc_endpoint_service.this",
                            "each.key",
                            "data.aws_vpc_endpoint_service.this",
                            "each.key",
                            "data.aws_region.current.name",
                            "data.aws_region.current",
                            "each.key"
                          ]
                        },
                        "subnet_ids": {
                          "references": [
                            "each.value",
                            "each.value"
                          ]
                        },
                        "tags": {
                          "references": [
                            "var.tags",
                            "each.value",
                            "each.key"
                          ]
                        },
                        "vpc_endpoint_type": {
                          "references": [
                            "each.value"
                          ]
                        },
                        "vpc_id": {
                          "references": [
                            "var.vpc_id"
                          ]
                        }
                      },
                      "schema_version": 0,
                      "for_each_expression": {
                        "references": [
                          "var.create_vpc_endpoints",
                          "var.vpc_endpoints"
                        ]
                      }
                    },
                    {
                      "address": "aws_vpc_security_group_egress_rule.egress",
                      "mode": "managed",
                      "type": "aws_vpc_security_group_egress_rule",
                      "name": "egress",
                      "provider_config_key": "aws",
                      "expressions": {
                        "cidr_ipv4": {
                          "references": [
                            "each.value.cidr_type",
                            "each.value",
                            "each.value.rule.cidr_blocks",
                            "each.value.rule",
                            "each.value",
                            "each.value.rule.cidr_blocks[0]",
                            "each.value.rule.cidr_blocks",
                            "each.value.rule",
                            "each.value"
                          ]
                        },
                        "cidr_ipv6": {
                          "references": [
                            "each.value.cidr_type",
                            "each.value",
                            "each.value.rule.ipv6_cidr_blocks",
                            "each.value.rule",
                            "each.value",
                            "each.value.rule.ipv6_cidr_blocks[0]",
                            "each.value.rule.ipv6_cidr_blocks",
                            "each.value.rule",
                            "each.value"
                          ]
                        },
                        "description": {
                          "references": [
                            "each.value.rule.description",
                            "each.value.rule",
                            "each.value"
                          ]
                        },
                        "from_port": {
                          "references": [
                            "each.value.rule.protocol",
                            "each.value.rule",
                            "each.value",
                            "each.value.rule.from_port",
                            "each.value.rule",
                            "each.value"
                          ]
                        },
                        "ip_protocol": {
                          "references": [
                            "each.value.rule.protocol",
                            "each.value.rule",
                            "each.value"
                          ]
                        },
                        "referenced_security_group_id": {
                          "references": [
                            "each.value.cidr_type",
                            "each.value",
                            "each.value.rule.security_groups",
                            "each.value.rule",
                            "each.value",
                            "each.value.rule.security_groups[0]",
                            "each.value.rule.security_groups",
                            "each.value.rule",
                            "each.value"
                          ]
                        },
                        "security_group_id": {
                          "references": [
                            "aws_security_group.endpoint_sg",
                            "each.value.sg_key",
                            "each.value"
                          ]
                        },
                        "to_port": {
                          "references": [
                            "each.value.rule.protocol",
                            "each.value.rule",
                            "each.value",
                            "each.value.rule.to_port",
                            "each.value.rule",
                            "each.value"
                          ]
                        }
                      },
                      "schema_version": 0,
                      "for_each_expression": {
                        "references": [
                          "local.flattened_egress_rules"
                        ]
                      }
                    },
                    {
                      "address": "aws_vpc_security_group_ingress_rule.ingress",
                      "mode": "managed",
                      "type": "aws_vpc_security_group_ingress_rule",
                      "name": "ingress",
                      "provider_config_key": "aws",
                      "expressions": {
                        "cidr_ipv4": {
                          "references": [
                            "each.value.cidr_type",
                            "each.value",
                            "each.value.rule.cidr_blocks",
                            "each.value.rule",
                            "each.value",
                            "each.value.rule.cidr_blocks[0]",
                            "each.value.rule.cidr_blocks",
                            "each.value.rule",
                            "each.value"
                          ]
                        },
                        "cidr_ipv6": {
                          "references": [
                            "each.value.cidr_type",
                            "each.value",
                            "each.value.rule.ipv6_cidr_blocks",
                            "each.value.rule",
                            "each.value",
                            "each.value.rule.ipv6_cidr_blocks[0]",
                            "each.value.rule.ipv6_cidr_blocks",
                            "each.value.rule",
                            "each.value"
                          ]
                        },
                        "description": {
                          "references": [
                            "each.value.rule.description",
                            "each.value.rule",
                            "each.value"
                          ]
                        },
                        "from_port": {
                          "references": [
                            "each.value.rule.from_port",
                            "each.value.rule",
                            "each.value"
                          ]
                        },
                        "ip_protocol": {
                          "references": [
                            "each.value.rule.protocol",
                            "each.value.rule",
                            "each.value"
                          ]
                        },
                        "referenced_security_group_id": {
                          "references": [
                            "each.value.cidr_type",
                            "each.value",
                            "each.value.rule.security_groups",
                            "each.value.rule",
                            "each.value",
                            "each.value.rule.security_groups[0]",
                            "each.value.rule.security_groups",
                            "each.value.rule",
                            "each.value"
                          ]
                        },
                        "security_group_id": {
                          "references": [
                            "aws_security_group.endpoint_sg",
                            "each.value.sg_key",
                            "each.value"
                          ]
                        },
                        "to_port": {
                          "references": [
                            "each.value.rule.to_port",
                            "each.value.rule",
                            "each.value"
                          ]
                        }
                      },
                      "schema_version": 0,
                      "for_each_expression": {
                        "references": [
                          "local.flattened_ingress_rules"
                        ]
                      }
                    },
                    {
                      "address": "data.aws_region.current",
                      "mode": "data",
                      "type": "aws_region",
                      "name": "current",
                      "provider_config_key": "aws",
                      "schema_version": 0
                    },
                    {
                      "address": "data.aws_vpc_endpoint_service.this",
                      "mode": "data",
                      "type": "aws_vpc_endpoint_service",
                      "name": "this",
                      "provider_config_key": "aws",
                      "expressions": {
                        "filter": [
                          {
                            "name": {
                              "constant_value": "service-type"
                            },
                            "values": {
                              "references": [
                                "var.vpc_endpoints",
                                "each.key"
                              ]
                            }
                          }
                        ],
                        "service": {
                          "references": [
                            "each.key"
                          ]
                        }
                      },
                      "schema_version": 0,
                      "for_each_expression": {
                        "references": [
                          "var.create_vpc_endpoints",
                          "var.vpc_endpoints"
                        ]
                      }
                    }
                  ],
                  "variables": {
                    "associate_with_private_route_tables": {
                      "default": true,
                      "description": "Whether to associate Gateway endpoints with private route tables"
                    },
                    "associate_with_public_route_tables": {
                      "default": false,
                      "description": "Whether to associate Gateway endpoints with public route tables"
                    },
                    "create_vpc_endpoints": {
                      "default": false,
                      "description": "Whether to create VPC endpoints. If set to false, no VPC endpoints will be created regardless of endpoints map."
                    },
                    "private_route_table_ids": {
                      "default": [],
                      "description": "List of private route table IDs to associate with Gateway endpoints"
                    },
                    "public_route_table_ids": {
                      "default": [],
                      "description": "List of public route table IDs to associate with gateway endpoints"
                    },
                    "route_table_ids": {
                      "default": [],
                      "description": "List of private route table IDs to associate with gateway endpoints"
                    },
                    "subnet_ids": {
                      "default": [],
                      "description": "List of subnet IDs where interface endpoints will be created"
                    },
                    "tags": {
                      "default": {},
                      "description": "Map of common tags to apply to all resources"
                    },
                    "vpc_endpoint_security_groups": {
                      "default": {},
                      "description": "Map of security groups to create for VPC endpoints. These security groups will be automatically applied to all Interface type VPC endpoints."
                    },
                    "vpc_endpoints": {
                      "default": {},
                      "description": "Map of VPC endpoint definitions to create"
                    },
                    "vpc_id": {
                      "description": "ID of the VPC where endpoints will be created"
                    }
                  }
                }
              }
            },
            "variables": {
              "assign_generated_ipv6_cidr_block": {
                "default": false,
                "description": "Requests an Amazon-provided IPv6 CIDR block with a /56 prefix length for the VPC. You cannot specify the range of IP addresses, or the size of the CIDR block"
              },
              "associate_with_private_route_tables": {
                "default": true,
                "description": "Whether to associate Gateway endpoints with private route tables"
              },
              "associate_with_public_route_tables": {
                "default": false,
                "description": "Whether to associate Gateway endpoints with public route tables"
              },
              "aws_nfw_domain_stateful_rule_group": {
                "default": [],
                "description": "Config for domain type stateful rule group"
              },
              "aws_nfw_fivetuple_stateful_rule_group": {
                "default": [],
                "description": "Config for 5-tuple type stateful rule group"
              },
              "aws_nfw_name": {
                "default": "",
                "description": "AWS NFW Name"
              },
              "aws_nfw_stateless_rule_group": {
                "default": [],
                "description": "AWS NFW sateless rule group"
              },
              "aws_nfw_suricata_stateful_rule_group": {
                "default": [],
                "description": "Config for Suricata type stateful rule group"
              },
              "azs": {
                "default": [],
                "description": "A list of availability zones in the region"
              },
              "cidr": {
                "description": "The CIDR block for the VPC."
              },
              "cloudwatch_log_group_kms_key_arn": {
                "default": "",
                "description": "Customer KMS Key ARN for Cloudwatch Log encryption"
              },
              "cloudwatch_log_group_retention_in_days": {
                "default": 365,
                "description": "Number of days to retain Cloudwatch logs"
              },
              "create_database_subnet_group": {
                "default": true,
                "description": "Controls if database subnet group should be created"
              },
              "create_database_subnet_route_table": {
                "default": false,
                "description": "Controls if separate route table for database should be created"
              },
              "create_elasticache_subnet_route_table": {
                "default": false,
                "description": "Controls if separate route table for elasticache should be created"
              },
              "create_redshift_subnet_route_table": {
                "default": false,
                "description": "Controls if separate route table for redshift should be created"
              },
              "create_vpc_endpoints": {
                "default": false,
                "description": "Whether to create VPC endpoints"
              },
              "database_custom_routes": {
                "default": [],
                "description": "Custom routes for Database Subnets"
              },
              "database_route_table_tags": {
                "default": {},
                "description": "Additional tags for the database route tables"
              },
              "database_subnet_group_name": {
                "default": null,
                "description": "Optional custom resource name for the database subnet group"
              },
              "database_subnet_group_tags": {
                "default": {},
                "description": "Additional tags for the database subnet group"
              },
              "database_subnet_tags": {
                "default": {},
                "description": "Additional tags for the database subnets"
              },
              "default_vpc_enable_dns_hostnames": {
                "default": false,
                "description": "Should be true to enable DNS hostnames in the Default VPC"
              },
              "default_vpc_enable_dns_support": {
                "default": true,
                "description": "Should be true to enable DNS support in the Default VPC"
              },
              "default_vpc_name": {
                "default": "",
                "description": "Name to be used on the Default VPC"
              },
              "default_vpc_tags": {
                "default": {},
                "description": "Additional tags for the Default VPC"
              },
              "delete_protection": {
                "default": true,
                "description": "Whether or not to enable deletion protection of NFW"
              },
              "deploy_aws_nfw": {
                "default": false,
                "description": "enable nfw true/false"
              },
              "dhcp_options_domain_name": {
                "default": "",
                "description": "Specifies DNS name for DHCP options set"
              },
              "dhcp_options_domain_name_servers": {
                "default": [
                  "AmazonProvidedDNS"
                ],
                "description": "Specify a list of DNS server addresses for DHCP options set, default to AWS provided"
              },
              "dhcp_options_netbios_name_servers": {
                "default": [],
                "description": "Specify a list of netbios servers for DHCP options set"
              },
              "dhcp_options_netbios_node_type": {
                "default": "",
                "description": "Specify netbios node_type for DHCP options set"
              },
              "dhcp_options_ntp_servers": {
                "default": [],
                "description": "Specify a list of NTP servers for DHCP options set"
              },
              "dhcp_options_tags": {
                "default": {},
                "description": "Additional tags for the DHCP option set"
              },
              "elasticache_custom_routes": {
                "default": [],
                "description": "Custom routes for Elasticache Subnets"
              },
              "elasticache_route_table_tags": {
                "default": {},
                "description": "Additional tags for the elasticache route tables"
              },
              "elasticache_subnet_group_name": {
                "default": null,
                "description": "Optional custom resource name for the Elasticache subnet group"
              },
              "elasticache_subnet_tags": {
                "default": {},
                "description": "Additional tags for the elasticache subnets"
              },
              "enable_dhcp_options": {
                "default": false,
                "description": "Should be true if you want to specify a DHCP options set with a custom domain name, DNS servers, NTP servers, netbios servers, and/or netbios server type"
              },
              "enable_dns_hostnames": {
                "default": false,
                "description": "Should be true to enable DNS hostnames in the VPC"
              },
              "enable_dns_support": {
                "default": true,
                "description": "Should be true to enable DNS support in the VPC"
              },
              "enable_nat_gateway": {
                "default": false,
                "description": "Should be true if you want to provision NAT Gateways for each of your private networks"
              },
              "enable_tls_inspection": {
                "default": false,
                "description": "enable nfw tls inspection true/false. deploy_aws_nfw must be true to enable this"
              },
              "enable_vpn_gateway": {
                "default": false,
                "description": "Should be true if you want to create a new VPN Gateway resource and attach it to the VPC"
              },
              "external_nat_ip_ids": {
                "default": [],
                "description": "List of EIP IDs to be assigned to the NAT Gateways (used in combination with reuse_nat_ips)"
              },
              "firewall_custom_routes": {
                "default": [],
                "description": "Custom routes for Firewall Subnets"
              },
              "firewall_route_table_tags": {
                "default": {},
                "description": "Additional tags for the firewall route tables"
              },
              "firewall_subnet_name_tag": {
                "default": {},
                "description": "Additional name tag for the firewall subnets"
              },
              "flow_log_destination_arn": {
                "default": null,
                "description": "The ARN of the Cloudwatch log destination for Flow Logs"
              },
              "flow_log_destination_type": {
                "description": "Type of flow log destination. Can be s3 or cloud-watch-logs"
              },
              "igw_tags": {
                "default": {},
                "description": "Additional tags for the internet gateway"
              },
              "instance_tenancy": {
                "default": "default",
                "description": "A tenancy option for instances launched into the VPC"
              },
              "intra_custom_routes": {
                "default": [],
                "description": "Custom routes for Intra Subnets"
              },
              "intra_route_table_tags": {
                "default": {},
                "description": "Additional tags for the intra route tables"
              },
              "intra_subnet_tags": {
                "default": {},
                "description": "Additional tags for the intra subnets"
              },
              "manage_default_vpc": {
                "default": false,
                "description": "Should be true to adopt and manage Default VPC"
              },
              "map_public_ip_on_launch": {
                "default": true,
                "description": "Should be false if you do not want to auto-assign public IP on launch"
              },
              "nat_eip_tags": {
                "default": {},
                "description": "Additional tags for the NAT EIP"
              },
              "nat_gateway_tags": {
                "default": {},
                "description": "Additional tags for the NAT gateways"
              },
              "nfw_kms_key_arn": {
                "default": null,
                "description": "ARN of the KMS key to use for NFW encryption"
              },
              "one_nat_gateway_per_az": {
                "default": false,
                "description": "Should be true if you want only one NAT Gateway per availability zone. Requires `var.azs` to be set, and the number of `public_subnets` created to be greater than or equal to the number of availability zones specified in `var.azs`."
              },
              "private_custom_routes": {
                "default": [],
                "description": "Custom routes for Private Subnets"
              },
              "private_eks_tags": {
                "default": {},
                "description": "A map of tags to add to all privage subnets resources to support EKS"
              },
              "private_route_table_tags": {
                "default": {},
                "description": "Additional tags for the private route tables"
              },
              "propagate_private_route_tables_vgw": {
                "default": false,
                "description": "Should be true if you want route table propagation"
              },
              "propagate_public_route_tables_vgw": {
                "default": false,
                "description": "Should be true if you want route table propagation"
              },
              "public_custom_routes": {
                "default": [],
                "description": "Custom routes for Public Subnets"
              },
              "public_eks_tags": {
                "default": {},
                "description": "A map of tags to add to all public subnets resources to support EKS"
              },
              "public_route_table_tags": {
                "default": {},
                "description": "Additional tags for the public route tables"
              },
              "redshift_custom_routes": {
                "default": [],
                "description": "Custom routes for Redshift Subnets"
              },
              "redshift_route_table_tags": {
                "default": {},
                "description": "Additional tags for the redshift route tables"
              },
              "redshift_subnet_group_name": {
                "default": null,
                "description": "Optional custom resource name for the Redshift subnet group"
              },
              "redshift_subnet_group_tags": {
                "default": {},
                "description": "Additional tags for the redshift subnet group"
              },
              "redshift_subnet_tags": {
                "default": {},
                "description": "Additional tags for the redshift subnets"
              },
              "resource_prefix": {
                "default": "",
                "description": "Prefix to be added to resource names as identifier"
              },
              "reuse_nat_ips": {
                "default": false,
                "description": "Should be true if you don't want EIPs to be created for your NAT Gateways and will instead pass them in via the 'external_nat_ip_ids' variable"
              },
              "s3_access_logs_bucket": {
                "default": "",
                "description": "bucket id for s3 access logs bucket"
              },
              "s3_kms_key_arn": {
                "default": "",
                "description": "Customer KMS Key id for Cloudwatch Log encryption"
              },
              "secondary_cidr_blocks": {
                "default": [],
                "description": "List of secondary CIDR blocks to associate with the VPC to extend the IP Address pool"
              },
              "single_nat_gateway": {
                "default": false,
                "description": "Should be true if you want to provision a single shared NAT Gateway across all of your private networks"
              },
              "subnet_az_mapping": {
                "default": {},
                "description": "Optional explicit mapping of subnets to AZs - defaults to distributing across AZs"
              },
              "subnets": {},
              "tags": {
                "default": {},
                "description": "A map of tags to add to all resources"
              },
              "tgw_custom_routes": {
                "default": [],
                "description": "Custom routes for TGW Subnets"
              },
              "tgw_route_table_tags": {
                "default": {},
                "description": "Additional tags for the tgw route tables"
              },
              "tls_cert_arn": {
                "default": "",
                "description": "TLS Certificate ARN"
              },
              "tls_description": {
                "default": "TLS Oubound Inspection",
                "description": "Description for the TLS Inspection"
              },
              "tls_destination_cidrs": {
                "default": [
                  "0.0.0.0/0"
                ],
                "description": "Destination CIDRs for TLS Inspection"
              },
              "tls_destination_from_port": {
                "default": 443,
                "description": "Destination Port for TLS Inspection"
              },
              "tls_destination_to_port": {
                "default": 443,
                "description": "Destination Port for TLS Inspection"
              },
              "tls_source_cidr": {
                "default": "0.0.0.0/0",
                "description": "Source CIDR for TLS Inspection"
              },
              "tls_source_from_port": {
                "default": 0,
                "description": "Source Port for TLS Inspection"
              },
              "tls_source_to_port": {
                "default": 65535,
                "description": "Source Port for TLS Inspection"
              },
              "vpc_endpoint_security_groups": {
                "default": {},
                "description": "Map of security groups to create for VPC endpoints"
              },
              "vpc_endpoints": {
                "default": {},
                "description": "Map of VPC endpoint definitions to create"
              },
              "vpc_name": {
                "description": "Name to assign to the AWS VPC"
              },
              "vpc_tags": {
                "default": {},
                "description": "Additional tags for the VPC"
              },
              "vpn_gateway_custom_name": {
                "default": null,
                "description": "Specifies a custom name to assign to the VPN; if not set, a name will be generated from var.resource_prefix"
              },
              "vpn_gateway_id": {
                "default": "",
                "description": "ID of VPN Gateway to attach to the VPC"
              },
              "vpn_gateway_tags": {
                "default": {},
                "description": "Additional tags for the VPN gateway"
              }
            }
          }
        }
      },
      "variables": {
        "admin_ip": {
          "description": "The public IP address allowed to SSH into the bastion host (CIDR notation)."
        },
        "app_instance_count": {
          "default": 2,
          "description": "The number of application server instances to deploy."
        },
        "instance_type": {
          "default": "t2.micro",
          "description": "The EC2 instance size for both bastion and application hosts."
        },
        "region": {
          "default": "us-east-1",
          "description": "The AWS region to deploy resources into."
        },
        "vpc_cidr": {
          "default": "10.1.0.0/16",
          "description": "The CIDR block for the VPC."
        },
        "vpc_name": {
          "default": "coalfire-web-vpc",
          "description": "The name of the VPC and prefix for associated resources."
        }
      }
    }
  },
  "relevant_attributes": [
    {
      "resource": "module.app_alb.aws_security_group.this[0]",
      "attribute": [
        "arn"
      ]
    },
    {
      "resource": "module.web_server_vpc.module.vpc_endpoints.aws_vpc_endpoint.this",
      "attribute": []
    },
    {
      "resource": "module.web_server_vpc.aws_elasticache_subnet_group.elasticache",
      "attribute": []
    },
    {
      "resource": "module.web_server_vpc.aws_subnet.firewall",
      "attribute": []
    },
    {
      "resource": "module.web_server_vpc.aws_default_vpc.this",
      "attribute": []
    },
    {
      "resource": "module.app_alb.aws_lb.this[0]",
      "attribute": [
        "dns_name"
      ]
    },
    {
      "resource": "module.web_server_vpc.aws_db_subnet_group.database",
      "attribute": []
    },
    {
      "resource": "module.web_server_vpc.aws_route_table.tgw",
      "attribute": []
    },
    {
      "resource": "aws_key_pair.deployer_key",
      "attribute": [
        "key_name"
      ]
    },
    {
      "resource": "module.management_ec2.aws_iam_instance_profile.this_profile[0]",
      "attribute": [
        "name"
      ]
    },
    {
      "resource": "module.management_ec2.module.security_group.aws_security_group.this",
      "attribute": [
        "id"
      ]
    },
    {
      "resource": "module.app_alb.aws_lb.this[0]",
      "attribute": [
        "id"
      ]
    },
    {
      "resource": "module.web_server_vpc.aws_route_table.firewall",
      "attribute": []
    },
    {
      "resource": "tls_private_key.generated_key",
      "attribute": [
        "public_key_openssh"
      ]
    },
    {
      "resource": "module.web_server_vpc.module.aws_network_firewall.aws_networkfirewall_firewall.this",
      "attribute": [
        "arn"
      ]
    },
    {
      "resource": "module.web_server_vpc.aws_cloudwatch_log_group.this[0]",
      "attribute": [
        "arn"
      ]
    },
    {
      "resource": "module.web_server_vpc.aws_iam_policy.flowlogs_policy[0]",
      "attribute": [
        "arn"
      ]
    },
    {
      "resource": "module.web_server_vpc.aws_route_table.private",
      "attribute": []
    },
    {
      "resource": "module.web_server_vpc.aws_vpn_gateway_attachment.this",
      "attribute": []
    },
    {
      "resource": "module.app_ec2.module.security_group.data.aws_network_interface.interfaces",
      "attribute": []
    },
    {
      "resource": "module.management_ec2.module.security_group.data.aws_network_interface.interfaces",
      "attribute": []
    },
    {
      "resource": "data.aws_availability_zones.available",
      "attribute": [
        "names",
        0
      ]
    },
    {
      "resource": "module.app_alb.aws_lb_listener.this",
      "attribute": []
    },
    {
      "resource": "module.web_server_vpc.aws_eip.nat",
      "attribute": []
    },
    {
      "resource": "module.web_server_vpc.aws_subnet.redshift",
      "attribute": []
    },
    {
      "resource": "module.management_ec2.aws_iam_role.this_role",
      "attribute": []
    },
    {
      "resource": "module.app_alb.aws_lb_listener_rule.this",
      "attribute": []
    },
    {
      "resource": "module.web_server_vpc.aws_route_table.intra",
      "attribute": []
    },
    {
      "resource": "module.web_server_vpc.aws_subnet.database",
      "attribute": []
    },
    {
      "resource": "module.web_server_vpc.aws_vpc.this",
      "attribute": []
    },
    {
      "resource": "module.web_server_vpc.module.aws_network_firewall.aws_networkfirewall_firewall.this",
      "attribute": [
        "id"
      ]
    },
    {
      "resource": "module.web_server_vpc.module.vpc_endpoints.data.aws_vpc_endpoint_service.this",
      "attribute": []
    },
    {
      "resource": "module.app_ec2.aws_iam_role.this_role",
      "attribute": []
    },
    {
      "resource": "module.web_server_vpc.data.aws_iam_policy_document.flow_log_cloudwatch_assume_role[0]",
      "attribute": [
        "json"
      ]
    },
    {
      "resource": "module.app_alb.aws_lb.this[0]",
      "attribute": [
        "arn_suffix"
      ]
    },
    {
      "resource": "module.web_server_vpc.aws_internet_gateway.this",
      "attribute": []
    },
    {
      "resource": "module.app_alb.aws_security_group.this[0]",
      "attribute": [
        "id"
      ]
    },
    {
      "resource": "module.web_server_vpc.aws_iam_role.flowlogs_role[0]",
      "attribute": [
        "arn"
      ]
    },
    {
      "resource": "module.web_server_vpc.aws_redshift_subnet_group.redshift",
      "attribute": []
    },
    {
      "resource": "module.web_server_vpc.aws_subnet.elasticache",
      "attribute": []
    },
    {
      "resource": "module.app_ec2.aws_iam_instance_profile.this_profile[0]",
      "attribute": [
        "name"
      ]
    },
    {
      "resource": "module.web_server_vpc.module.vpc_endpoints.data.aws_region.current",
      "attribute": [
        "name"
      ]
    },
    {
      "resource": "module.web_server_vpc.aws_nat_gateway.this",
      "attribute": []
    },
    {
      "resource": "module.web_server_vpc.aws_route_table.public[0]",
      "attribute": [
        "id"
      ]
    },
    {
      "resource": "module.web_server_vpc.aws_subnet.private",
      "attribute": []
    },
    {
      "resource": "data.aws_availability_zones.available",
      "attribute": [
        "names",
        1
      ]
    },
    {
      "resource": "module.app_ec2.aws_iam_instance_profile.this_profile",
      "attribute": []
    },
    {
      "resource": "module.web_server_vpc.aws_route_table.elasticache",
      "attribute": []
    },
    {
      "resource": "tls_private_key.generated_key",
      "attribute": [
        "private_key_pem"
      ]
    },
    {
      "resource": "module.management_ec2.aws_iam_role.this_role[0]",
      "attribute": [
        "name"
      ]
    },
    {
      "resource": "module.app_ec2.module.security_group.aws_security_group.this",
      "attribute": [
        "id"
      ]
    },
    {
      "resource": "module.web_server_vpc.aws_vpc.this",
      "attribute": [
        "id"
      ]
    },
    {
      "resource": "module.app_alb.aws_lb.this[0]",
      "attribute": [
        "arn"
      ]
    },
    {
      "resource": "module.web_server_vpc.aws_route_table.public",
      "attribute": []
    },
    {
      "resource": "module.app_ec2.aws_iam_role.this_role[0]",
      "attribute": [
        "name"
      ]
    },
    {
      "resource": "module.web_server_vpc.aws_internet_gateway.this[0]",
      "attribute": [
        "id"
      ]
    },
    {
      "resource": "module.web_server_vpc.aws_subnet.public",
      "attribute": []
    },
    {
      "resource": "module.app_alb.aws_lb_target_group.this",
      "attribute": []
    },
    {
      "resource": "module.management_ec2.aws_instance.this",
      "attribute": []
    },
    {
      "resource": "module.web_server_vpc.aws_vpn_gateway.this",
      "attribute": []
    },
    {
      "resource": "module.web_server_vpc.data.aws_iam_policy_document.vpc_flow_log_cloudwatch[0]",
      "attribute": [
        "json"
      ]
    },
    {
      "resource": "data.aws_ami.linux",
      "attribute": [
        "id"
      ]
    },
    {
      "resource": "module.web_server_vpc.module.aws_network_firewall.aws_networkfirewall_firewall.this",
      "attribute": [
        "firewall_status"
      ]
    },
    {
      "resource": "module.web_server_vpc.aws_route_table.redshift",
      "attribute": []
    },
    {
      "resource": "module.app_alb.aws_lb.this[0]",
      "attribute": [
        "zone_id"
      ]
    },
    {
      "resource": "module.app_ec2.aws_instance.this",
      "attribute": []
    },
    {
      "resource": "module.web_server_vpc.aws_vpc_ipv4_cidr_block_association.this",
      "attribute": []
    },
    {
      "resource": "module.web_server_vpc.aws_iam_role.flowlogs_role[0]",
      "attribute": [
        "name"
      ]
    },
    {
      "resource": "module.management_ec2.aws_iam_instance_profile.this_profile",
      "attribute": []
    },
    {
      "resource": "module.web_server_vpc.aws_subnet.tgw",
      "attribute": []
    },
    {
      "resource": "module.web_server_vpc.module.vpc_endpoints.aws_security_group.endpoint_sg",
      "attribute": []
    },
    {
      "resource": "module.app_alb.aws_route53_record.this",
      "attribute": []
    },
    {
      "resource": "module.web_server_vpc.aws_subnet.intra",
      "attribute": []
    }
  ],
  "checks": [
    {
      "address": {
        "kind": "var",
        "module": "module.app_ec2",
        "name": "http_tokens",
        "to_display": "module.app_ec2.var.http_tokens"
      },
      "status": "pass",
      "instances": [
        {
          "address": {
            "module": "module.app_ec2",
            "to_display": "module.app_ec2.var.http_tokens"
          },
          "status": "pass"
        }
      ]
    },
    {
      "address": {
        "kind": "var",
        "module": "module.management_ec2",
        "name": "http_tokens",
        "to_display": "module.management_ec2.var.http_tokens"
      },
      "status": "pass",
      "instances": [
        {
          "address": {
            "module": "module.management_ec2",
            "to_display": "module.management_ec2.var.http_tokens"
          },
          "status": "pass"
        }
      ]
    },
    {
      "address": {
        "kind": "var",
        "module": "module.web_server_vpc",
        "name": "flow_log_destination_type",
        "to_display": "module.web_server_vpc.var.flow_log_destination_type"
      },
      "status": "pass",
      "instances": [
        {
          "address": {
            "module": "module.web_server_vpc",
            "to_display": "module.web_server_vpc.var.flow_log_destination_type"
          },
          "status": "pass"
        }
      ]
    },
    {
      "address": {
        "kind": "var",
        "module": "module.web_server_vpc",
        "name": "subnets",
        "to_display": "module.web_server_vpc.var.subnets"
      },
      "status": "pass",
      "instances": [
        {
          "address": {
            "module": "module.web_server_vpc",
            "to_display": "module.web_server_vpc.var.subnets"
          },
          "status": "pass"
        }
      ]
    }
  ],
  "timestamp": "2026-02-09T08:23:28Z",
  "applyable": true,
  "complete": true,
  "errored": false
}
